<?xml version="1.0" encoding="UTF-8"?>
<!DOCTYPE plist PUBLIC "-//Apple//DTD PLIST 1.0//EN" "http://www.apple.com/DTDs/PropertyList-1.0.dtd">
<plist version="1.0">
<dict>
	<key>archiveVersion</key>
	<string>1</string>
	<key>classes</key>
	<dict/>
	<key>objectVersion</key>
	<string>46</string>
	<key>objects</key>
	<dict>
		<key>05FDDAF8950D492E88C57933</key>
		<dict>
			<key>fileRef</key>
			<string>3C42626AEDC945168C07B4E4</string>
			<key>isa</key>
			<string>PBXBuildFile</string>
		</dict>
		<key>1D08E81A19A7621A00879BD2</key>
		<dict>
			<key>children</key>
			<array>
				<string>1D08E82E19A7621A00879BD2</string>
				<string>1D08E84B19A7621A00879BD2</string>
				<string>1D08E82519A7621A00879BD2</string>
				<string>1D08E82419A7621A00879BD2</string>
				<string>B22FA63DDB7875A1A2B44059</string>
			</array>
			<key>isa</key>
			<string>PBXGroup</string>
			<key>sourceTree</key>
			<string>&lt;group&gt;</string>
		</dict>
		<key>1D08E81B19A7621A00879BD2</key>
		<dict>
			<key>attributes</key>
			<dict>
				<key>CLASSPREFIX</key>
				<string>BP</string>
				<key>LastUpgradeCheck</key>
				<string>0510</string>
				<key>ORGANIZATIONNAME</key>
				<string>PJMS</string>
				<key>TargetAttributes</key>
				<dict>
					<key>1D08E82219A7621A00879BD2</key>
					<dict>
						<key>DevelopmentTeam</key>
						<string>45FVXS29NF</string>
					</dict>
					<key>1D08E84219A7621A00879BD2</key>
					<dict>
						<key>TestTargetID</key>
						<string>1D08E82219A7621A00879BD2</string>
					</dict>
				</dict>
			</dict>
			<key>buildConfigurationList</key>
			<string>1D08E81E19A7621A00879BD2</string>
			<key>compatibilityVersion</key>
			<string>Xcode 3.2</string>
			<key>developmentRegion</key>
			<string>English</string>
			<key>hasScannedForEncodings</key>
			<string>0</string>
			<key>isa</key>
			<string>PBXProject</string>
			<key>knownRegions</key>
			<array>
				<string>en</string>
			</array>
			<key>mainGroup</key>
			<string>1D08E81A19A7621A00879BD2</string>
			<key>productRefGroup</key>
			<string>1D08E82419A7621A00879BD2</string>
			<key>projectDirPath</key>
			<string></string>
			<key>projectReferences</key>
			<array/>
			<key>projectRoot</key>
			<string></string>
			<key>targets</key>
			<array>
				<string>1D08E82219A7621A00879BD2</string>
				<string>1D08E84219A7621A00879BD2</string>
			</array>
		</dict>
		<key>1D08E81E19A7621A00879BD2</key>
		<dict>
			<key>buildConfigurations</key>
			<array>
				<string>1D08E85319A7621A00879BD2</string>
				<string>1D08E85419A7621A00879BD2</string>
			</array>
			<key>defaultConfigurationIsVisible</key>
			<string>0</string>
			<key>defaultConfigurationName</key>
			<string>Release</string>
			<key>isa</key>
			<string>XCConfigurationList</string>
		</dict>
		<key>1D08E81F19A7621A00879BD2</key>
		<dict>
			<key>buildActionMask</key>
			<string>2147483647</string>
			<key>files</key>
			<array>
				<string>1D08E83919A7621A00879BD2</string>
				<string>1D08E83519A7621A00879BD2</string>
				<string>1D08E83C19A7621A00879BD2</string>
				<string>37B642317C6BC629AFB0394F</string>
				<string>37B649B71B7F59A1741CD9B7</string>
				<string>37B64A5D21387F5E0613B2AA</string>
				<string>37B646BC2546890EB330F4FD</string>
				<string>37B647E20B1B2E3F5F0ECFA3</string>
				<string>37B64D4617BA6760E8B4101F</string>
				<string>37B64FF08BF5367BF9669B33</string>
				<string>37B64E4A4C23A423A7B102CB</string>
				<string>37B64F7816B23819A90C0456</string>
				<string>37B6498848E97978409489A6</string>
				<string>37B6416E16FEB2AD27BB3D9E</string>
				<string>37B649B3937D6158B554F509</string>
				<string>37B641D5FD17D93BC7B1901B</string>
				<string>37B64D1253B2AD6D48DEF2EB</string>
				<string>37B64BC8938BC7942D533D2F</string>
				<string>37B645F07C9913D25328C568</string>
				<string>37B649F5BF12054A0BAE2472</string>
				<string>37B641CAB118895848603A5D</string>
				<string>37B6466CC6A62A7DA8229188</string>
				<string>37B641E616DF6D3029539275</string>
				<string>37B644D57E5398A17DFA806D</string>
				<string>37B64A8975455DABBD369873</string>
				<string>37B6422D02FB02F8192C7286</string>
				<string>37B64798571C9987E7041639</string>
				<string>37B6401F7F03873B77793651</string>
				<string>37B6480CB8E9273EAC35EDA6</string>
				<string>37B64EF12E5868EADB5C5359</string>
			</array>
			<key>isa</key>
			<string>PBXSourcesBuildPhase</string>
			<key>runOnlyForDeploymentPostprocessing</key>
			<string>0</string>
		</dict>
		<key>1D08E82019A7621A00879BD2</key>
		<dict>
			<key>buildActionMask</key>
			<string>2147483647</string>
			<key>files</key>
			<array>
				<string>1D08E82919A7621A00879BD2</string>
				<string>1D08E82D19A7621A00879BD2</string>
				<string>1D08E82B19A7621A00879BD2</string>
				<string>1D648C141A71B483002B413D</string>
				<string>1D08E82719A7621A00879BD2</string>
				<string>05FDDAF8950D492E88C57933</string>
				<string>37B645454FC2ACC155CB1538</string>
				<string>1D648C131A71B483002B413D</string>
			</array>
			<key>isa</key>
			<string>PBXFrameworksBuildPhase</string>
			<key>runOnlyForDeploymentPostprocessing</key>
			<string>0</string>
		</dict>
		<key>1D08E82119A7621A00879BD2</key>
		<dict>
			<key>buildActionMask</key>
			<string>2147483647</string>
			<key>files</key>
			<array>
				<string>1D08E83319A7621A00879BD2</string>
				<string>1D08E83E19A7621A00879BD2</string>
				<string>37B64B7D226FBFA23FFCA1C1</string>
			</array>
			<key>isa</key>
			<string>PBXResourcesBuildPhase</string>
			<key>runOnlyForDeploymentPostprocessing</key>
			<string>0</string>
		</dict>
		<key>1D08E82219A7621A00879BD2</key>
		<dict>
			<key>buildConfigurationList</key>
			<string>1D08E85519A7621A00879BD2</string>
			<key>buildPhases</key>
			<array>
				<string>D3BB2E05F1F9418E81767B83</string>
				<string>1D08E81F19A7621A00879BD2</string>
				<string>1D08E82019A7621A00879BD2</string>
				<string>1D08E82119A7621A00879BD2</string>
				<string>C87678FFC5F74E0A894C9484</string>
				<string>1D648C101A71B46D002B413D</string>
			</array>
			<key>buildRules</key>
			<array/>
			<key>dependencies</key>
			<array/>
			<key>isa</key>
			<string>PBXNativeTarget</string>
			<key>name</key>
			<string>BuyPolish</string>
			<key>productName</key>
			<string>BuyPolish</string>
			<key>productReference</key>
			<string>1D08E82319A7621A00879BD2</string>
			<key>productType</key>
			<string>com.apple.product-type.application</string>
		</dict>
		<key>1D08E82319A7621A00879BD2</key>
		<dict>
			<key>explicitFileType</key>
			<string>wrapper.application</string>
			<key>includeInIndex</key>
			<string>0</string>
			<key>isa</key>
			<string>PBXFileReference</string>
			<key>path</key>
			<string>BuyPolish.app</string>
			<key>sourceTree</key>
			<string>BUILT_PRODUCTS_DIR</string>
		</dict>
		<key>1D08E82419A7621A00879BD2</key>
		<dict>
			<key>children</key>
			<array>
				<string>1D08E82319A7621A00879BD2</string>
				<string>1D08E84319A7621A00879BD2</string>
			</array>
			<key>isa</key>
			<string>PBXGroup</string>
			<key>name</key>
			<string>Products</string>
			<key>sourceTree</key>
			<string>&lt;group&gt;</string>
		</dict>
		<key>1D08E82519A7621A00879BD2</key>
		<dict>
			<key>children</key>
			<array>
				<string>1D648C111A71B483002B413D</string>
				<string>1D648C121A71B483002B413D</string>
				<string>1D08E82619A7621A00879BD2</string>
				<string>1D08E82819A7621A00879BD2</string>
				<string>1D08E82A19A7621A00879BD2</string>
				<string>1D08E82C19A7621A00879BD2</string>
				<string>1D08E84419A7621A00879BD2</string>
				<string>3C42626AEDC945168C07B4E4</string>
				<string>37B6472FF4603F63771FADE6</string>
			</array>
			<key>isa</key>
			<string>PBXGroup</string>
			<key>name</key>
			<string>Frameworks</string>
			<key>sourceTree</key>
			<string>&lt;group&gt;</string>
		</dict>
		<key>1D08E82619A7621A00879BD2</key>
		<dict>
			<key>isa</key>
			<string>PBXFileReference</string>
			<key>lastKnownFileType</key>
			<string>wrapper.framework</string>
			<key>name</key>
			<string>Foundation.framework</string>
			<key>path</key>
			<string>System/Library/Frameworks/Foundation.framework</string>
			<key>sourceTree</key>
			<string>SDKROOT</string>
		</dict>
		<key>1D08E82719A7621A00879BD2</key>
		<dict>
			<key>fileRef</key>
			<string>1D08E82619A7621A00879BD2</string>
			<key>isa</key>
			<string>PBXBuildFile</string>
		</dict>
		<key>1D08E82819A7621A00879BD2</key>
		<dict>
			<key>isa</key>
			<string>PBXFileReference</string>
			<key>lastKnownFileType</key>
			<string>wrapper.framework</string>
			<key>name</key>
			<string>CoreGraphics.framework</string>
			<key>path</key>
			<string>System/Library/Frameworks/CoreGraphics.framework</string>
			<key>sourceTree</key>
			<string>SDKROOT</string>
		</dict>
		<key>1D08E82919A7621A00879BD2</key>
		<dict>
			<key>fileRef</key>
			<string>1D08E82819A7621A00879BD2</string>
			<key>isa</key>
			<string>PBXBuildFile</string>
		</dict>
		<key>1D08E82A19A7621A00879BD2</key>
		<dict>
			<key>isa</key>
			<string>PBXFileReference</string>
			<key>lastKnownFileType</key>
			<string>wrapper.framework</string>
			<key>name</key>
			<string>UIKit.framework</string>
			<key>path</key>
			<string>System/Library/Frameworks/UIKit.framework</string>
			<key>sourceTree</key>
			<string>SDKROOT</string>
		</dict>
		<key>1D08E82B19A7621A00879BD2</key>
		<dict>
			<key>fileRef</key>
			<string>1D08E82A19A7621A00879BD2</string>
			<key>isa</key>
			<string>PBXBuildFile</string>
		</dict>
		<key>1D08E82C19A7621A00879BD2</key>
		<dict>
			<key>isa</key>
			<string>PBXFileReference</string>
			<key>lastKnownFileType</key>
			<string>wrapper.framework</string>
			<key>name</key>
			<string>CoreData.framework</string>
			<key>path</key>
			<string>System/Library/Frameworks/CoreData.framework</string>
			<key>sourceTree</key>
			<string>SDKROOT</string>
		</dict>
		<key>1D08E82D19A7621A00879BD2</key>
		<dict>
			<key>fileRef</key>
			<string>1D08E82C19A7621A00879BD2</string>
			<key>isa</key>
			<string>PBXBuildFile</string>
		</dict>
		<key>1D08E82E19A7621A00879BD2</key>
		<dict>
			<key>children</key>
			<array>
				<string>1D08E83719A7621A00879BD2</string>
				<string>1D08E83819A7621A00879BD2</string>
				<string>1D08E83D19A7621A00879BD2</string>
				<string>1D08E83A19A7621A00879BD2</string>
				<string>1D08E82F19A7621A00879BD2</string>
				<string>37B64DD9591909AF06832339</string>
				<string>37B64AE3A38FEC08E6CDE873</string>
				<string>37B6461671AB44842A0700D7</string>
				<string>37B64C9D505D36B4936A79BA</string>
			</array>
			<key>isa</key>
			<string>PBXGroup</string>
			<key>path</key>
			<string>BuyPolish</string>
			<key>sourceTree</key>
			<string>&lt;group&gt;</string>
		</dict>
		<key>1D08E82F19A7621A00879BD2</key>
		<dict>
			<key>children</key>
			<array>
				<string>1D08E83019A7621A00879BD2</string>
				<string>1D08E83119A7621A00879BD2</string>
				<string>1D08E83419A7621A00879BD2</string>
				<string>1D08E83619A7621A00879BD2</string>
				<string>37B645C93F848A6F598F96E2</string>
			</array>
			<key>isa</key>
			<string>PBXGroup</string>
			<key>name</key>
			<string>Supporting Files</string>
			<key>sourceTree</key>
			<string>&lt;group&gt;</string>
		</dict>
		<key>1D08E83019A7621A00879BD2</key>
		<dict>
			<key>isa</key>
			<string>PBXFileReference</string>
			<key>lastKnownFileType</key>
			<string>text.plist.xml</string>
			<key>path</key>
			<string>BuyPolish-Info.plist</string>
			<key>sourceTree</key>
			<string>&lt;group&gt;</string>
		</dict>
		<key>1D08E83119A7621A00879BD2</key>
		<dict>
			<key>children</key>
			<array>
				<string>1D08E83219A7621A00879BD2</string>
			</array>
			<key>isa</key>
			<string>PBXVariantGroup</string>
			<key>name</key>
			<string>InfoPlist.strings</string>
			<key>sourceTree</key>
			<string>&lt;group&gt;</string>
		</dict>
		<key>1D08E83219A7621A00879BD2</key>
		<dict>
			<key>isa</key>
			<string>PBXFileReference</string>
			<key>lastKnownFileType</key>
			<string>text.plist.strings</string>
			<key>name</key>
			<string>en</string>
			<key>path</key>
			<string>en.lproj/InfoPlist.strings</string>
			<key>sourceTree</key>
			<string>&lt;group&gt;</string>
		</dict>
		<key>1D08E83319A7621A00879BD2</key>
		<dict>
			<key>fileRef</key>
			<string>1D08E83119A7621A00879BD2</string>
			<key>isa</key>
			<string>PBXBuildFile</string>
		</dict>
		<key>1D08E83419A7621A00879BD2</key>
		<dict>
			<key>isa</key>
			<string>PBXFileReference</string>
			<key>lastKnownFileType</key>
			<string>sourcecode.c.objc</string>
			<key>path</key>
			<string>main.m</string>
			<key>sourceTree</key>
			<string>&lt;group&gt;</string>
		</dict>
		<key>1D08E83519A7621A00879BD2</key>
		<dict>
			<key>fileRef</key>
			<string>1D08E83419A7621A00879BD2</string>
			<key>isa</key>
			<string>PBXBuildFile</string>
		</dict>
		<key>1D08E83619A7621A00879BD2</key>
		<dict>
			<key>isa</key>
			<string>PBXFileReference</string>
			<key>lastKnownFileType</key>
			<string>sourcecode.c.h</string>
			<key>path</key>
			<string>BuyPolish-Prefix.pch</string>
			<key>sourceTree</key>
			<string>&lt;group&gt;</string>
		</dict>
		<key>1D08E83719A7621A00879BD2</key>
		<dict>
			<key>isa</key>
			<string>PBXFileReference</string>
			<key>lastKnownFileType</key>
			<string>sourcecode.c.h</string>
			<key>path</key>
			<string>BPAppDelegate.h</string>
			<key>sourceTree</key>
			<string>&lt;group&gt;</string>
		</dict>
		<key>1D08E83819A7621A00879BD2</key>
		<dict>
			<key>isa</key>
			<string>PBXFileReference</string>
			<key>lastKnownFileType</key>
			<string>sourcecode.c.objc</string>
			<key>path</key>
			<string>BPAppDelegate.m</string>
			<key>sourceTree</key>
			<string>&lt;group&gt;</string>
		</dict>
		<key>1D08E83919A7621A00879BD2</key>
		<dict>
			<key>fileRef</key>
			<string>1D08E83819A7621A00879BD2</string>
			<key>isa</key>
			<string>PBXBuildFile</string>
		</dict>
		<key>1D08E83A19A7621A00879BD2</key>
		<dict>
			<key>children</key>
			<array>
				<string>1D08E83B19A7621A00879BD2</string>
			</array>
			<key>currentVersion</key>
			<string>1D08E83B19A7621A00879BD2</string>
			<key>isa</key>
			<string>XCVersionGroup</string>
			<key>path</key>
			<string>BuyPolish.xcdatamodeld</string>
			<key>sourceTree</key>
			<string>&lt;group&gt;</string>
			<key>versionGroupType</key>
			<string>wrapper.xcdatamodel</string>
		</dict>
		<key>1D08E83B19A7621A00879BD2</key>
		<dict>
			<key>isa</key>
			<string>PBXFileReference</string>
			<key>lastKnownFileType</key>
			<string>wrapper.xcdatamodel</string>
			<key>path</key>
			<string>BuyPolish.xcdatamodel</string>
			<key>sourceTree</key>
			<string>&lt;group&gt;</string>
		</dict>
		<key>1D08E83C19A7621A00879BD2</key>
		<dict>
			<key>fileRef</key>
			<string>1D08E83A19A7621A00879BD2</string>
			<key>isa</key>
			<string>PBXBuildFile</string>
		</dict>
		<key>1D08E83D19A7621A00879BD2</key>
		<dict>
			<key>isa</key>
			<string>PBXFileReference</string>
			<key>lastKnownFileType</key>
			<string>folder.assetcatalog</string>
			<key>path</key>
			<string>Images.xcassets</string>
			<key>sourceTree</key>
			<string>&lt;group&gt;</string>
		</dict>
		<key>1D08E83E19A7621A00879BD2</key>
		<dict>
			<key>fileRef</key>
			<string>1D08E83D19A7621A00879BD2</string>
			<key>isa</key>
			<string>PBXBuildFile</string>
		</dict>
		<key>1D08E83F19A7621A00879BD2</key>
		<dict>
			<key>buildActionMask</key>
			<string>2147483647</string>
			<key>files</key>
			<array>
				<string>1D08E85219A7621A00879BD2</string>
			</array>
			<key>isa</key>
			<string>PBXSourcesBuildPhase</string>
			<key>runOnlyForDeploymentPostprocessing</key>
			<string>0</string>
		</dict>
		<key>1D08E84019A7621A00879BD2</key>
		<dict>
			<key>buildActionMask</key>
			<string>2147483647</string>
			<key>files</key>
			<array>
				<string>1D08E84519A7621A00879BD2</string>
				<string>1D08E84819A7621A00879BD2</string>
				<string>1D08E84719A7621A00879BD2</string>
				<string>1D08E84619A7621A00879BD2</string>
			</array>
			<key>isa</key>
			<string>PBXFrameworksBuildPhase</string>
			<key>runOnlyForDeploymentPostprocessing</key>
			<string>0</string>
		</dict>
		<key>1D08E84119A7621A00879BD2</key>
		<dict>
			<key>buildActionMask</key>
			<string>2147483647</string>
			<key>files</key>
			<array>
				<string>1D08E85019A7621A00879BD2</string>
			</array>
			<key>isa</key>
			<string>PBXResourcesBuildPhase</string>
			<key>runOnlyForDeploymentPostprocessing</key>
			<string>0</string>
		</dict>
		<key>1D08E84219A7621A00879BD2</key>
		<dict>
			<key>buildConfigurationList</key>
			<string>1D08E85819A7621A00879BD2</string>
			<key>buildPhases</key>
			<array>
				<string>1D08E83F19A7621A00879BD2</string>
				<string>1D08E84019A7621A00879BD2</string>
				<string>1D08E84119A7621A00879BD2</string>
			</array>
			<key>buildRules</key>
			<array/>
			<key>dependencies</key>
			<array>
				<string>1D08E84A19A7621A00879BD2</string>
			</array>
			<key>isa</key>
			<string>PBXNativeTarget</string>
			<key>name</key>
			<string>BuyPolishTests</string>
			<key>productName</key>
			<string>BuyPolishTests</string>
			<key>productReference</key>
			<string>1D08E84319A7621A00879BD2</string>
			<key>productType</key>
			<string>com.apple.product-type.bundle.unit-test</string>
		</dict>
		<key>1D08E84319A7621A00879BD2</key>
		<dict>
			<key>explicitFileType</key>
			<string>wrapper.cfbundle</string>
			<key>includeInIndex</key>
			<string>0</string>
			<key>isa</key>
			<string>PBXFileReference</string>
			<key>path</key>
			<string>BuyPolishTests.xctest</string>
			<key>sourceTree</key>
			<string>BUILT_PRODUCTS_DIR</string>
		</dict>
		<key>1D08E84419A7621A00879BD2</key>
		<dict>
			<key>isa</key>
			<string>PBXFileReference</string>
			<key>lastKnownFileType</key>
			<string>wrapper.framework</string>
			<key>name</key>
			<string>XCTest.framework</string>
			<key>path</key>
			<string>Library/Frameworks/XCTest.framework</string>
			<key>sourceTree</key>
			<string>DEVELOPER_DIR</string>
		</dict>
		<key>1D08E84519A7621A00879BD2</key>
		<dict>
			<key>fileRef</key>
			<string>1D08E84419A7621A00879BD2</string>
			<key>isa</key>
			<string>PBXBuildFile</string>
		</dict>
		<key>1D08E84619A7621A00879BD2</key>
		<dict>
			<key>fileRef</key>
			<string>1D08E82619A7621A00879BD2</string>
			<key>isa</key>
			<string>PBXBuildFile</string>
		</dict>
		<key>1D08E84719A7621A00879BD2</key>
		<dict>
			<key>fileRef</key>
			<string>1D08E82A19A7621A00879BD2</string>
			<key>isa</key>
			<string>PBXBuildFile</string>
		</dict>
		<key>1D08E84819A7621A00879BD2</key>
		<dict>
			<key>fileRef</key>
			<string>1D08E82C19A7621A00879BD2</string>
			<key>isa</key>
			<string>PBXBuildFile</string>
		</dict>
		<key>1D08E84919A7621A00879BD2</key>
		<dict>
			<key>containerPortal</key>
			<string>1D08E81B19A7621A00879BD2</string>
			<key>isa</key>
			<string>PBXContainerItemProxy</string>
			<key>proxyType</key>
			<string>1</string>
			<key>remoteGlobalIDString</key>
			<string>1D08E82219A7621A00879BD2</string>
			<key>remoteInfo</key>
			<string>BuyPolish</string>
		</dict>
		<key>1D08E84A19A7621A00879BD2</key>
		<dict>
			<key>isa</key>
			<string>PBXTargetDependency</string>
			<key>target</key>
			<string>1D08E82219A7621A00879BD2</string>
			<key>targetProxy</key>
			<string>1D08E84919A7621A00879BD2</string>
		</dict>
		<key>1D08E84B19A7621A00879BD2</key>
		<dict>
			<key>children</key>
			<array>
				<string>1D08E85119A7621A00879BD2</string>
				<string>1D08E84C19A7621A00879BD2</string>
			</array>
			<key>isa</key>
			<string>PBXGroup</string>
			<key>path</key>
			<string>BuyPolishTests</string>
			<key>sourceTree</key>
			<string>&lt;group&gt;</string>
		</dict>
		<key>1D08E84C19A7621A00879BD2</key>
		<dict>
			<key>children</key>
			<array>
				<string>1D08E84D19A7621A00879BD2</string>
				<string>1D08E84E19A7621A00879BD2</string>
			</array>
			<key>isa</key>
			<string>PBXGroup</string>
			<key>name</key>
			<string>Supporting Files</string>
			<key>sourceTree</key>
			<string>&lt;group&gt;</string>
		</dict>
		<key>1D08E84D19A7621A00879BD2</key>
		<dict>
			<key>isa</key>
			<string>PBXFileReference</string>
			<key>lastKnownFileType</key>
			<string>text.plist.xml</string>
			<key>path</key>
			<string>BuyPolishTests-Info.plist</string>
			<key>sourceTree</key>
			<string>&lt;group&gt;</string>
		</dict>
		<key>1D08E84E19A7621A00879BD2</key>
		<dict>
			<key>children</key>
			<array>
				<string>1D08E84F19A7621A00879BD2</string>
			</array>
			<key>isa</key>
			<string>PBXVariantGroup</string>
			<key>name</key>
			<string>InfoPlist.strings</string>
			<key>sourceTree</key>
			<string>&lt;group&gt;</string>
		</dict>
		<key>1D08E84F19A7621A00879BD2</key>
		<dict>
			<key>isa</key>
			<string>PBXFileReference</string>
			<key>lastKnownFileType</key>
			<string>text.plist.strings</string>
			<key>name</key>
			<string>en</string>
			<key>path</key>
			<string>en.lproj/InfoPlist.strings</string>
			<key>sourceTree</key>
			<string>&lt;group&gt;</string>
		</dict>
		<key>1D08E85019A7621A00879BD2</key>
		<dict>
			<key>fileRef</key>
			<string>1D08E84E19A7621A00879BD2</string>
			<key>isa</key>
			<string>PBXBuildFile</string>
		</dict>
		<key>1D08E85119A7621A00879BD2</key>
		<dict>
			<key>isa</key>
			<string>PBXFileReference</string>
			<key>lastKnownFileType</key>
			<string>sourcecode.c.objc</string>
			<key>path</key>
			<string>BuyPolishTests.m</string>
			<key>sourceTree</key>
			<string>&lt;group&gt;</string>
		</dict>
		<key>1D08E85219A7621A00879BD2</key>
		<dict>
			<key>fileRef</key>
			<string>1D08E85119A7621A00879BD2</string>
			<key>isa</key>
			<string>PBXBuildFile</string>
		</dict>
		<key>1D08E85319A7621A00879BD2</key>
		<dict>
			<key>buildSettings</key>
			<dict>
				<key>ALWAYS_SEARCH_USER_PATHS</key>
				<string>NO</string>
				<key>CLANG_CXX_LANGUAGE_STANDARD</key>
				<string>gnu++0x</string>
				<key>CLANG_CXX_LIBRARY</key>
				<string>libc++</string>
				<key>CLANG_ENABLE_MODULES</key>
				<string>YES</string>
				<key>CLANG_ENABLE_OBJC_ARC</key>
				<string>YES</string>
				<key>CLANG_WARN_BOOL_CONVERSION</key>
				<string>YES</string>
				<key>CLANG_WARN_CONSTANT_CONVERSION</key>
				<string>YES</string>
				<key>CLANG_WARN_DIRECT_OBJC_ISA_USAGE</key>
				<string>YES_ERROR</string>
				<key>CLANG_WARN_EMPTY_BODY</key>
				<string>YES</string>
				<key>CLANG_WARN_ENUM_CONVERSION</key>
				<string>YES</string>
				<key>CLANG_WARN_INT_CONVERSION</key>
				<string>YES</string>
				<key>CLANG_WARN_OBJC_ROOT_CLASS</key>
				<string>YES_ERROR</string>
				<key>CLANG_WARN__DUPLICATE_METHOD_MATCH</key>
				<string>YES</string>
				<key>CODE_SIGN_IDENTITY[sdk=iphoneos*]</key>
				<string>iPhone Developer</string>
				<key>COPY_PHASE_STRIP</key>
				<string>NO</string>
				<key>GCC_C_LANGUAGE_STANDARD</key>
				<string>gnu99</string>
				<key>GCC_DYNAMIC_NO_PIC</key>
				<string>NO</string>
				<key>GCC_OPTIMIZATION_LEVEL</key>
				<string>0</string>
				<key>GCC_PREPROCESSOR_DEFINITIONS</key>
				<array>
					<string>DEBUG=1</string>
					<string>$(inherited)</string>
				</array>
				<key>GCC_SYMBOLS_PRIVATE_EXTERN</key>
				<string>NO</string>
				<key>GCC_WARN_64_TO_32_BIT_CONVERSION</key>
				<string>YES</string>
				<key>GCC_WARN_ABOUT_RETURN_TYPE</key>
				<string>YES_ERROR</string>
				<key>GCC_WARN_UNDECLARED_SELECTOR</key>
				<string>YES</string>
				<key>GCC_WARN_UNINITIALIZED_AUTOS</key>
				<string>YES_AGGRESSIVE</string>
				<key>GCC_WARN_UNUSED_FUNCTION</key>
				<string>YES</string>
				<key>GCC_WARN_UNUSED_VARIABLE</key>
				<string>YES</string>
				<key>IPHONEOS_DEPLOYMENT_TARGET</key>
				<string>7.1</string>
				<key>ONLY_ACTIVE_ARCH</key>
				<string>YES</string>
				<key>SDKROOT</key>
				<string>iphoneos</string>
				<key>TARGETED_DEVICE_FAMILY</key>
				<string>1,2</string>
			</dict>
			<key>isa</key>
			<string>XCBuildConfiguration</string>
			<key>name</key>
			<string>Debug</string>
		</dict>
		<key>1D08E85419A7621A00879BD2</key>
		<dict>
			<key>buildSettings</key>
			<dict>
				<key>ALWAYS_SEARCH_USER_PATHS</key>
				<string>NO</string>
				<key>CLANG_CXX_LANGUAGE_STANDARD</key>
				<string>gnu++0x</string>
				<key>CLANG_CXX_LIBRARY</key>
				<string>libc++</string>
				<key>CLANG_ENABLE_MODULES</key>
				<string>YES</string>
				<key>CLANG_ENABLE_OBJC_ARC</key>
				<string>YES</string>
				<key>CLANG_WARN_BOOL_CONVERSION</key>
				<string>YES</string>
				<key>CLANG_WARN_CONSTANT_CONVERSION</key>
				<string>YES</string>
				<key>CLANG_WARN_DIRECT_OBJC_ISA_USAGE</key>
				<string>YES_ERROR</string>
				<key>CLANG_WARN_EMPTY_BODY</key>
				<string>YES</string>
				<key>CLANG_WARN_ENUM_CONVERSION</key>
				<string>YES</string>
				<key>CLANG_WARN_INT_CONVERSION</key>
				<string>YES</string>
				<key>CLANG_WARN_OBJC_ROOT_CLASS</key>
				<string>YES_ERROR</string>
				<key>CLANG_WARN__DUPLICATE_METHOD_MATCH</key>
				<string>YES</string>
				<key>CODE_SIGN_IDENTITY[sdk=iphoneos*]</key>
				<string>iPhone Developer</string>
				<key>COPY_PHASE_STRIP</key>
				<string>YES</string>
				<key>ENABLE_NS_ASSERTIONS</key>
				<string>NO</string>
				<key>GCC_C_LANGUAGE_STANDARD</key>
				<string>gnu99</string>
				<key>GCC_WARN_64_TO_32_BIT_CONVERSION</key>
				<string>YES</string>
				<key>GCC_WARN_ABOUT_RETURN_TYPE</key>
				<string>YES_ERROR</string>
				<key>GCC_WARN_UNDECLARED_SELECTOR</key>
				<string>YES</string>
				<key>GCC_WARN_UNINITIALIZED_AUTOS</key>
				<string>YES_AGGRESSIVE</string>
				<key>GCC_WARN_UNUSED_FUNCTION</key>
				<string>YES</string>
				<key>GCC_WARN_UNUSED_VARIABLE</key>
				<string>YES</string>
				<key>IPHONEOS_DEPLOYMENT_TARGET</key>
				<string>7.1</string>
				<key>SDKROOT</key>
				<string>iphoneos</string>
				<key>TARGETED_DEVICE_FAMILY</key>
				<string>1,2</string>
				<key>VALIDATE_PRODUCT</key>
				<string>YES</string>
			</dict>
			<key>isa</key>
			<string>XCBuildConfiguration</string>
			<key>name</key>
			<string>Release</string>
		</dict>
		<key>1D08E85519A7621A00879BD2</key>
		<dict>
			<key>buildConfigurations</key>
			<array>
				<string>1D08E85619A7621A00879BD2</string>
				<string>1D08E85719A7621A00879BD2</string>
			</array>
			<key>defaultConfigurationIsVisible</key>
			<string>0</string>
			<key>defaultConfigurationName</key>
			<string>Release</string>
			<key>isa</key>
			<string>XCConfigurationList</string>
		</dict>
		<key>1D08E85619A7621A00879BD2</key>
		<dict>
			<key>baseConfigurationReference</key>
			<string>87BA14D36EEA46DC5B3550D2</string>
			<key>buildSettings</key>
			<dict>
				<key>ASSETCATALOG_COMPILER_APPICON_NAME</key>
				<string>AppIcon</string>
				<key>ASSETCATALOG_COMPILER_LAUNCHIMAGE_NAME</key>
				<string>LaunchImage</string>
				<key>CODE_SIGN_IDENTITY</key>
				<string>iPhone Developer</string>
				<key>FRAMEWORK_SEARCH_PATHS</key>
				<array>
					<string>$(inherited)</string>
					<string>$(PROJECT_DIR)</string>
				</array>
				<key>GCC_PRECOMPILE_PREFIX_HEADER</key>
				<string>YES</string>
				<key>GCC_PREFIX_HEADER</key>
				<string>BuyPolish/BuyPolish-Prefix.pch</string>
				<key>GCC_TREAT_IMPLICIT_FUNCTION_DECLARATIONS_AS_ERRORS</key>
				<string>YES</string>
				<key>GCC_TREAT_INCOMPATIBLE_POINTER_TYPE_WARNINGS_AS_ERRORS</key>
				<string>YES</string>
				<key>GCC_TREAT_WARNINGS_AS_ERRORS</key>
				<string>YES</string>
				<key>INFOPLIST_FILE</key>
				<string>BuyPolish/BuyPolish-Info.plist</string>
				<key>PRODUCT_NAME</key>
				<string>$(TARGET_NAME)</string>
				<key>USER_HEADER_SEARCH_PATHS</key>
				<string>"${PROJECT_DIR}/Pods"/**</string>
				<key>WRAPPER_EXTENSION</key>
				<string>app</string>
			</dict>
			<key>isa</key>
			<string>XCBuildConfiguration</string>
			<key>name</key>
			<string>Debug</string>
		</dict>
		<key>1D08E85719A7621A00879BD2</key>
		<dict>
			<key>baseConfigurationReference</key>
			<string>8D938A4BDD8A00AD091B70C7</string>
			<key>buildSettings</key>
			<dict>
				<key>ASSETCATALOG_COMPILER_APPICON_NAME</key>
				<string>AppIcon</string>
				<key>ASSETCATALOG_COMPILER_LAUNCHIMAGE_NAME</key>
				<string>LaunchImage</string>
				<key>CODE_SIGN_IDENTITY</key>
				<string>iPhone Developer</string>
				<key>FRAMEWORK_SEARCH_PATHS</key>
				<array>
					<string>$(inherited)</string>
					<string>$(PROJECT_DIR)</string>
				</array>
				<key>GCC_PRECOMPILE_PREFIX_HEADER</key>
				<string>YES</string>
				<key>GCC_PREFIX_HEADER</key>
				<string>BuyPolish/BuyPolish-Prefix.pch</string>
				<key>GCC_TREAT_IMPLICIT_FUNCTION_DECLARATIONS_AS_ERRORS</key>
				<string>YES</string>
				<key>GCC_TREAT_INCOMPATIBLE_POINTER_TYPE_WARNINGS_AS_ERRORS</key>
				<string>YES</string>
				<key>GCC_TREAT_WARNINGS_AS_ERRORS</key>
				<string>YES</string>
				<key>INFOPLIST_FILE</key>
				<string>BuyPolish/BuyPolish-Info.plist</string>
				<key>PRODUCT_NAME</key>
				<string>$(TARGET_NAME)</string>
				<key>USER_HEADER_SEARCH_PATHS</key>
				<string>"${PROJECT_DIR}/Pods"/**</string>
				<key>WRAPPER_EXTENSION</key>
				<string>app</string>
			</dict>
			<key>isa</key>
			<string>XCBuildConfiguration</string>
			<key>name</key>
			<string>Release</string>
		</dict>
		<key>1D08E85819A7621A00879BD2</key>
		<dict>
			<key>buildConfigurations</key>
			<array>
				<string>1D08E85919A7621A00879BD2</string>
				<string>1D08E85A19A7621A00879BD2</string>
			</array>
			<key>defaultConfigurationIsVisible</key>
			<string>0</string>
			<key>defaultConfigurationName</key>
			<string>Release</string>
			<key>isa</key>
			<string>XCConfigurationList</string>
		</dict>
		<key>1D08E85919A7621A00879BD2</key>
		<dict>
			<key>buildSettings</key>
			<dict>
				<key>BUNDLE_LOADER</key>
				<string>$(BUILT_PRODUCTS_DIR)/BuyPolish.app/BuyPolish</string>
				<key>FRAMEWORK_SEARCH_PATHS</key>
				<array>
					<string>$(SDKROOT)/Developer/Library/Frameworks</string>
					<string>$(inherited)</string>
					<string>$(DEVELOPER_FRAMEWORKS_DIR)</string>
				</array>
				<key>GCC_PRECOMPILE_PREFIX_HEADER</key>
				<string>YES</string>
				<key>GCC_PREFIX_HEADER</key>
				<string>BuyPolish/BuyPolish-Prefix.pch</string>
				<key>GCC_PREPROCESSOR_DEFINITIONS</key>
				<array>
					<string>DEBUG=1</string>
					<string>$(inherited)</string>
				</array>
				<key>INFOPLIST_FILE</key>
				<string>BuyPolishTests/BuyPolishTests-Info.plist</string>
				<key>PRODUCT_NAME</key>
				<string>$(TARGET_NAME)</string>
				<key>TEST_HOST</key>
				<string>$(BUNDLE_LOADER)</string>
				<key>WRAPPER_EXTENSION</key>
				<string>xctest</string>
			</dict>
			<key>isa</key>
			<string>XCBuildConfiguration</string>
			<key>name</key>
			<string>Debug</string>
		</dict>
		<key>1D08E85A19A7621A00879BD2</key>
		<dict>
			<key>buildSettings</key>
			<dict>
				<key>BUNDLE_LOADER</key>
				<string>$(BUILT_PRODUCTS_DIR)/BuyPolish.app/BuyPolish</string>
				<key>FRAMEWORK_SEARCH_PATHS</key>
				<array>
					<string>$(SDKROOT)/Developer/Library/Frameworks</string>
					<string>$(inherited)</string>
					<string>$(DEVELOPER_FRAMEWORKS_DIR)</string>
				</array>
				<key>GCC_PRECOMPILE_PREFIX_HEADER</key>
				<string>YES</string>
				<key>GCC_PREFIX_HEADER</key>
				<string>BuyPolish/BuyPolish-Prefix.pch</string>
				<key>INFOPLIST_FILE</key>
				<string>BuyPolishTests/BuyPolishTests-Info.plist</string>
				<key>PRODUCT_NAME</key>
				<string>$(TARGET_NAME)</string>
				<key>TEST_HOST</key>
				<string>$(BUNDLE_LOADER)</string>
				<key>WRAPPER_EXTENSION</key>
				<string>xctest</string>
			</dict>
			<key>isa</key>
			<string>XCBuildConfiguration</string>
			<key>name</key>
			<string>Release</string>
		</dict>
		<key>1D648C101A71B46D002B413D</key>
		<dict>
			<key>buildActionMask</key>
			<string>2147483647</string>
			<key>files</key>
			<array/>
			<key>inputPaths</key>
			<array/>
			<key>isa</key>
			<string>PBXShellScriptBuildPhase</string>
			<key>outputPaths</key>
			<array/>
			<key>runOnlyForDeploymentPostprocessing</key>
			<string>0</string>
			<key>shellPath</key>
			<string>/bin/sh</string>
			<key>shellScript</key>
			<string>./Fabric.framework/run ccb68e959044cbd12b0295078e08f2f9dbb45e9b 5d87001d18edf63c4195b66bc9f74d9d75bb41273cbb805f55de94431d0023b7</string>
		</dict>
		<key>1D648C111A71B483002B413D</key>
		<dict>
			<key>isa</key>
			<string>PBXFileReference</string>
			<key>lastKnownFileType</key>
			<string>wrapper.framework</string>
			<key>path</key>
			<string>Crashlytics.framework</string>
			<key>sourceTree</key>
			<string>&lt;group&gt;</string>
		</dict>
		<key>1D648C121A71B483002B413D</key>
		<dict>
			<key>isa</key>
			<string>PBXFileReference</string>
			<key>lastKnownFileType</key>
			<string>wrapper.framework</string>
			<key>path</key>
			<string>Fabric.framework</string>
			<key>sourceTree</key>
			<string>&lt;group&gt;</string>
		</dict>
		<key>1D648C131A71B483002B413D</key>
		<dict>
			<key>fileRef</key>
			<string>1D648C111A71B483002B413D</string>
			<key>isa</key>
			<string>PBXBuildFile</string>
		</dict>
		<key>1D648C141A71B483002B413D</key>
		<dict>
			<key>fileRef</key>
			<string>1D648C121A71B483002B413D</string>
			<key>isa</key>
			<string>PBXBuildFile</string>
		</dict>
		<key>37B6401F7F03873B77793651</key>
		<dict>
			<key>fileRef</key>
			<string>37B645CFC4DD54CD1B5AB3FC</string>
			<key>isa</key>
			<string>PBXBuildFile</string>
		</dict>
		<key>37B64059D45CBC595213920F</key>
		<dict>
			<key>fileEncoding</key>
			<string>4</string>
			<key>isa</key>
			<string>PBXFileReference</string>
			<key>lastKnownFileType</key>
			<string>sourcecode.c.objc</string>
			<key>path</key>
			<string>NSDictionary+BPJSON.m</string>
			<key>sourceTree</key>
			<string>&lt;group&gt;</string>
		</dict>
		<key>37B64096880AC9C86B2DF4B1</key>
		<dict>
			<key>fileEncoding</key>
			<string>4</string>
			<key>isa</key>
			<string>PBXFileReference</string>
			<key>lastKnownFileType</key>
			<string>sourcecode.c.h</string>
			<key>path</key>
			<string>BPProduct+Utilities.h</string>
			<key>sourceTree</key>
			<string>&lt;group&gt;</string>
		</dict>
		<key>37B6409BC5602C24443D14E4</key>
		<dict>
			<key>fileEncoding</key>
			<string>4</string>
			<key>isa</key>
			<string>PBXFileReference</string>
			<key>lastKnownFileType</key>
			<string>sourcecode.c.h</string>
			<key>path</key>
			<string>NSDictionary+BPJSON.h</string>
			<key>sourceTree</key>
			<string>&lt;group&gt;</string>
		</dict>
		<key>37B640B1117CB6C80C7D6C04</key>
		<dict>
			<key>fileEncoding</key>
			<string>4</string>
			<key>isa</key>
			<string>PBXFileReference</string>
			<key>lastKnownFileType</key>
			<string>sourcecode.c.h</string>
			<key>path</key>
			<string>BPAPIAccessor+Product.h</string>
			<key>sourceTree</key>
			<string>&lt;group&gt;</string>
		</dict>
		<key>37B640F75A0AFD8BE0258183</key>
		<dict>
			<key>fileEncoding</key>
			<string>4</string>
			<key>isa</key>
			<string>PBXFileReference</string>
			<key>lastKnownFileType</key>
			<string>sourcecode.c.h</string>
			<key>path</key>
			<string>BPTask.h</string>
			<key>sourceTree</key>
			<string>&lt;group&gt;</string>
		</dict>
		<key>37B64100135F7EACD7C8E7E3</key>
		<dict>
			<key>fileEncoding</key>
			<string>4</string>
			<key>isa</key>
			<string>PBXFileReference</string>
			<key>lastKnownFileType</key>
			<string>sourcecode.c.h</string>
			<key>path</key>
			<string>BPTaskRunner.h</string>
			<key>sourceTree</key>
			<string>&lt;group&gt;</string>
		</dict>
		<key>37B64109D5EC518C82C8EA7C</key>
		<dict>
			<key>fileEncoding</key>
			<string>4</string>
			<key>isa</key>
			<string>PBXFileReference</string>
			<key>lastKnownFileType</key>
			<string>sourcecode.c.objc</string>
			<key>path</key>
			<string>BPActivityIndicatorView.m</string>
			<key>sourceTree</key>
			<string>&lt;group&gt;</string>
		</dict>
		<key>37B6413196A60EBDD28FA13F</key>
		<dict>
			<key>fileEncoding</key>
			<string>4</string>
			<key>isa</key>
			<string>PBXFileReference</string>
			<key>lastKnownFileType</key>
			<string>sourcecode.c.h</string>
			<key>path</key>
			<string>BPProductInfoViewController.h</string>
			<key>sourceTree</key>
			<string>&lt;group&gt;</string>
		</dict>
		<key>37B6413AB46D8FAC81D1E72B</key>
		<dict>
			<key>fileEncoding</key>
			<string>4</string>
			<key>isa</key>
			<string>PBXFileReference</string>
			<key>lastKnownFileType</key>
			<string>sourcecode.c.objc</string>
			<key>path</key>
			<string>BPProduct.m</string>
			<key>sourceTree</key>
			<string>&lt;group&gt;</string>
		</dict>
		<key>37B6415103572F8588CC8D68</key>
		<dict>
			<key>fileEncoding</key>
			<string>4</string>
			<key>isa</key>
			<string>PBXFileReference</string>
			<key>lastKnownFileType</key>
			<string>text.plist.strings</string>
			<key>name</key>
			<string>en</string>
			<key>path</key>
			<string>en.lproj/Localizable.strings</string>
			<key>sourceTree</key>
			<string>&lt;group&gt;</string>
		</dict>
		<key>37B6416E16FEB2AD27BB3D9E</key>
		<dict>
			<key>fileRef</key>
			<string>37B6468E5905EC7102613DAB</string>
			<key>isa</key>
			<string>PBXBuildFile</string>
		</dict>
		<key>37B641CAB118895848603A5D</key>
		<dict>
			<key>fileRef</key>
			<string>37B64837FDD97179AAF4579D</string>
			<key>isa</key>
			<string>PBXBuildFile</string>
		</dict>
		<key>37B641D5FD17D93BC7B1901B</key>
		<dict>
			<key>fileRef</key>
			<string>37B64960EF3268FB825DD2FE</string>
			<key>isa</key>
			<string>PBXBuildFile</string>
		</dict>
		<key>37B641E616DF6D3029539275</key>
		<dict>
			<key>fileRef</key>
			<string>37B64CD13446A6BEBA4B6A9A</string>
			<key>isa</key>
			<string>PBXBuildFile</string>
		</dict>
		<key>37B6422D02FB02F8192C7286</key>
		<dict>
			<key>fileRef</key>
			<string>37B6480F6E86E7867048D1DC</string>
			<key>isa</key>
			<string>PBXBuildFile</string>
		</dict>
		<key>37B642317C6BC629AFB0394F</key>
		<dict>
			<key>fileRef</key>
			<string>37B642B56DC862C60A6F3CE2</string>
			<key>isa</key>
			<string>PBXBuildFile</string>
		</dict>
		<key>37B642B1EB936576BE21C81B</key>
		<dict>
			<key>children</key>
			<array>
				<string>37B6447BFF3F65026E98D810</string>
				<string>37B64100135F7EACD7C8E7E3</string>
				<string>37B64A4E6D2911A1145CB104</string>
				<string>37B640F75A0AFD8BE0258183</string>
			</array>
			<key>isa</key>
			<string>PBXGroup</string>
			<key>path</key>
			<string>Task</string>
			<key>sourceTree</key>
			<string>&lt;group&gt;</string>
		</dict>
		<key>37B642B56DC862C60A6F3CE2</key>
		<dict>
			<key>fileEncoding</key>
			<string>4</string>
			<key>isa</key>
			<string>PBXFileReference</string>
			<key>lastKnownFileType</key>
			<string>sourcecode.c.objc</string>
			<key>path</key>
			<string>BPProductManager.m</string>
			<key>sourceTree</key>
			<string>&lt;group&gt;</string>
		</dict>
		<key>37B642C8016B2BC66A308398</key>
		<dict>
			<key>fileEncoding</key>
			<string>4</string>
			<key>isa</key>
			<string>PBXFileReference</string>
			<key>lastKnownFileType</key>
			<string>sourcecode.c.h</string>
			<key>path</key>
			<string>BPLogger.h</string>
			<key>sourceTree</key>
			<string>&lt;group&gt;</string>
		</dict>
		<key>37B642E167318B93DB25452C</key>
		<dict>
			<key>fileEncoding</key>
			<string>4</string>
			<key>isa</key>
			<string>PBXFileReference</string>
			<key>lastKnownFileType</key>
			<string>sourcecode.c.h</string>
			<key>path</key>
			<string>NSLayoutConstraint+BPAdditions.h</string>
			<key>sourceTree</key>
			<string>&lt;group&gt;</string>
		</dict>
		<key>37B643CE26D1B8399F9EBE5B</key>
		<dict>
			<key>fileEncoding</key>
			<string>4</string>
			<key>isa</key>
			<string>PBXFileReference</string>
			<key>lastKnownFileType</key>
			<string>sourcecode.c.h</string>
			<key>path</key>
			<string>BPObjectionModule.h</string>
			<key>sourceTree</key>
			<string>&lt;group&gt;</string>
		</dict>
		<key>37B643FD7011C01F1397F84E</key>
		<dict>
			<key>fileEncoding</key>
			<string>4</string>
			<key>isa</key>
			<string>PBXFileReference</string>
			<key>lastKnownFileType</key>
			<string>sourcecode.c.h</string>
			<key>path</key>
			<string>BPCompany.h</string>
			<key>sourceTree</key>
			<string>&lt;group&gt;</string>
		</dict>
		<key>37B64422A4E5D0EA770984FC</key>
		<dict>
			<key>children</key>
			<array>
				<string>37B645CFC4DD54CD1B5AB3FC</string>
				<string>37B64864A3100D52C13E2AF7</string>
			</array>
			<key>isa</key>
			<string>PBXGroup</string>
			<key>path</key>
			<string>cells</string>
			<key>sourceTree</key>
			<string>&lt;group&gt;</string>
		</dict>
		<key>37B644631C60E8DE444885DD</key>
		<dict>
			<key>fileEncoding</key>
			<string>4</string>
			<key>isa</key>
			<string>PBXFileReference</string>
			<key>lastKnownFileType</key>
			<string>sourcecode.c.objc</string>
			<key>path</key>
			<string>NSString+BPUtilities.m</string>
			<key>sourceTree</key>
			<string>&lt;group&gt;</string>
		</dict>
		<key>37B6447BFF3F65026E98D810</key>
		<dict>
			<key>fileEncoding</key>
			<string>4</string>
			<key>isa</key>
			<string>PBXFileReference</string>
			<key>lastKnownFileType</key>
			<string>sourcecode.c.objc</string>
			<key>path</key>
			<string>BPTaskRunner.m</string>
			<key>sourceTree</key>
			<string>&lt;group&gt;</string>
		</dict>
		<key>37B644A0DD2794AA6A426581</key>
		<dict>
			<key>fileEncoding</key>
			<string>4</string>
			<key>isa</key>
			<string>PBXFileReference</string>
			<key>lastKnownFileType</key>
			<string>sourcecode.c.objc</string>
			<key>path</key>
			<string>BPDeviceManager.m</string>
			<key>sourceTree</key>
			<string>&lt;group&gt;</string>
		</dict>
		<key>37B644C120825EFA9AF52B8A</key>
		<dict>
			<key>children</key>
			<array>
				<string>37B6473D93970F5113F3AAB3</string>
				<string>37B64096880AC9C86B2DF4B1</string>
				<string>37B647FEED6EEF7F9C209A45</string>
				<string>37B64E98890D7A9D303A77E5</string>
			</array>
			<key>isa</key>
			<string>PBXGroup</string>
			<key>path</key>
			<string>EntityCategories</string>
			<key>sourceTree</key>
			<string>&lt;group&gt;</string>
		</dict>
		<key>37B644D57E5398A17DFA806D</key>
		<dict>
			<key>fileRef</key>
			<string>37B64F1EE6D97F7987CF00CF</string>
			<key>isa</key>
			<string>PBXBuildFile</string>
		</dict>
		<key>37B644EB9663F8806E287450</key>
		<dict>
			<key>fileEncoding</key>
			<string>4</string>
			<key>isa</key>
			<string>PBXFileReference</string>
			<key>lastKnownFileType</key>
			<string>sourcecode.c.h</string>
			<key>path</key>
			<string>BPAPIAccessor.h</string>
			<key>sourceTree</key>
			<string>&lt;group&gt;</string>
		</dict>
		<key>37B64540723CF4EABBB3AC70</key>
		<dict>
			<key>children</key>
			<array>
				<string>37B64FBD633D042DEE22B04C</string>
				<string>37B64F14E9AC8C4F1853EB09</string>
				<string>37B64F458C8BF4C8D672DAE5</string>
				<string>37B64B83C73E20C2B8EE7780</string>
			</array>
			<key>isa</key>
			<string>PBXGroup</string>
			<key>path</key>
			<string>ProductSearch</string>
			<key>sourceTree</key>
			<string>&lt;group&gt;</string>
		</dict>
		<key>37B645454FC2ACC155CB1538</key>
		<dict>
			<key>fileRef</key>
			<string>37B6472FF4603F63771FADE6</string>
			<key>isa</key>
			<string>PBXBuildFile</string>
		</dict>
		<key>37B64563551A7A720902A511</key>
		<dict>
			<key>fileEncoding</key>
			<string>4</string>
			<key>isa</key>
			<string>PBXFileReference</string>
			<key>lastKnownFileType</key>
			<string>sourcecode.c.h</string>
			<key>path</key>
			<string>BPActivityIndicatorView.h</string>
			<key>sourceTree</key>
			<string>&lt;group&gt;</string>
		</dict>
		<key>37B645654D3B84690AEA4C0D</key>
		<dict>
			<key>fileEncoding</key>
			<string>4</string>
			<key>isa</key>
			<string>PBXFileReference</string>
			<key>lastKnownFileType</key>
			<string>sourcecode.c.h</string>
			<key>path</key>
			<string>BPUtilities.h</string>
			<key>sourceTree</key>
			<string>&lt;group&gt;</string>
		</dict>
		<key>37B645C93F848A6F598F96E2</key>
		<dict>
			<key>children</key>
			<array>
				<string>37B6415103572F8588CC8D68</string>
			</array>
			<key>isa</key>
			<string>PBXVariantGroup</string>
			<key>name</key>
			<string>Localizable.strings</string>
			<key>sourceTree</key>
			<string>&lt;group&gt;</string>
		</dict>
		<key>37B645CFC4DD54CD1B5AB3FC</key>
		<dict>
			<key>fileEncoding</key>
			<string>4</string>
			<key>isa</key>
			<string>PBXFileReference</string>
			<key>lastKnownFileType</key>
			<string>sourcecode.c.objc</string>
			<key>path</key>
			<string>BPDefaultTableViewCell.m</string>
			<key>sourceTree</key>
			<string>&lt;group&gt;</string>
		</dict>
		<key>37B645F07C9913D25328C568</key>
		<dict>
			<key>fileRef</key>
			<string>37B64A1CFA3A5EA1F51ED5DE</string>
			<key>isa</key>
			<string>PBXBuildFile</string>
		</dict>
		<key>37B6461671AB44842A0700D7</key>
		<dict>
			<key>children</key>
			<array>
				<string>37B64B74E1FAED6141BA2B25</string>
				<string>37B645654D3B84690AEA4C0D</string>
				<string>37B6464528820E718DBABAA5</string>
				<string>37B642C8016B2BC66A308398</string>
				<string>37B646DCA0870AD66E5EB92B</string>
				<string>37B64FBED4310D336C9CC275</string>
			</array>
			<key>isa</key>
			<string>PBXGroup</string>
			<key>path</key>
			<string>Utilities</string>
			<key>sourceTree</key>
			<string>&lt;group&gt;</string>
		</dict>
		<key>37B6464528820E718DBABAA5</key>
		<dict>
			<key>fileEncoding</key>
			<string>4</string>
			<key>isa</key>
			<string>PBXFileReference</string>
			<key>lastKnownFileType</key>
			<string>sourcecode.c.objc</string>
			<key>path</key>
			<string>BPLogger.m</string>
			<key>sourceTree</key>
			<string>&lt;group&gt;</string>
		</dict>
		<key>37B6466CC6A62A7DA8229188</key>
		<dict>
			<key>fileRef</key>
			<string>37B64109D5EC518C82C8EA7C</string>
			<key>isa</key>
			<string>PBXBuildFile</string>
		</dict>
		<key>37B6468E5905EC7102613DAB</key>
		<dict>
			<key>fileEncoding</key>
			<string>4</string>
			<key>isa</key>
			<string>PBXFileReference</string>
			<key>lastKnownFileType</key>
			<string>sourcecode.c.objc</string>
			<key>path</key>
			<string>BPAPIResponse.m</string>
			<key>sourceTree</key>
			<string>&lt;group&gt;</string>
		</dict>
		<key>37B646BC2546890EB330F4FD</key>
		<dict>
			<key>fileRef</key>
			<string>37B64A4E6D2911A1145CB104</string>
			<key>isa</key>
			<string>PBXBuildFile</string>
		</dict>
		<key>37B646DCA0870AD66E5EB92B</key>
		<dict>
			<key>children</key>
			<array>
				<string>37B64059D45CBC595213920F</string>
				<string>37B6409BC5602C24443D14E4</string>
				<string>37B64CD13446A6BEBA4B6A9A</string>
				<string>37B642E167318B93DB25452C</string>
				<string>37B64F1EE6D97F7987CF00CF</string>
				<string>37B64E26EDB5C48277AE74AE</string>
				<string>37B644631C60E8DE444885DD</string>
				<string>37B64F8C2171D2BB76F878FB</string>
			</array>
			<key>isa</key>
			<string>PBXGroup</string>
			<key>path</key>
			<string>Categories</string>
			<key>sourceTree</key>
			<string>&lt;group&gt;</string>
		</dict>
		<key>37B64728A5FC383EB464DA9F</key>
		<dict>
			<key>fileEncoding</key>
			<string>4</string>
			<key>isa</key>
			<string>PBXFileReference</string>
			<key>lastKnownFileType</key>
			<string>sourcecode.c.objc</string>
			<key>path</key>
			<string>BPScanCodeViewController.m</string>
			<key>sourceTree</key>
			<string>&lt;group&gt;</string>
		</dict>
		<key>37B6472FF4603F63771FADE6</key>
		<dict>
			<key>isa</key>
			<string>PBXFileReference</string>
			<key>lastKnownFileType</key>
			<string>wrapper.framework</string>
			<key>name</key>
			<string>AVFoundation.framework</string>
			<key>path</key>
			<string>System/Library/Frameworks/AVFoundation.framework</string>
			<key>sourceTree</key>
			<string>SDKROOT</string>
		</dict>
		<key>37B6473D93970F5113F3AAB3</key>
		<dict>
			<key>fileEncoding</key>
			<string>4</string>
			<key>isa</key>
			<string>PBXFileReference</string>
			<key>lastKnownFileType</key>
			<string>sourcecode.c.objc</string>
			<key>path</key>
			<string>BPProduct+Utilities.m</string>
			<key>sourceTree</key>
			<string>&lt;group&gt;</string>
		</dict>
		<key>37B647422EF95F37E48D11B2</key>
		<dict>
			<key>children</key>
			<array>
				<string>37B64DFDBDE3A5CEE19D6FDB</string>
				<string>37B643CE26D1B8399F9EBE5B</string>
			</array>
			<key>isa</key>
			<string>PBXGroup</string>
			<key>path</key>
			<string>Objection</string>
			<key>sourceTree</key>
			<string>&lt;group&gt;</string>
		</dict>
		<key>37B64798571C9987E7041639</key>
		<dict>
			<key>fileRef</key>
			<string>37B647FEED6EEF7F9C209A45</string>
			<key>isa</key>
			<string>PBXBuildFile</string>
		</dict>
		<key>37B647A73FC5289BC18A3B86</key>
		<dict>
			<key>fileEncoding</key>
			<string>4</string>
			<key>isa</key>
			<string>PBXFileReference</string>
			<key>lastKnownFileType</key>
			<string>sourcecode.c.h</string>
			<key>path</key>
			<string>BPAPIResponse.h</string>
			<key>sourceTree</key>
			<string>&lt;group&gt;</string>
		</dict>
		<key>37B647E20B1B2E3F5F0ECFA3</key>
		<dict>
			<key>fileRef</key>
			<string>37B648A1A89B376DE62E2133</string>
			<key>isa</key>
			<string>PBXBuildFile</string>
		</dict>
		<key>37B647FEED6EEF7F9C209A45</key>
		<dict>
			<key>fileEncoding</key>
			<string>4</string>
			<key>isa</key>
			<string>PBXFileReference</string>
			<key>lastKnownFileType</key>
			<string>sourcecode.c.objc</string>
			<key>path</key>
			<string>BPCompany+Utilities.m</string>
			<key>sourceTree</key>
			<string>&lt;group&gt;</string>
		</dict>
		<key>37B6480CB8E9273EAC35EDA6</key>
		<dict>
			<key>fileRef</key>
			<string>37B644631C60E8DE444885DD</string>
			<key>isa</key>
			<string>PBXBuildFile</string>
		</dict>
		<key>37B6480F6E86E7867048D1DC</key>
		<dict>
			<key>fileEncoding</key>
			<string>4</string>
			<key>isa</key>
			<string>PBXFileReference</string>
			<key>lastKnownFileType</key>
			<string>sourcecode.c.objc</string>
			<key>path</key>
			<string>BPCompany.m</string>
			<key>sourceTree</key>
			<string>&lt;group&gt;</string>
		</dict>
		<key>37B64837FDD97179AAF4579D</key>
		<dict>
			<key>fileEncoding</key>
			<string>4</string>
			<key>isa</key>
			<string>PBXFileReference</string>
			<key>lastKnownFileType</key>
			<string>sourcecode.c.objc</string>
			<key>path</key>
			<string>BPProductInfoView.m</string>
			<key>sourceTree</key>
			<string>&lt;group&gt;</string>
		</dict>
		<key>37B64864A3100D52C13E2AF7</key>
		<dict>
			<key>fileEncoding</key>
			<string>4</string>
			<key>isa</key>
			<string>PBXFileReference</string>
			<key>lastKnownFileType</key>
			<string>sourcecode.c.h</string>
			<key>path</key>
			<string>BPDefaultTableViewCell.h</string>
			<key>sourceTree</key>
			<string>&lt;group&gt;</string>
		</dict>
		<key>37B648A1A89B376DE62E2133</key>
		<dict>
			<key>fileEncoding</key>
			<string>4</string>
			<key>isa</key>
			<string>PBXFileReference</string>
			<key>lastKnownFileType</key>
			<string>sourcecode.c.objc</string>
			<key>path</key>
			<string>BPAPIAccessor.m</string>
			<key>sourceTree</key>
			<string>&lt;group&gt;</string>
		</dict>
		<key>37B64960EF3268FB825DD2FE</key>
		<dict>
			<key>fileEncoding</key>
			<string>4</string>
			<key>isa</key>
			<string>PBXFileReference</string>
			<key>lastKnownFileType</key>
			<string>sourcecode.c.objc</string>
			<key>path</key>
			<string>BPRootViewController.m</string>
			<key>sourceTree</key>
			<string>&lt;group&gt;</string>
		</dict>
		<key>37B64977613F0A577613F7E4</key>
		<dict>
			<key>children</key>
			<array>
				<string>37B642B56DC862C60A6F3CE2</string>
				<string>37B64F51708E3958AF727B6F</string>
			</array>
			<key>isa</key>
			<string>PBXGroup</string>
			<key>path</key>
			<string>ProductManager</string>
			<key>sourceTree</key>
			<string>&lt;group&gt;</string>
		</dict>
		<key>37B6498848E97978409489A6</key>
		<dict>
			<key>fileRef</key>
			<string>37B64059D45CBC595213920F</string>
			<key>isa</key>
			<string>PBXBuildFile</string>
		</dict>
		<key>37B649B3937D6158B554F509</key>
		<dict>
			<key>fileRef</key>
			<string>37B64DFDBDE3A5CEE19D6FDB</string>
			<key>isa</key>
			<string>PBXBuildFile</string>
		</dict>
		<key>37B649B71B7F59A1741CD9B7</key>
		<dict>
			<key>fileRef</key>
			<string>37B6413AB46D8FAC81D1E72B</string>
			<key>isa</key>
			<string>PBXBuildFile</string>
		</dict>
		<key>37B649C1631E9ADBA6B66CC7</key>
		<dict>
			<key>fileEncoding</key>
			<string>4</string>
			<key>isa</key>
			<string>PBXFileReference</string>
			<key>lastKnownFileType</key>
			<string>sourcecode.c.h</string>
			<key>path</key>
			<string>BPRootViewController.h</string>
			<key>sourceTree</key>
			<string>&lt;group&gt;</string>
		</dict>
		<key>37B649F01069BA6A92B49C15</key>
		<dict>
			<key>fileEncoding</key>
			<string>4</string>
			<key>isa</key>
			<string>PBXFileReference</string>
			<key>lastKnownFileType</key>
			<string>sourcecode.c.h</string>
			<key>path</key>
			<string>BPProduct.h</string>
			<key>sourceTree</key>
			<string>&lt;group&gt;</string>
		</dict>
		<key>37B649F5BF12054A0BAE2472</key>
		<dict>
			<key>fileRef</key>
			<string>37B64E1CECBE8D031CBF94DF</string>
			<key>isa</key>
			<string>PBXBuildFile</string>
		</dict>
		<key>37B64A1CFA3A5EA1F51ED5DE</key>
		<dict>
			<key>fileEncoding</key>
			<string>4</string>
			<key>isa</key>
			<string>PBXFileReference</string>
			<key>lastKnownFileType</key>
			<string>sourcecode.c.objc</string>
			<key>path</key>
			<string>BPScanCodeView.m</string>
			<key>sourceTree</key>
			<string>&lt;group&gt;</string>
		</dict>
		<key>37B64A29716085485AEAB5C1</key>
		<dict>
			<key>children</key>
			<array>
				<string>37B648A1A89B376DE62E2133</string>
				<string>37B644EB9663F8806E287450</string>
				<string>37B64A5E17F2E5888839150C</string>
				<string>37B640B1117CB6C80C7D6C04</string>
				<string>37B6468E5905EC7102613DAB</string>
				<string>37B647A73FC5289BC18A3B86</string>
			</array>
			<key>isa</key>
			<string>PBXGroup</string>
			<key>path</key>
			<string>APIAccessor</string>
			<key>sourceTree</key>
			<string>&lt;group&gt;</string>
		</dict>
		<key>37B64A4E6D2911A1145CB104</key>
		<dict>
			<key>fileEncoding</key>
			<string>4</string>
			<key>isa</key>
			<string>PBXFileReference</string>
			<key>lastKnownFileType</key>
			<string>sourcecode.c.objc</string>
			<key>path</key>
			<string>BPTask.m</string>
			<key>sourceTree</key>
			<string>&lt;group&gt;</string>
		</dict>
		<key>37B64A5D21387F5E0613B2AA</key>
		<dict>
			<key>fileRef</key>
			<string>37B6447BFF3F65026E98D810</string>
			<key>isa</key>
			<string>PBXBuildFile</string>
		</dict>
		<key>37B64A5E17F2E5888839150C</key>
		<dict>
			<key>fileEncoding</key>
			<string>4</string>
			<key>isa</key>
			<string>PBXFileReference</string>
			<key>lastKnownFileType</key>
			<string>sourcecode.c.objc</string>
			<key>path</key>
			<string>BPAPIAccessor+Product.m</string>
			<key>sourceTree</key>
			<string>&lt;group&gt;</string>
		</dict>
		<key>37B64A8330392A9AED7C2FC0</key>
		<dict>
			<key>fileEncoding</key>
			<string>4</string>
			<key>isa</key>
			<string>PBXFileReference</string>
			<key>lastKnownFileType</key>
			<string>sourcecode.c.h</string>
			<key>path</key>
			<string>BPProductInfoView.h</string>
			<key>sourceTree</key>
			<string>&lt;group&gt;</string>
		</dict>
		<key>37B64A848ED64E6728A533D8</key>
		<dict>
			<key>fileEncoding</key>
			<string>4</string>
			<key>isa</key>
			<string>PBXFileReference</string>
			<key>lastKnownFileType</key>
			<string>sourcecode.c.h</string>
			<key>path</key>
			<string>BPDeviceManager.h</string>
			<key>sourceTree</key>
			<string>&lt;group&gt;</string>
		</dict>
		<key>37B64A8975455DABBD369873</key>
		<dict>
			<key>fileRef</key>
			<string>37B64EBE9EBD628046621C4A</string>
			<key>isa</key>
			<string>PBXBuildFile</string>
		</dict>
		<key>37B64AE3A38FEC08E6CDE873</key>
		<dict>
			<key>children</key>
			<array>
				<string>37B6413AB46D8FAC81D1E72B</string>
				<string>37B649F01069BA6A92B49C15</string>
				<string>37B642B1EB936576BE21C81B</string>
				<string>37B644C120825EFA9AF52B8A</string>
				<string>37B6480F6E86E7867048D1DC</string>
				<string>37B643FD7011C01F1397F84E</string>
			</array>
			<key>isa</key>
			<string>PBXGroup</string>
			<key>path</key>
			<string>Model</string>
			<key>sourceTree</key>
			<string>&lt;group&gt;</string>
		</dict>
		<key>37B64B74E1FAED6141BA2B25</key>
		<dict>
			<key>fileEncoding</key>
			<string>4</string>
			<key>isa</key>
			<string>PBXFileReference</string>
			<key>lastKnownFileType</key>
			<string>sourcecode.c.objc</string>
			<key>path</key>
			<string>BPUtilities.m</string>
			<key>sourceTree</key>
			<string>&lt;group&gt;</string>
		</dict>
		<key>37B64B7D226FBFA23FFCA1C1</key>
		<dict>
			<key>fileRef</key>
			<string>37B645C93F848A6F598F96E2</string>
			<key>isa</key>
			<string>PBXBuildFile</string>
		</dict>
		<key>37B64B83C73E20C2B8EE7780</key>
		<dict>
			<key>children</key>
			<array>
				<string>37B64E1CECBE8D031CBF94DF</string>
				<string>37B6413196A60EBDD28FA13F</string>
				<string>37B64837FDD97179AAF4579D</string>
				<string>37B64A8330392A9AED7C2FC0</string>
				<string>37B64C7C7A19465529F97527</string>
				<string>37B64EBE9EBD628046621C4A</string>
				<string>37B64422A4E5D0EA770984FC</string>
			</array>
			<key>isa</key>
			<string>PBXGroup</string>
			<key>path</key>
			<string>ProductInfo</string>
			<key>sourceTree</key>
			<string>&lt;group&gt;</string>
		</dict>
		<key>37B64BC8938BC7942D533D2F</key>
		<dict>
			<key>fileRef</key>
			<string>37B64728A5FC383EB464DA9F</string>
			<key>isa</key>
			<string>PBXBuildFile</string>
		</dict>
		<key>37B64C7C7A19465529F97527</key>
		<dict>
			<key>fileEncoding</key>
			<string>4</string>
			<key>isa</key>
			<string>PBXFileReference</string>
			<key>lastKnownFileType</key>
			<string>sourcecode.c.h</string>
			<key>path</key>
			<string>BPProductInfoDataSource.h</string>
			<key>sourceTree</key>
			<string>&lt;group&gt;</string>
		</dict>
		<key>37B64C9D505D36B4936A79BA</key>
		<dict>
			<key>children</key>
			<array>
				<string>37B64960EF3268FB825DD2FE</string>
				<string>37B649C1631E9ADBA6B66CC7</string>
				<string>37B64540723CF4EABBB3AC70</string>
			</array>
			<key>isa</key>
			<string>PBXGroup</string>
			<key>path</key>
			<string>UI</string>
			<key>sourceTree</key>
			<string>&lt;group&gt;</string>
		</dict>
		<key>37B64CD13446A6BEBA4B6A9A</key>
		<dict>
			<key>fileEncoding</key>
			<string>4</string>
			<key>isa</key>
			<string>PBXFileReference</string>
			<key>lastKnownFileType</key>
			<string>sourcecode.c.objc</string>
			<key>path</key>
			<string>NSLayoutConstraint+BPAdditions.m</string>
			<key>sourceTree</key>
			<string>&lt;group&gt;</string>
		</dict>
		<key>37B64D1253B2AD6D48DEF2EB</key>
		<dict>
			<key>fileRef</key>
			<string>37B64FBD633D042DEE22B04C</string>
			<key>isa</key>
			<string>PBXBuildFile</string>
		</dict>
		<key>37B64D1B6193C0AD0D440566</key>
		<dict>
			<key>fileEncoding</key>
			<string>4</string>
			<key>isa</key>
			<string>PBXFileReference</string>
			<key>lastKnownFileType</key>
			<string>sourcecode.c.h</string>
			<key>path</key>
			<string>BPScanCodeViewController.h</string>
			<key>sourceTree</key>
			<string>&lt;group&gt;</string>
		</dict>
		<key>37B64D4617BA6760E8B4101F</key>
		<dict>
			<key>fileRef</key>
			<string>37B64A5E17F2E5888839150C</string>
			<key>isa</key>
			<string>PBXBuildFile</string>
		</dict>
		<key>37B64DD9591909AF06832339</key>
		<dict>
			<key>children</key>
			<array>
				<string>37B64977613F0A577613F7E4</string>
				<string>37B64A29716085485AEAB5C1</string>
				<string>37B647422EF95F37E48D11B2</string>
				<string>37B64F809E34728FFCBAC658</string>
			</array>
			<key>isa</key>
			<string>PBXGroup</string>
			<key>path</key>
			<string>Manager</string>
			<key>sourceTree</key>
			<string>&lt;group&gt;</string>
		</dict>
		<key>37B64DFDBDE3A5CEE19D6FDB</key>
		<dict>
			<key>fileEncoding</key>
			<string>4</string>
			<key>isa</key>
			<string>PBXFileReference</string>
			<key>lastKnownFileType</key>
			<string>sourcecode.c.objc</string>
			<key>path</key>
			<string>BPObjectionModule.m</string>
			<key>sourceTree</key>
			<string>&lt;group&gt;</string>
		</dict>
		<key>37B64E1CECBE8D031CBF94DF</key>
		<dict>
			<key>fileEncoding</key>
			<string>4</string>
			<key>isa</key>
			<string>PBXFileReference</string>
			<key>lastKnownFileType</key>
			<string>sourcecode.c.objc</string>
			<key>path</key>
			<string>BPProductInfoViewController.m</string>
			<key>sourceTree</key>
			<string>&lt;group&gt;</string>
		</dict>
		<key>37B64E26EDB5C48277AE74AE</key>
		<dict>
			<key>fileEncoding</key>
			<string>4</string>
			<key>isa</key>
			<string>PBXFileReference</string>
			<key>lastKnownFileType</key>
			<string>sourcecode.c.h</string>
			<key>path</key>
			<string>UIAlertView+BPUtilities.h</string>
			<key>sourceTree</key>
			<string>&lt;group&gt;</string>
		</dict>
		<key>37B64E4A4C23A423A7B102CB</key>
		<dict>
			<key>fileRef</key>
			<string>37B6473D93970F5113F3AAB3</string>
			<key>isa</key>
			<string>PBXBuildFile</string>
		</dict>
		<key>37B64E98890D7A9D303A77E5</key>
		<dict>
			<key>fileEncoding</key>
			<string>4</string>
			<key>isa</key>
			<string>PBXFileReference</string>
			<key>lastKnownFileType</key>
			<string>sourcecode.c.h</string>
			<key>path</key>
			<string>BPCompany+Utilities.h</string>
			<key>sourceTree</key>
			<string>&lt;group&gt;</string>
		</dict>
		<key>37B64EBE9EBD628046621C4A</key>
		<dict>
			<key>fileEncoding</key>
			<string>4</string>
			<key>isa</key>
			<string>PBXFileReference</string>
			<key>lastKnownFileType</key>
			<string>sourcecode.c.objc</string>
			<key>path</key>
			<string>BPProductInfoDataSource.m</string>
			<key>sourceTree</key>
			<string>&lt;group&gt;</string>
		</dict>
		<key>37B64EF12E5868EADB5C5359</key>
		<dict>
			<key>fileRef</key>
			<string>37B644A0DD2794AA6A426581</string>
			<key>isa</key>
			<string>PBXBuildFile</string>
		</dict>
		<key>37B64F14E9AC8C4F1853EB09</key>
		<dict>
			<key>fileEncoding</key>
			<string>4</string>
			<key>isa</key>
			<string>PBXFileReference</string>
			<key>lastKnownFileType</key>
			<string>sourcecode.c.h</string>
			<key>path</key>
			<string>BPProductSearchNavigationController.h</string>
			<key>sourceTree</key>
			<string>&lt;group&gt;</string>
		</dict>
		<key>37B64F1EE6D97F7987CF00CF</key>
		<dict>
			<key>fileEncoding</key>
			<string>4</string>
			<key>isa</key>
			<string>PBXFileReference</string>
			<key>lastKnownFileType</key>
			<string>sourcecode.c.objc</string>
			<key>path</key>
			<string>UIAlertView+BPUtilities.m</string>
			<key>sourceTree</key>
			<string>&lt;group&gt;</string>
		</dict>
		<key>37B64F458C8BF4C8D672DAE5</key>
		<dict>
			<key>children</key>
			<array>
				<string>37B64728A5FC383EB464DA9F</string>
				<string>37B64D1B6193C0AD0D440566</string>
				<string>37B64A1CFA3A5EA1F51ED5DE</string>
				<string>37B64FFC3FE96EFDE8398CF3</string>
			</array>
			<key>isa</key>
			<string>PBXGroup</string>
			<key>path</key>
			<string>ScanCode</string>
			<key>sourceTree</key>
			<string>&lt;group&gt;</string>
		</dict>
		<key>37B64F51708E3958AF727B6F</key>
		<dict>
			<key>fileEncoding</key>
			<string>4</string>
			<key>isa</key>
			<string>PBXFileReference</string>
			<key>lastKnownFileType</key>
			<string>sourcecode.c.h</string>
			<key>path</key>
			<string>BPProductManager.h</string>
			<key>sourceTree</key>
			<string>&lt;group&gt;</string>
		</dict>
		<key>37B64F7816B23819A90C0456</key>
		<dict>
			<key>fileRef</key>
			<string>37B6464528820E718DBABAA5</string>
			<key>isa</key>
			<string>PBXBuildFile</string>
		</dict>
		<key>37B64F809E34728FFCBAC658</key>
		<dict>
			<key>children</key>
			<array>
				<string>37B644A0DD2794AA6A426581</string>
				<string>37B64A848ED64E6728A533D8</string>
			</array>
			<key>isa</key>
			<string>PBXGroup</string>
			<key>path</key>
			<string>DeviceManager</string>
			<key>sourceTree</key>
			<string>&lt;group&gt;</string>
		</dict>
		<key>37B64F8C2171D2BB76F878FB</key>
		<dict>
			<key>fileEncoding</key>
			<string>4</string>
			<key>isa</key>
			<string>PBXFileReference</string>
			<key>lastKnownFileType</key>
			<string>sourcecode.c.h</string>
			<key>path</key>
			<string>NSString+BPUtilities.h</string>
			<key>sourceTree</key>
			<string>&lt;group&gt;</string>
		</dict>
		<key>37B64FBD633D042DEE22B04C</key>
		<dict>
			<key>fileEncoding</key>
			<string>4</string>
			<key>isa</key>
			<string>PBXFileReference</string>
			<key>lastKnownFileType</key>
			<string>sourcecode.c.objc</string>
			<key>path</key>
			<string>BPProductSearchNavigationController.m</string>
			<key>sourceTree</key>
			<string>&lt;group&gt;</string>
		</dict>
		<key>37B64FBED4310D336C9CC275</key>
		<dict>
			<key>children</key>
			<array>
				<string>37B64109D5EC518C82C8EA7C</string>
				<string>37B64563551A7A720902A511</string>
			</array>
			<key>isa</key>
			<string>PBXGroup</string>
			<key>path</key>
			<string>ActivityIndicator</string>
			<key>sourceTree</key>
			<string>&lt;group&gt;</string>
		</dict>
		<key>37B64FF08BF5367BF9669B33</key>
		<dict>
			<key>fileRef</key>
			<string>37B64B74E1FAED6141BA2B25</string>
			<key>isa</key>
			<string>PBXBuildFile</string>
		</dict>
		<key>37B64FFC3FE96EFDE8398CF3</key>
		<dict>
			<key>fileEncoding</key>
			<string>4</string>
			<key>isa</key>
			<string>PBXFileReference</string>
			<key>lastKnownFileType</key>
			<string>sourcecode.c.h</string>
			<key>path</key>
			<string>BPScanCodeView.h</string>
			<key>sourceTree</key>
			<string>&lt;group&gt;</string>
		</dict>
		<key>3C42626AEDC945168C07B4E4</key>
		<dict>
			<key>explicitFileType</key>
			<string>archive.ar</string>
			<key>includeInIndex</key>
			<string>0</string>
			<key>isa</key>
			<string>PBXFileReference</string>
			<key>path</key>
			<string>libPods.a</string>
			<key>sourceTree</key>
			<string>BUILT_PRODUCTS_DIR</string>
		</dict>
		<key>87BA14D36EEA46DC5B3550D2</key>
		<dict>
			<key>includeInIndex</key>
			<string>1</string>
			<key>isa</key>
			<string>PBXFileReference</string>
			<key>lastKnownFileType</key>
			<string>text.xcconfig</string>
			<key>name</key>
			<string>Pods.debug.xcconfig</string>
			<key>path</key>
			<string>Pods/Target Support Files/Pods/Pods.debug.xcconfig</string>
			<key>sourceTree</key>
			<string>&lt;group&gt;</string>
		</dict>
		<key>8D938A4BDD8A00AD091B70C7</key>
		<dict>
			<key>includeInIndex</key>
			<string>1</string>
			<key>isa</key>
			<string>PBXFileReference</string>
			<key>lastKnownFileType</key>
			<string>text.xcconfig</string>
			<key>name</key>
			<string>Pods.release.xcconfig</string>
			<key>path</key>
			<string>Pods/Target Support Files/Pods/Pods.release.xcconfig</string>
			<key>sourceTree</key>
			<string>&lt;group&gt;</string>
		</dict>
		<key>B22FA63DDB7875A1A2B44059</key>
		<dict>
			<key>children</key>
			<array>
				<string>87BA14D36EEA46DC5B3550D2</string>
				<string>8D938A4BDD8A00AD091B70C7</string>
			</array>
			<key>isa</key>
			<string>PBXGroup</string>
			<key>name</key>
			<string>Pods</string>
			<key>sourceTree</key>
			<string>&lt;group&gt;</string>
		</dict>
		<key>C87678FFC5F74E0A894C9484</key>
		<dict>
			<key>buildActionMask</key>
			<string>2147483647</string>
			<key>files</key>
			<array/>
			<key>inputPaths</key>
			<array/>
			<key>isa</key>
			<string>PBXShellScriptBuildPhase</string>
			<key>name</key>
			<string>Copy Pods Resources</string>
			<key>outputPaths</key>
			<array/>
			<key>runOnlyForDeploymentPostprocessing</key>
			<string>0</string>
			<key>shellPath</key>
			<string>/bin/sh</string>
			<key>shellScript</key>
			<string>"${SRCROOT}/Pods/Target Support Files/Pods/Pods-resources.sh"
</string>
			<key>showEnvVarsInLog</key>
			<string>0</string>
		</dict>
		<key>D3BB2E05F1F9418E81767B83</key>
		<dict>
			<key>buildActionMask</key>
			<string>2147483647</string>
			<key>files</key>
			<array/>
			<key>inputPaths</key>
			<array/>
			<key>isa</key>
			<string>PBXShellScriptBuildPhase</string>
			<key>name</key>
			<string>Check Pods Manifest.lock</string>
			<key>outputPaths</key>
			<array/>
			<key>runOnlyForDeploymentPostprocessing</key>
			<string>0</string>
			<key>shellPath</key>
			<string>/bin/sh</string>
			<key>shellScript</key>
			<string>diff "${PODS_ROOT}/../Podfile.lock" "${PODS_ROOT}/Manifest.lock" &gt; /dev/null
if [[ $? != 0 ]] ; then
    cat &lt;&lt; EOM
error: The sandbox is not in sync with the Podfile.lock. Run 'pod install' or update your CocoaPods installation.
EOM
    exit 1
fi
</string>
			<key>showEnvVarsInLog</key>
			<string>0</string>
		</dict>
	</dict>
	<key>rootObject</key>
	<string>1D08E81B19A7621A00879BD2</string>
</dict>
</plist>
