// !$*UTF8*$!
{
	archiveVersion = 1;
	classes = {
	};
	objectVersion = 46;
	objects = {

/* Begin PBXBuildFile section */
		1D2F193F1CE9CE250099142E /* AppDelegate.swift in Sources */ = {isa = PBXBuildFile; fileRef = 1D2F193E1CE9CE250099142E /* AppDelegate.swift */; };
		1D2F19461CE9CE250099142E /* Assets.xcassets in Resources */ = {isa = PBXBuildFile; fileRef = 1D2F19451CE9CE250099142E /* Assets.xcassets */; };
		1D2F19491CE9CE250099142E /* LaunchScreen.storyboard in Resources */ = {isa = PBXBuildFile; fileRef = 1D2F19471CE9CE250099142E /* LaunchScreen.storyboard */; };
		1D2F19541CE9CE250099142E /* ShowroomTests.swift in Sources */ = {isa = PBXBuildFile; fileRef = 1D2F19531CE9CE250099142E /* ShowroomTests.swift */; };
		1D2F19611CE9CED80099142E /* RootViewController.swift in Sources */ = {isa = PBXBuildFile; fileRef = 1D2F19601CE9CED80099142E /* RootViewController.swift */; };
/* End PBXBuildFile section */

/* Begin PBXContainerItemProxy section */
		1D2F19501CE9CE250099142E /* PBXContainerItemProxy */ = {
			isa = PBXContainerItemProxy;
			containerPortal = 1D2F19331CE9CE250099142E /* Project object */;
			proxyType = 1;
			remoteGlobalIDString = 1D2F193A1CE9CE250099142E;
			remoteInfo = Showroom;
		};
/* End PBXContainerItemProxy section */

/* Begin PBXFileReference section */
		1D2F193B1CE9CE250099142E /* Showroom.app */ = {isa = PBXFileReference; explicitFileType = wrapper.application; includeInIndex = 0; path = Showroom.app; sourceTree = BUILT_PRODUCTS_DIR; };
		1D2F193E1CE9CE250099142E /* AppDelegate.swift */ = {isa = PBXFileReference; lastKnownFileType = sourcecode.swift; path = AppDelegate.swift; sourceTree = "<group>"; };
		1D2F19451CE9CE250099142E /* Assets.xcassets */ = {isa = PBXFileReference; lastKnownFileType = folder.assetcatalog; path = Assets.xcassets; sourceTree = "<group>"; };
		1D2F19481CE9CE250099142E /* Base */ = {isa = PBXFileReference; lastKnownFileType = file.storyboard; name = Base; path = Base.lproj/LaunchScreen.storyboard; sourceTree = "<group>"; };
		1D2F194A1CE9CE250099142E /* Info.plist */ = {isa = PBXFileReference; lastKnownFileType = text.plist.xml; path = Info.plist; sourceTree = "<group>"; };
		1D2F194F1CE9CE250099142E /* ShowroomTests.xctest */ = {isa = PBXFileReference; explicitFileType = wrapper.cfbundle; includeInIndex = 0; path = ShowroomTests.xctest; sourceTree = BUILT_PRODUCTS_DIR; };
		1D2F19531CE9CE250099142E /* ShowroomTests.swift */ = {isa = PBXFileReference; lastKnownFileType = sourcecode.swift; path = ShowroomTests.swift; sourceTree = "<group>"; };
		1D2F19551CE9CE250099142E /* Info.plist */ = {isa = PBXFileReference; lastKnownFileType = text.plist.xml; path = Info.plist; sourceTree = "<group>"; };
		1D2F19601CE9CED80099142E /* RootViewController.swift */ = {isa = PBXFileReference; fileEncoding = 4; lastKnownFileType = sourcecode.swift; path = RootViewController.swift; sourceTree = "<group>"; };
/* End PBXFileReference section */

/* Begin PBXFrameworksBuildPhase section */
		1D2F19381CE9CE250099142E /* Frameworks */ = {
			isa = PBXFrameworksBuildPhase;
			buildActionMask = 2147483647;
			files = (
			);
			runOnlyForDeploymentPostprocessing = 0;
		};
		1D2F194C1CE9CE250099142E /* Frameworks */ = {
			isa = PBXFrameworksBuildPhase;
			buildActionMask = 2147483647;
			files = (
			);
			runOnlyForDeploymentPostprocessing = 0;
		};
/* End PBXFrameworksBuildPhase section */

/* Begin PBXGroup section */
		1D2F19321CE9CE250099142E = {
			isa = PBXGroup;
			children = (
				1D2F193D1CE9CE250099142E /* Showroom */,
				1D2F19521CE9CE250099142E /* ShowroomTests */,
				1D2F193C1CE9CE250099142E /* Products */,
			);
			sourceTree = "<group>";
		};
		1D2F193C1CE9CE250099142E /* Products */ = {
			isa = PBXGroup;
			children = (
				1D2F193B1CE9CE250099142E /* Showroom.app */,
				1D2F194F1CE9CE250099142E /* ShowroomTests.xctest */,
			);
			name = Products;
			sourceTree = "<group>";
		};
		1D2F193D1CE9CE250099142E /* Showroom */ = {
			isa = PBXGroup;
			children = (
				1D2F195E1CE9CE7B0099142E /* Shared */,
				1D2F193E1CE9CE250099142E /* AppDelegate.swift */,
				1D2F19451CE9CE250099142E /* Assets.xcassets */,
				1D2F19471CE9CE250099142E /* LaunchScreen.storyboard */,
				1D2F194A1CE9CE250099142E /* Info.plist */,
			);
			path = Showroom;
			sourceTree = "<group>";
		};
		1D2F19521CE9CE250099142E /* ShowroomTests */ = {
			isa = PBXGroup;
			children = (
				1D2F19531CE9CE250099142E /* ShowroomTests.swift */,
				1D2F19551CE9CE250099142E /* Info.plist */,
			);
			path = ShowroomTests;
			sourceTree = "<group>";
		};
		1D2F195E1CE9CE7B0099142E /* Shared */ = {
			isa = PBXGroup;
			children = (
				1D2F195F1CE9CEBA0099142E /* Business */,
			);
			path = Shared;
			sourceTree = "<group>";
		};
		1D2F195F1CE9CEBA0099142E /* Business */ = {
			isa = PBXGroup;
			children = (
				1D2F19601CE9CED80099142E /* RootViewController.swift */,
			);
			path = Business;
			sourceTree = "<group>";
		};
/* End PBXGroup section */

/* Begin PBXNativeTarget section */
		1D2F193A1CE9CE250099142E /* Showroom */ = {
			isa = PBXNativeTarget;
			buildConfigurationList = 1D2F19581CE9CE250099142E /* Build configuration list for PBXNativeTarget "Showroom" */;
			buildPhases = (
				1D2F19371CE9CE250099142E /* Sources */,
				1D2F19381CE9CE250099142E /* Frameworks */,
				1D2F19391CE9CE250099142E /* Resources */,
			);
			buildRules = (
			);
			dependencies = (
			);
			name = Showroom;
			productName = Showroom;
			productReference = 1D2F193B1CE9CE250099142E /* Showroom.app */;
			productType = "com.apple.product-type.application";
		};
		1D2F194E1CE9CE250099142E /* ShowroomTests */ = {
			isa = PBXNativeTarget;
			buildConfigurationList = 1D2F195B1CE9CE250099142E /* Build configuration list for PBXNativeTarget "ShowroomTests" */;
			buildPhases = (
				1D2F194B1CE9CE250099142E /* Sources */,
				1D2F194C1CE9CE250099142E /* Frameworks */,
				1D2F194D1CE9CE250099142E /* Resources */,
			);
			buildRules = (
			);
			dependencies = (
				1D2F19511CE9CE250099142E /* PBXTargetDependency */,
			);
			name = ShowroomTests;
			productName = ShowroomTests;
			productReference = 1D2F194F1CE9CE250099142E /* ShowroomTests.xctest */;
			productType = "com.apple.product-type.bundle.unit-test";
		};
/* End PBXNativeTarget section */

/* Begin PBXProject section */
		1D2F19331CE9CE250099142E /* Project object */ = {
			isa = PBXProject;
			attributes = {
				LastSwiftUpdateCheck = 0730;
				LastUpgradeCheck = 0730;
				ORGANIZATIONNAME = Showroom;
				TargetAttributes = {
					1D2F193A1CE9CE250099142E = {
						CreatedOnToolsVersion = 7.3;
					};
					1D2F194E1CE9CE250099142E = {
						CreatedOnToolsVersion = 7.3;
						TestTargetID = 1D2F193A1CE9CE250099142E;
					};
				};
			};
			buildConfigurationList = 1D2F19361CE9CE250099142E /* Build configuration list for PBXProject "Showroom" */;
			compatibilityVersion = "Xcode 3.2";
			developmentRegion = English;
			hasScannedForEncodings = 0;
			knownRegions = (
				en,
				Base,
			);
			mainGroup = 1D2F19321CE9CE250099142E;
			productRefGroup = 1D2F193C1CE9CE250099142E /* Products */;
			projectDirPath = "";
			projectRoot = "";
			targets = (
				1D2F193A1CE9CE250099142E /* Showroom */,
				1D2F194E1CE9CE250099142E /* ShowroomTests */,
			);
		};
/* End PBXProject section */

/* Begin PBXResourcesBuildPhase section */
		1D2F19391CE9CE250099142E /* Resources */ = {
			isa = PBXResourcesBuildPhase;
			buildActionMask = 2147483647;
			files = (
				1D2F19491CE9CE250099142E /* LaunchScreen.storyboard in Resources */,
				1D2F19461CE9CE250099142E /* Assets.xcassets in Resources */,
			);
			runOnlyForDeploymentPostprocessing = 0;
		};
		1D2F194D1CE9CE250099142E /* Resources */ = {
			isa = PBXResourcesBuildPhase;
			buildActionMask = 2147483647;
			files = (
			);
			runOnlyForDeploymentPostprocessing = 0;
		};
/* End PBXResourcesBuildPhase section */

/* Begin PBXSourcesBuildPhase section */
		1D2F19371CE9CE250099142E /* Sources */ = {
			isa = PBXSourcesBuildPhase;
			buildActionMask = 2147483647;
			files = (
				1D2F19611CE9CED80099142E /* RootViewController.swift in Sources */,
				1D2F193F1CE9CE250099142E /* AppDelegate.swift in Sources */,
			);
			runOnlyForDeploymentPostprocessing = 0;
		};
		1D2F194B1CE9CE250099142E /* Sources */ = {
			isa = PBXSourcesBuildPhase;
			buildActionMask = 2147483647;
			files = (
				1D2F19541CE9CE250099142E /* ShowroomTests.swift in Sources */,
			);
			runOnlyForDeploymentPostprocessing = 0;
		};
/* End PBXSourcesBuildPhase section */

/* Begin PBXTargetDependency section */
		1D2F19511CE9CE250099142E /* PBXTargetDependency */ = {
			isa = PBXTargetDependency;
			target = 1D2F193A1CE9CE250099142E /* Showroom */;
			targetProxy = 1D2F19501CE9CE250099142E /* PBXContainerItemProxy */;
		};
/* End PBXTargetDependency section */

/* Begin PBXVariantGroup section */
		1D2F19471CE9CE250099142E /* LaunchScreen.storyboard */ = {
			isa = PBXVariantGroup;
			children = (
				1D2F19481CE9CE250099142E /* Base */,
			);
			name = LaunchScreen.storyboard;
			sourceTree = "<group>";
		};
/* End PBXVariantGroup section */

/* Begin XCBuildConfiguration section */
		1D2F19561CE9CE250099142E /* Debug */ = {
			isa = XCBuildConfiguration;
			buildSettings = {
				ALWAYS_SEARCH_USER_PATHS = NO;
				CLANG_ANALYZER_NONNULL = YES;
				CLANG_CXX_LANGUAGE_STANDARD = "gnu++0x";
				CLANG_CXX_LIBRARY = "libc++";
				CLANG_ENABLE_MODULES = YES;
				CLANG_ENABLE_OBJC_ARC = YES;
				CLANG_WARN_BOOL_CONVERSION = YES;
				CLANG_WARN_CONSTANT_CONVERSION = YES;
				CLANG_WARN_DIRECT_OBJC_ISA_USAGE = YES_ERROR;
				CLANG_WARN_EMPTY_BODY = YES;
				CLANG_WARN_ENUM_CONVERSION = YES;
				CLANG_WARN_INT_CONVERSION = YES;
				CLANG_WARN_OBJC_ROOT_CLASS = YES_ERROR;
				CLANG_WARN_UNREACHABLE_CODE = YES;
				CLANG_WARN__DUPLICATE_METHOD_MATCH = YES;
				"CODE_SIGN_IDENTITY[sdk=iphoneos*]" = "iPhone Developer";
				COPY_PHASE_STRIP = NO;
				DEBUG_INFORMATION_FORMAT = dwarf;
				ENABLE_STRICT_OBJC_MSGSEND = YES;
				ENABLE_TESTABILITY = YES;
				GCC_C_LANGUAGE_STANDARD = gnu99;
				GCC_DYNAMIC_NO_PIC = NO;
				GCC_NO_COMMON_BLOCKS = YES;
				GCC_OPTIMIZATION_LEVEL = 0;
				GCC_PREPROCESSOR_DEFINITIONS = (
					"DEBUG=1",
					"$(inherited)",
				);
				GCC_WARN_64_TO_32_BIT_CONVERSION = YES;
				GCC_WARN_ABOUT_RETURN_TYPE = YES_ERROR;
				GCC_WARN_UNDECLARED_SELECTOR = YES;
				GCC_WARN_UNINITIALIZED_AUTOS = YES_AGGRESSIVE;
				GCC_WARN_UNUSED_FUNCTION = YES;
				GCC_WARN_UNUSED_VARIABLE = YES;
				IPHONEOS_DEPLOYMENT_TARGET = 9.3;
				MTL_ENABLE_DEBUG_INFO = YES;
				ONLY_ACTIVE_ARCH = YES;
				SDKROOT = iphoneos;
				SWIFT_OPTIMIZATION_LEVEL = "-Onone";
			};
			name = Debug;
		};
		1D2F19571CE9CE250099142E /* Release */ = {
			isa = XCBuildConfiguration;
			buildSettings = {
				ALWAYS_SEARCH_USER_PATHS = NO;
				CLANG_ANALYZER_NONNULL = YES;
				CLANG_CXX_LANGUAGE_STANDARD = "gnu++0x";
				CLANG_CXX_LIBRARY = "libc++";
				CLANG_ENABLE_MODULES = YES;
				CLANG_ENABLE_OBJC_ARC = YES;
				CLANG_WARN_BOOL_CONVERSION = YES;
				CLANG_WARN_CONSTANT_CONVERSION = YES;
				CLANG_WARN_DIRECT_OBJC_ISA_USAGE = YES_ERROR;
				CLANG_WARN_EMPTY_BODY = YES;
				CLANG_WARN_ENUM_CONVERSION = YES;
				CLANG_WARN_INT_CONVERSION = YES;
				CLANG_WARN_OBJC_ROOT_CLASS = YES_ERROR;
				CLANG_WARN_UNREACHABLE_CODE = YES;
				CLANG_WARN__DUPLICATE_METHOD_MATCH = YES;
				"CODE_SIGN_IDENTITY[sdk=iphoneos*]" = "iPhone Developer";
				COPY_PHASE_STRIP = NO;
				DEBUG_INFORMATION_FORMAT = "dwarf-with-dsym";
				ENABLE_NS_ASSERTIONS = NO;
				ENABLE_STRICT_OBJC_MSGSEND = YES;
				GCC_C_LANGUAGE_STANDARD = gnu99;
				GCC_NO_COMMON_BLOCKS = YES;
				GCC_WARN_64_TO_32_BIT_CONVERSION = YES;
				GCC_WARN_ABOUT_RETURN_TYPE = YES_ERROR;
				GCC_WARN_UNDECLARED_SELECTOR = YES;
				GCC_WARN_UNINITIALIZED_AUTOS = YES_AGGRESSIVE;
				GCC_WARN_UNUSED_FUNCTION = YES;
				GCC_WARN_UNUSED_VARIABLE = YES;
				IPHONEOS_DEPLOYMENT_TARGET = 9.3;
				MTL_ENABLE_DEBUG_INFO = NO;
				SDKROOT = iphoneos;
				VALIDATE_PRODUCT = YES;
			};
			name = Release;
		};
		1D2F19591CE9CE250099142E /* Debug */ = {
			isa = XCBuildConfiguration;
			buildSettings = {
				ASSETCATALOG_COMPILER_APPICON_NAME = AppIcon;
				INFOPLIST_FILE = Showroom/Info.plist;
				LD_RUNPATH_SEARCH_PATHS = "$(inherited) @executable_path/Frameworks";
				PRODUCT_BUNDLE_IDENTIFIER = com.showroom.Showroom;
				PRODUCT_NAME = "$(TARGET_NAME)";
			};
			name = Debug;
		};
		1D2F195A1CE9CE250099142E /* Release */ = {
			isa = XCBuildConfiguration;
			buildSettings = {
				ASSETCATALOG_COMPILER_APPICON_NAME = AppIcon;
				INFOPLIST_FILE = Showroom/Info.plist;
				LD_RUNPATH_SEARCH_PATHS = "$(inherited) @executable_path/Frameworks";
				PRODUCT_BUNDLE_IDENTIFIER = com.showroom.Showroom;
				PRODUCT_NAME = "$(TARGET_NAME)";
			};
			name = Release;
		};
		1D2F195C1CE9CE250099142E /* Debug */ = {
			isa = XCBuildConfiguration;
			buildSettings = {
				BUNDLE_LOADER = "$(TEST_HOST)";
				INFOPLIST_FILE = ShowroomTests/Info.plist;
				LD_RUNPATH_SEARCH_PATHS = "$(inherited) @executable_path/Frameworks @loader_path/Frameworks";
				PRODUCT_BUNDLE_IDENTIFIER = com.showroom.ShowroomTests;
				PRODUCT_NAME = "$(TARGET_NAME)";
				TEST_HOST = "$(BUILT_PRODUCTS_DIR)/Showroom.app/Showroom";
			};
			name = Debug;
		};
		1D2F195D1CE9CE250099142E /* Release */ = {
			isa = XCBuildConfiguration;
			buildSettings = {
				BUNDLE_LOADER = "$(TEST_HOST)";
				INFOPLIST_FILE = ShowroomTests/Info.plist;
				LD_RUNPATH_SEARCH_PATHS = "$(inherited) @executable_path/Frameworks @loader_path/Frameworks";
				PRODUCT_BUNDLE_IDENTIFIER = com.showroom.ShowroomTests;
				PRODUCT_NAME = "$(TARGET_NAME)";
				TEST_HOST = "$(BUILT_PRODUCTS_DIR)/Showroom.app/Showroom";
			};
			name = Release;
		};
/* End XCBuildConfiguration section */

/* Begin XCConfigurationList section */
		1D2F19361CE9CE250099142E /* Build configuration list for PBXProject "Showroom" */ = {
			isa = XCConfigurationList;
			buildConfigurations = (
				1D2F19561CE9CE250099142E /* Debug */,
				1D2F19571CE9CE250099142E /* Release */,
			);
			defaultConfigurationIsVisible = 0;
			defaultConfigurationName = Release;
		};
		1D2F19581CE9CE250099142E /* Build configuration list for PBXNativeTarget "Showroom" */ = {
			isa = XCConfigurationList;
			buildConfigurations = (
				1D2F19591CE9CE250099142E /* Debug */,
				1D2F195A1CE9CE250099142E /* Release */,
			);
			defaultConfigurationIsVisible = 0;
		};
		1D2F195B1CE9CE250099142E /* Build configuration list for PBXNativeTarget "ShowroomTests" */ = {
			isa = XCConfigurationList;
			buildConfigurations = (
				1D2F195C1CE9CE250099142E /* Debug */,
				1D2F195D1CE9CE250099142E /* Release */,
			);
			defaultConfigurationIsVisible = 0;
		};
/* End XCConfigurationList section */
	};
	rootObject = 1D2F19331CE9CE250099142E /* Project object */;
}
