// !$*UTF8*$!
{
	archiveVersion = 1;
	classes = {
	};
	objectVersion = 46;
	objects = {

/* Begin PBXBuildFile section */
		1D2F193F1CE9CE250099142E /* AppDelegate.swift in Sources */ = {isa = PBXBuildFile; fileRef = 1D2F193E1CE9CE250099142E /* AppDelegate.swift */; };
		1D2F19461CE9CE250099142E /* Assets.xcassets in Resources */ = {isa = PBXBuildFile; fileRef = 1D2F19451CE9CE250099142E /* Assets.xcassets */; };
		1D2F19491CE9CE250099142E /* LaunchScreen.storyboard in Resources */ = {isa = PBXBuildFile; fileRef = 1D2F19471CE9CE250099142E /* LaunchScreen.storyboard */; };
		1D2F19541CE9CE250099142E /* ShowroomTests.swift in Sources */ = {isa = PBXBuildFile; fileRef = 1D2F19531CE9CE250099142E /* ShowroomTests.swift */; };
		1D2F19611CE9CED80099142E /* RootViewController.swift in Sources */ = {isa = PBXBuildFile; fileRef = 1D2F19601CE9CED80099142E /* RootViewController.swift */; };
		1D2F19A21CEA14FE0099142E /* DZNEmptyDataSet.framework in Frameworks */ = {isa = PBXBuildFile; fileRef = 1D2F19971CEA14FE0099142E /* DZNEmptyDataSet.framework */; };
		1D2F19A31CEA14FE0099142E /* JLRoutes.framework in Frameworks */ = {isa = PBXBuildFile; fileRef = 1D2F19981CEA14FE0099142E /* JLRoutes.framework */; };
		1D2F19A41CEA14FE0099142E /* Locksmith.framework in Frameworks */ = {isa = PBXBuildFile; fileRef = 1D2F19991CEA14FE0099142E /* Locksmith.framework */; };
		1D2F19A51CEA14FE0099142E /* RxBlocking.framework in Frameworks */ = {isa = PBXBuildFile; fileRef = 1D2F199A1CEA14FE0099142E /* RxBlocking.framework */; };
		1D2F19A61CEA14FE0099142E /* RxCocoa.framework in Frameworks */ = {isa = PBXBuildFile; fileRef = 1D2F199B1CEA14FE0099142E /* RxCocoa.framework */; };
		1D2F19A71CEA14FE0099142E /* RxSwift.framework in Frameworks */ = {isa = PBXBuildFile; fileRef = 1D2F199C1CEA14FE0099142E /* RxSwift.framework */; };
		1D2F19AA1CEA14FE0099142E /* Swinject.framework in Frameworks */ = {isa = PBXBuildFile; fileRef = 1D2F199F1CEA14FE0099142E /* Swinject.framework */; };
		1D2F19AB1CEA14FE0099142E /* XCGLogger.framework in Frameworks */ = {isa = PBXBuildFile; fileRef = 1D2F19A01CEA14FE0099142E /* XCGLogger.framework */; };
		1D2F19BB1CEAFC480099142E /* Rswift.framework in Frameworks */ = {isa = PBXBuildFile; fileRef = 1D2F19BA1CEAFC480099142E /* Rswift.framework */; };
		1D2F19C01CEAFD220099142E /* R.generated.swift in Sources */ = {isa = PBXBuildFile; fileRef = 1D2F19BF1CEAFD220099142E /* R.generated.swift */; };
		1D2F19C31CEB07D10099142E /* Nimble.framework in Frameworks */ = {isa = PBXBuildFile; fileRef = 1D2F19C11CEB07D10099142E /* Nimble.framework */; };
		1D2F19C41CEB07D10099142E /* Quick.framework in Frameworks */ = {isa = PBXBuildFile; fileRef = 1D2F19C21CEB07D10099142E /* Quick.framework */; };
		1D2F19CC1CEB083F0099142E /* Nimble.framework in CopyFiles */ = {isa = PBXBuildFile; fileRef = 1D2F19C11CEB07D10099142E /* Nimble.framework */; settings = {ATTRIBUTES = (CodeSignOnCopy, RemoveHeadersOnCopy, ); }; };
		1D2F19CD1CEB083F0099142E /* Quick.framework in CopyFiles */ = {isa = PBXBuildFile; fileRef = 1D2F19C21CEB07D10099142E /* Quick.framework */; settings = {ATTRIBUTES = (CodeSignOnCopy, RemoveHeadersOnCopy, ); }; };
		1D2F19D11CEB16120099142E /* Decodable.framework in Frameworks */ = {isa = PBXBuildFile; fileRef = 1D2F19961CEA14FE0099142E /* Decodable.framework */; };
		1D2F19D21CEB16200099142E /* SwiftyJSON.framework in Frameworks */ = {isa = PBXBuildFile; fileRef = 1D2F199E1CEA14FE0099142E /* SwiftyJSON.framework */; };
/* End PBXBuildFile section */

/* Begin PBXContainerItemProxy section */
		1D2F19501CE9CE250099142E /* PBXContainerItemProxy */ = {
			isa = PBXContainerItemProxy;
			containerPortal = 1D2F19331CE9CE250099142E /* Project object */;
			proxyType = 1;
			remoteGlobalIDString = 1D2F193A1CE9CE250099142E;
			remoteInfo = Showroom;
		};
/* End PBXContainerItemProxy section */

/* Begin PBXCopyFilesBuildPhase section */
		1D2F19901CE9D39C0099142E /* Embed Frameworks */ = {
			isa = PBXCopyFilesBuildPhase;
			buildActionMask = 2147483647;
			dstPath = "";
			dstSubfolderSpec = 10;
			files = (
			);
			name = "Embed Frameworks";
			runOnlyForDeploymentPostprocessing = 0;
		};
		1D2F19C71CEB08070099142E /* CopyFiles */ = {
			isa = PBXCopyFilesBuildPhase;
			buildActionMask = 2147483647;
			dstPath = "";
			dstSubfolderSpec = 10;
			files = (
				1D2F19CC1CEB083F0099142E /* Nimble.framework in CopyFiles */,
				1D2F19CD1CEB083F0099142E /* Quick.framework in CopyFiles */,
			);
			runOnlyForDeploymentPostprocessing = 0;
		};
/* End PBXCopyFilesBuildPhase section */

/* Begin PBXFileReference section */
		1D2F193B1CE9CE250099142E /* Showroom.app */ = {isa = PBXFileReference; explicitFileType = wrapper.application; includeInIndex = 0; path = Showroom.app; sourceTree = BUILT_PRODUCTS_DIR; };
		1D2F193E1CE9CE250099142E /* AppDelegate.swift */ = {isa = PBXFileReference; lastKnownFileType = sourcecode.swift; path = AppDelegate.swift; sourceTree = "<group>"; };
		1D2F19451CE9CE250099142E /* Assets.xcassets */ = {isa = PBXFileReference; lastKnownFileType = folder.assetcatalog; path = Assets.xcassets; sourceTree = "<group>"; };
		1D2F19481CE9CE250099142E /* Base */ = {isa = PBXFileReference; lastKnownFileType = file.storyboard; name = Base; path = Base.lproj/LaunchScreen.storyboard; sourceTree = "<group>"; };
		1D2F194A1CE9CE250099142E /* Info.plist */ = {isa = PBXFileReference; lastKnownFileType = text.plist.xml; path = Info.plist; sourceTree = "<group>"; };
		1D2F194F1CE9CE250099142E /* ShowroomTests.xctest */ = {isa = PBXFileReference; explicitFileType = wrapper.cfbundle; includeInIndex = 0; path = ShowroomTests.xctest; sourceTree = BUILT_PRODUCTS_DIR; };
		1D2F19531CE9CE250099142E /* ShowroomTests.swift */ = {isa = PBXFileReference; lastKnownFileType = sourcecode.swift; path = ShowroomTests.swift; sourceTree = "<group>"; };
		1D2F19551CE9CE250099142E /* Info.plist */ = {isa = PBXFileReference; lastKnownFileType = text.plist.xml; path = Info.plist; sourceTree = "<group>"; };
		1D2F19601CE9CED80099142E /* RootViewController.swift */ = {isa = PBXFileReference; fileEncoding = 4; lastKnownFileType = sourcecode.swift; path = RootViewController.swift; sourceTree = "<group>"; };
		1D2F19961CEA14FE0099142E /* Decodable.framework */ = {isa = PBXFileReference; lastKnownFileType = wrapper.framework; name = Decodable.framework; path = Carthage/Build/iOS/Decodable.framework; sourceTree = "<group>"; };
		1D2F19971CEA14FE0099142E /* DZNEmptyDataSet.framework */ = {isa = PBXFileReference; lastKnownFileType = wrapper.framework; name = DZNEmptyDataSet.framework; path = Carthage/Build/iOS/DZNEmptyDataSet.framework; sourceTree = "<group>"; };
		1D2F19981CEA14FE0099142E /* JLRoutes.framework */ = {isa = PBXFileReference; lastKnownFileType = wrapper.framework; name = JLRoutes.framework; path = Carthage/Build/iOS/JLRoutes.framework; sourceTree = "<group>"; };
		1D2F19991CEA14FE0099142E /* Locksmith.framework */ = {isa = PBXFileReference; lastKnownFileType = wrapper.framework; name = Locksmith.framework; path = Carthage/Build/iOS/Locksmith.framework; sourceTree = "<group>"; };
		1D2F199A1CEA14FE0099142E /* RxBlocking.framework */ = {isa = PBXFileReference; lastKnownFileType = wrapper.framework; name = RxBlocking.framework; path = Carthage/Build/iOS/RxBlocking.framework; sourceTree = "<group>"; };
		1D2F199B1CEA14FE0099142E /* RxCocoa.framework */ = {isa = PBXFileReference; lastKnownFileType = wrapper.framework; name = RxCocoa.framework; path = Carthage/Build/iOS/RxCocoa.framework; sourceTree = "<group>"; };
		1D2F199C1CEA14FE0099142E /* RxSwift.framework */ = {isa = PBXFileReference; lastKnownFileType = wrapper.framework; name = RxSwift.framework; path = Carthage/Build/iOS/RxSwift.framework; sourceTree = "<group>"; };
		1D2F199D1CEA14FE0099142E /* RxTests.framework */ = {isa = PBXFileReference; lastKnownFileType = wrapper.framework; name = RxTests.framework; path = Carthage/Build/iOS/RxTests.framework; sourceTree = "<group>"; };
		1D2F199E1CEA14FE0099142E /* SwiftyJSON.framework */ = {isa = PBXFileReference; lastKnownFileType = wrapper.framework; name = SwiftyJSON.framework; path = Carthage/Build/iOS/SwiftyJSON.framework; sourceTree = "<group>"; };
		1D2F199F1CEA14FE0099142E /* Swinject.framework */ = {isa = PBXFileReference; lastKnownFileType = wrapper.framework; name = Swinject.framework; path = Carthage/Build/iOS/Swinject.framework; sourceTree = "<group>"; };
		1D2F19A01CEA14FE0099142E /* XCGLogger.framework */ = {isa = PBXFileReference; lastKnownFileType = wrapper.framework; name = XCGLogger.framework; path = Carthage/Build/iOS/XCGLogger.framework; sourceTree = "<group>"; };
		1D2F19BA1CEAFC480099142E /* Rswift.framework */ = {isa = PBXFileReference; lastKnownFileType = wrapper.framework; name = Rswift.framework; path = Carthage/Build/iOS/Rswift.framework; sourceTree = "<group>"; };
		1D2F19BF1CEAFD220099142E /* R.generated.swift */ = {isa = PBXFileReference; fileEncoding = 4; lastKnownFileType = sourcecode.swift; path = R.generated.swift; sourceTree = "<group>"; };
		1D2F19C11CEB07D10099142E /* Nimble.framework */ = {isa = PBXFileReference; lastKnownFileType = wrapper.framework; name = Nimble.framework; path = Carthage/Build/iOS/Nimble.framework; sourceTree = "<group>"; };
		1D2F19C21CEB07D10099142E /* Quick.framework */ = {isa = PBXFileReference; lastKnownFileType = wrapper.framework; name = Quick.framework; path = Carthage/Build/iOS/Quick.framework; sourceTree = "<group>"; };
/* End PBXFileReference section */

/* Begin PBXFrameworksBuildPhase section */
		1D2F19381CE9CE250099142E /* Frameworks */ = {
			isa = PBXFrameworksBuildPhase;
			buildActionMask = 2147483647;
			files = (
				1D2F19A21CEA14FE0099142E /* DZNEmptyDataSet.framework in Frameworks */,
				1D2F19A31CEA14FE0099142E /* JLRoutes.framework in Frameworks */,
				1D2F19A41CEA14FE0099142E /* Locksmith.framework in Frameworks */,
				1D2F19A51CEA14FE0099142E /* RxBlocking.framework in Frameworks */,
				1D2F19A61CEA14FE0099142E /* RxCocoa.framework in Frameworks */,
				1D2F19A71CEA14FE0099142E /* RxSwift.framework in Frameworks */,
				1D2F19AA1CEA14FE0099142E /* Swinject.framework in Frameworks */,
				1D2F19AB1CEA14FE0099142E /* XCGLogger.framework in Frameworks */,
				1D2F19BB1CEAFC480099142E /* Rswift.framework in Frameworks */,
				1D2F19D11CEB16120099142E /* Decodable.framework in Frameworks */,
				1D2F19D21CEB16200099142E /* SwiftyJSON.framework in Frameworks */,
			);
			runOnlyForDeploymentPostprocessing = 0;
		};
		1D2F194C1CE9CE250099142E /* Frameworks */ = {
			isa = PBXFrameworksBuildPhase;
			buildActionMask = 2147483647;
			files = (
				1D2F19C31CEB07D10099142E /* Nimble.framework in Frameworks */,
				1D2F19C41CEB07D10099142E /* Quick.framework in Frameworks */,
			);
			runOnlyForDeploymentPostprocessing = 0;
		};
/* End PBXFrameworksBuildPhase section */

/* Begin PBXGroup section */
		1D2F19321CE9CE250099142E = {
			isa = PBXGroup;
			children = (
				1D2F19AC1CEA15060099142E /* Frameworks */,
				1D2F193D1CE9CE250099142E /* Showroom */,
				1D2F19521CE9CE250099142E /* ShowroomTests */,
				1D2F193C1CE9CE250099142E /* Products */,
			);
			sourceTree = "<group>";
		};
		1D2F193C1CE9CE250099142E /* Products */ = {
			isa = PBXGroup;
			children = (
				1D2F193B1CE9CE250099142E /* Showroom.app */,
				1D2F194F1CE9CE250099142E /* ShowroomTests.xctest */,
			);
			name = Products;
			sourceTree = "<group>";
		};
		1D2F193D1CE9CE250099142E /* Showroom */ = {
			isa = PBXGroup;
			children = (
				1D2F19BF1CEAFD220099142E /* R.generated.swift */,
				1D2F195E1CE9CE7B0099142E /* Shared */,
				1D2F193E1CE9CE250099142E /* AppDelegate.swift */,
				1D2F19451CE9CE250099142E /* Assets.xcassets */,
				1D2F19471CE9CE250099142E /* LaunchScreen.storyboard */,
				1D2F194A1CE9CE250099142E /* Info.plist */,
			);
			path = Showroom;
			sourceTree = "<group>";
		};
		1D2F19521CE9CE250099142E /* ShowroomTests */ = {
			isa = PBXGroup;
			children = (
				1D2F19531CE9CE250099142E /* ShowroomTests.swift */,
				1D2F19551CE9CE250099142E /* Info.plist */,
			);
			path = ShowroomTests;
			sourceTree = "<group>";
		};
		1D2F195E1CE9CE7B0099142E /* Shared */ = {
			isa = PBXGroup;
			children = (
				1D2F195F1CE9CEBA0099142E /* Business */,
			);
			path = Shared;
			sourceTree = "<group>";
		};
		1D2F195F1CE9CEBA0099142E /* Business */ = {
			isa = PBXGroup;
			children = (
				1D2F19601CE9CED80099142E /* RootViewController.swift */,
			);
			path = Business;
			sourceTree = "<group>";
		};
		1D2F19AC1CEA15060099142E /* Frameworks */ = {
			isa = PBXGroup;
			children = (
				1D2F19C11CEB07D10099142E /* Nimble.framework */,
				1D2F19C21CEB07D10099142E /* Quick.framework */,
				1D2F19BA1CEAFC480099142E /* Rswift.framework */,
				1D2F19961CEA14FE0099142E /* Decodable.framework */,
				1D2F19971CEA14FE0099142E /* DZNEmptyDataSet.framework */,
				1D2F19981CEA14FE0099142E /* JLRoutes.framework */,
				1D2F19991CEA14FE0099142E /* Locksmith.framework */,
				1D2F199A1CEA14FE0099142E /* RxBlocking.framework */,
				1D2F199B1CEA14FE0099142E /* RxCocoa.framework */,
				1D2F199C1CEA14FE0099142E /* RxSwift.framework */,
				1D2F199D1CEA14FE0099142E /* RxTests.framework */,
				1D2F199E1CEA14FE0099142E /* SwiftyJSON.framework */,
				1D2F199F1CEA14FE0099142E /* Swinject.framework */,
				1D2F19A01CEA14FE0099142E /* XCGLogger.framework */,
			);
			name = Frameworks;
			sourceTree = "<group>";
		};
/* End PBXGroup section */

/* Begin PBXNativeTarget section */
		1D2F193A1CE9CE250099142E /* Showroom */ = {
			isa = PBXNativeTarget;
			buildConfigurationList = 1D2F19581CE9CE250099142E /* Build configuration list for PBXNativeTarget "Showroom" */;
			buildPhases = (
				1D2F19371CE9CE250099142E /* Sources */,
				1D2F19381CE9CE250099142E /* Frameworks */,
				1D2F19391CE9CE250099142E /* Resources */,
				1D2F19901CE9D39C0099142E /* Embed Frameworks */,
				1D2F19B81CEA15EC0099142E /* Carthage Run Script */,
				1D2F19BC1CEAFC640099142E /* RSwift Run Script */,
			);
			buildRules = (
			);
			dependencies = (
			);
			name = Showroom;
			productName = Showroom;
			productReference = 1D2F193B1CE9CE250099142E /* Showroom.app */;
			productType = "com.apple.product-type.application";
		};
		1D2F194E1CE9CE250099142E /* ShowroomTests */ = {
			isa = PBXNativeTarget;
			buildConfigurationList = 1D2F195B1CE9CE250099142E /* Build configuration list for PBXNativeTarget "ShowroomTests" */;
			buildPhases = (
				1D2F194B1CE9CE250099142E /* Sources */,
				1D2F194C1CE9CE250099142E /* Frameworks */,
				1D2F194D1CE9CE250099142E /* Resources */,
				1D2F19C71CEB08070099142E /* CopyFiles */,
			);
			buildRules = (
			);
			dependencies = (
				1D2F19511CE9CE250099142E /* PBXTargetDependency */,
			);
			name = ShowroomTests;
			productName = ShowroomTests;
			productReference = 1D2F194F1CE9CE250099142E /* ShowroomTests.xctest */;
			productType = "com.apple.product-type.bundle.unit-test";
		};
/* End PBXNativeTarget section */

/* Begin PBXProject section */
		1D2F19331CE9CE250099142E /* Project object */ = {
			isa = PBXProject;
			attributes = {
				LastSwiftUpdateCheck = 0730;
				LastUpgradeCheck = 0730;
				ORGANIZATIONNAME = Showroom;
				TargetAttributes = {
					1D2F193A1CE9CE250099142E = {
						CreatedOnToolsVersion = 7.3;
					};
					1D2F194E1CE9CE250099142E = {
						CreatedOnToolsVersion = 7.3;
						TestTargetID = 1D2F193A1CE9CE250099142E;
					};
				};
			};
			buildConfigurationList = 1D2F19361CE9CE250099142E /* Build configuration list for PBXProject "Showroom" */;
			compatibilityVersion = "Xcode 3.2";
			developmentRegion = English;
			hasScannedForEncodings = 0;
			knownRegions = (
				en,
				Base,
			);
			mainGroup = 1D2F19321CE9CE250099142E;
			productRefGroup = 1D2F193C1CE9CE250099142E /* Products */;
			projectDirPath = "";
			projectRoot = "";
			targets = (
				1D2F193A1CE9CE250099142E /* Showroom */,
				1D2F194E1CE9CE250099142E /* ShowroomTests */,
			);
		};
/* End PBXProject section */

/* Begin PBXResourcesBuildPhase section */
		1D2F19391CE9CE250099142E /* Resources */ = {
			isa = PBXResourcesBuildPhase;
			buildActionMask = 2147483647;
			files = (
				1D2F19491CE9CE250099142E /* LaunchScreen.storyboard in Resources */,
				1D2F19461CE9CE250099142E /* Assets.xcassets in Resources */,
			);
			runOnlyForDeploymentPostprocessing = 0;
		};
		1D2F194D1CE9CE250099142E /* Resources */ = {
			isa = PBXResourcesBuildPhase;
			buildActionMask = 2147483647;
			files = (
			);
			runOnlyForDeploymentPostprocessing = 0;
		};
/* End PBXResourcesBuildPhase section */

/* Begin PBXShellScriptBuildPhase section */
		1D2F19B81CEA15EC0099142E /* Carthage Run Script */ = {
			isa = PBXShellScriptBuildPhase;
			buildActionMask = 2147483647;
			files = (
			);
			inputPaths = (
				"$(SRCROOT)/Carthage/Build/iOS/DZNEmptyDataSet.framework",
				"$(SRCROOT)/Carthage/Build/iOS/JLRoutes.framework",
				"$(SRCROOT)/Carthage/Build/iOS/Locksmith.framework",
				"$(SRCROOT)/Carthage/Build/iOS/RxBlocking.framework",
				"$(SRCROOT)/Carthage/Build/iOS/RxCocoa.framework",
				"$(SRCROOT)/Carthage/Build/iOS/RxSwift.framework",
				"$(SRCROOT)/Carthage/Build/iOS/Swinject.framework",
				"$(SRCROOT)/Carthage/Build/iOS/XCGLogger.framework",
				"$(SRCROOT)/Carthage/Build/iOS/Rswift.framework",
				"$(SRCROOT)/Carthage/Build/iOS/Decodable.framework",
				"$(SRCROOT)/Carthage/Build/iOS/SwiftyJSON.framework",
			);
			name = "Carthage Run Script";
			outputPaths = (
			);
			runOnlyForDeploymentPostprocessing = 0;
			shellPath = /bin/sh;
			shellScript = "/usr/local/bin/carthage copy-frameworks";
		};
		1D2F19BC1CEAFC640099142E /* RSwift Run Script */ = {
			isa = PBXShellScriptBuildPhase;
			buildActionMask = 2147483647;
			files = (
			);
			inputPaths = (
			);
			name = "RSwift Run Script";
			outputPaths = (
			);
			runOnlyForDeploymentPostprocessing = 0;
			shellPath = /bin/sh;
			shellScript = "\"$SRCROOT/Showroom/rswift\" \"$SRCROOT/Showroom\"";
		};
/* End PBXShellScriptBuildPhase section */

/* Begin PBXSourcesBuildPhase section */
		1D2F19371CE9CE250099142E /* Sources */ = {
			isa = PBXSourcesBuildPhase;
			buildActionMask = 2147483647;
			files = (
				1D2F19611CE9CED80099142E /* RootViewController.swift in Sources */,
				1D2F193F1CE9CE250099142E /* AppDelegate.swift in Sources */,
				1D2F19C01CEAFD220099142E /* R.generated.swift in Sources */,
			);
			runOnlyForDeploymentPostprocessing = 0;
		};
		1D2F194B1CE9CE250099142E /* Sources */ = {
			isa = PBXSourcesBuildPhase;
			buildActionMask = 2147483647;
			files = (
				1D2F19541CE9CE250099142E /* ShowroomTests.swift in Sources */,
			);
			runOnlyForDeploymentPostprocessing = 0;
		};
/* End PBXSourcesBuildPhase section */

/* Begin PBXTargetDependency section */
		1D2F19511CE9CE250099142E /* PBXTargetDependency */ = {
			isa = PBXTargetDependency;
			target = 1D2F193A1CE9CE250099142E /* Showroom */;
			targetProxy = 1D2F19501CE9CE250099142E /* PBXContainerItemProxy */;
		};
/* End PBXTargetDependency section */

/* Begin PBXVariantGroup section */
		1D2F19471CE9CE250099142E /* LaunchScreen.storyboard */ = {
			isa = PBXVariantGroup;
			children = (
				1D2F19481CE9CE250099142E /* Base */,
			);
			name = LaunchScreen.storyboard;
			sourceTree = "<group>";
		};
/* End PBXVariantGroup section */

/* Begin XCBuildConfiguration section */
		1D2F19561CE9CE250099142E /* Debug */ = {
			isa = XCBuildConfiguration;
			buildSettings = {
				ALWAYS_SEARCH_USER_PATHS = NO;
				CLANG_ANALYZER_NONNULL = YES;
				CLANG_CXX_LANGUAGE_STANDARD = "gnu++0x";
				CLANG_CXX_LIBRARY = "libc++";
				CLANG_ENABLE_MODULES = YES;
				CLANG_ENABLE_OBJC_ARC = YES;
				CLANG_WARN_BOOL_CONVERSION = YES;
				CLANG_WARN_CONSTANT_CONVERSION = YES;
				CLANG_WARN_DIRECT_OBJC_ISA_USAGE = YES_ERROR;
				CLANG_WARN_EMPTY_BODY = YES;
				CLANG_WARN_ENUM_CONVERSION = YES;
				CLANG_WARN_INT_CONVERSION = YES;
				CLANG_WARN_OBJC_ROOT_CLASS = YES_ERROR;
				CLANG_WARN_UNREACHABLE_CODE = YES;
				CLANG_WARN__DUPLICATE_METHOD_MATCH = YES;
				"CODE_SIGN_IDENTITY[sdk=iphoneos*]" = "iPhone Developer";
				COPY_PHASE_STRIP = NO;
				DEBUG_INFORMATION_FORMAT = dwarf;
				ENABLE_STRICT_OBJC_MSGSEND = YES;
				ENABLE_TESTABILITY = YES;
				GCC_C_LANGUAGE_STANDARD = gnu99;
				GCC_DYNAMIC_NO_PIC = NO;
				GCC_NO_COMMON_BLOCKS = YES;
				GCC_OPTIMIZATION_LEVEL = 0;
				GCC_PREPROCESSOR_DEFINITIONS = (
					"DEBUG=1",
					"$(inherited)",
				);
				GCC_WARN_64_TO_32_BIT_CONVERSION = YES;
				GCC_WARN_ABOUT_RETURN_TYPE = YES_ERROR;
				GCC_WARN_UNDECLARED_SELECTOR = YES;
				GCC_WARN_UNINITIALIZED_AUTOS = YES_AGGRESSIVE;
				GCC_WARN_UNUSED_FUNCTION = YES;
				GCC_WARN_UNUSED_VARIABLE = YES;
				IPHONEOS_DEPLOYMENT_TARGET = 9.3;
				MTL_ENABLE_DEBUG_INFO = YES;
				ONLY_ACTIVE_ARCH = YES;
				SDKROOT = iphoneos;
				SWIFT_OPTIMIZATION_LEVEL = "-Onone";
			};
			name = Debug;
		};
		1D2F19571CE9CE250099142E /* Release */ = {
			isa = XCBuildConfiguration;
			buildSettings = {
				ALWAYS_SEARCH_USER_PATHS = NO;
				CLANG_ANALYZER_NONNULL = YES;
				CLANG_CXX_LANGUAGE_STANDARD = "gnu++0x";
				CLANG_CXX_LIBRARY = "libc++";
				CLANG_ENABLE_MODULES = YES;
				CLANG_ENABLE_OBJC_ARC = YES;
				CLANG_WARN_BOOL_CONVERSION = YES;
				CLANG_WARN_CONSTANT_CONVERSION = YES;
				CLANG_WARN_DIRECT_OBJC_ISA_USAGE = YES_ERROR;
				CLANG_WARN_EMPTY_BODY = YES;
				CLANG_WARN_ENUM_CONVERSION = YES;
				CLANG_WARN_INT_CONVERSION = YES;
				CLANG_WARN_OBJC_ROOT_CLASS = YES_ERROR;
				CLANG_WARN_UNREACHABLE_CODE = YES;
				CLANG_WARN__DUPLICATE_METHOD_MATCH = YES;
				"CODE_SIGN_IDENTITY[sdk=iphoneos*]" = "iPhone Developer";
				COPY_PHASE_STRIP = NO;
				DEBUG_INFORMATION_FORMAT = "dwarf-with-dsym";
				ENABLE_NS_ASSERTIONS = NO;
				ENABLE_STRICT_OBJC_MSGSEND = YES;
				GCC_C_LANGUAGE_STANDARD = gnu99;
				GCC_NO_COMMON_BLOCKS = YES;
				GCC_WARN_64_TO_32_BIT_CONVERSION = YES;
				GCC_WARN_ABOUT_RETURN_TYPE = YES_ERROR;
				GCC_WARN_UNDECLARED_SELECTOR = YES;
				GCC_WARN_UNINITIALIZED_AUTOS = YES_AGGRESSIVE;
				GCC_WARN_UNUSED_FUNCTION = YES;
				GCC_WARN_UNUSED_VARIABLE = YES;
				IPHONEOS_DEPLOYMENT_TARGET = 9.3;
				MTL_ENABLE_DEBUG_INFO = NO;
				SDKROOT = iphoneos;
				VALIDATE_PRODUCT = YES;
			};
			name = Release;
		};
		1D2F19591CE9CE250099142E /* Debug */ = {
			isa = XCBuildConfiguration;
			buildSettings = {
				ASSETCATALOG_COMPILER_APPICON_NAME = AppIcon;
				EMBEDDED_CONTENT_CONTAINS_SWIFT = YES;
				FRAMEWORK_SEARCH_PATHS = (
					"$(inherited)",
					"$(PROJECT_DIR)/Carthage/Build/iOS",
				);
				INFOPLIST_FILE = Showroom/Info.plist;
				LD_RUNPATH_SEARCH_PATHS = "$(inherited) @executable_path/Frameworks";
				PRODUCT_BUNDLE_IDENTIFIER = com.showroom.Showroom;
				PRODUCT_NAME = "$(TARGET_NAME)";
			};
			name = Debug;
		};
		1D2F195A1CE9CE250099142E /* Release */ = {
			isa = XCBuildConfiguration;
			buildSettings = {
				ASSETCATALOG_COMPILER_APPICON_NAME = AppIcon;
				EMBEDDED_CONTENT_CONTAINS_SWIFT = YES;
				FRAMEWORK_SEARCH_PATHS = (
					"$(inherited)",
					"$(PROJECT_DIR)/Carthage/Build/iOS",
				);
				INFOPLIST_FILE = Showroom/Info.plist;
				LD_RUNPATH_SEARCH_PATHS = "$(inherited) @executable_path/Frameworks";
				PRODUCT_BUNDLE_IDENTIFIER = com.showroom.Showroom;
				PRODUCT_NAME = "$(TARGET_NAME)";
			};
			name = Release;
		};
		1D2F195C1CE9CE250099142E /* Debug */ = {
			isa = XCBuildConfiguration;
			buildSettings = {
				BUNDLE_LOADER = "$(TEST_HOST)";
				FRAMEWORK_SEARCH_PATHS = (
					"$(inherited)",
					"$(PROJECT_DIR)/Carthage/Build/iOS",
				);
				INFOPLIST_FILE = ShowroomTests/Info.plist;
				LD_RUNPATH_SEARCH_PATHS = "$(inherited) @executable_path/Frameworks @loader_path/Frameworks";
				PRODUCT_BUNDLE_IDENTIFIER = com.showroom.ShowroomTests;
				PRODUCT_NAME = "$(TARGET_NAME)";
				TEST_HOST = "$(BUILT_PRODUCTS_DIR)/Showroom.app/Showroom";
			};
			name = Debug;
		};
		1D2F195D1CE9CE250099142E /* Release */ = {
			isa = XCBuildConfiguration;
			buildSettings = {
				BUNDLE_LOADER = "$(TEST_HOST)";
				FRAMEWORK_SEARCH_PATHS = (
					"$(inherited)",
					"$(PROJECT_DIR)/Carthage/Build/iOS",
				);
				INFOPLIST_FILE = ShowroomTests/Info.plist;
				LD_RUNPATH_SEARCH_PATHS = "$(inherited) @executable_path/Frameworks @loader_path/Frameworks";
				PRODUCT_BUNDLE_IDENTIFIER = com.showroom.ShowroomTests;
				PRODUCT_NAME = "$(TARGET_NAME)";
				TEST_HOST = "$(BUILT_PRODUCTS_DIR)/Showroom.app/Showroom";
			};
			name = Release;
		};
/* End XCBuildConfiguration section */

/* Begin XCConfigurationList section */
		1D2F19361CE9CE250099142E /* Build configuration list for PBXProject "Showroom" */ = {
			isa = XCConfigurationList;
			buildConfigurations = (
				1D2F19561CE9CE250099142E /* Debug */,
				1D2F19571CE9CE250099142E /* Release */,
			);
			defaultConfigurationIsVisible = 0;
			defaultConfigurationName = Release;
		};
		1D2F19581CE9CE250099142E /* Build configuration list for PBXNativeTarget "Showroom" */ = {
			isa = XCConfigurationList;
			buildConfigurations = (
				1D2F19591CE9CE250099142E /* Debug */,
				1D2F195A1CE9CE250099142E /* Release */,
			);
			defaultConfigurationIsVisible = 0;
			defaultConfigurationName = Release;
		};
		1D2F195B1CE9CE250099142E /* Build configuration list for PBXNativeTarget "ShowroomTests" */ = {
			isa = XCConfigurationList;
			buildConfigurations = (
				1D2F195C1CE9CE250099142E /* Debug */,
				1D2F195D1CE9CE250099142E /* Release */,
			);
			defaultConfigurationIsVisible = 0;
			defaultConfigurationName = Release;
		};
/* End XCConfigurationList section */
	};
	rootObject = 1D2F19331CE9CE250099142E /* Project object */;
}
