// !$*UTF8*$!
{
	archiveVersion = 1;
	classes = {
	};
	objectVersion = 46;
	objects = {

/* Begin PBXBuildFile section */
		1D08E82719A7621A00879BD2 /* Foundation.framework in Frameworks */ = {isa = PBXBuildFile; fileRef = 1D08E82619A7621A00879BD2 /* Foundation.framework */; };
		1D08E82919A7621A00879BD2 /* CoreGraphics.framework in Frameworks */ = {isa = PBXBuildFile; fileRef = 1D08E82819A7621A00879BD2 /* CoreGraphics.framework */; };
		1D08E82B19A7621A00879BD2 /* UIKit.framework in Frameworks */ = {isa = PBXBuildFile; fileRef = 1D08E82A19A7621A00879BD2 /* UIKit.framework */; };
		1D08E82D19A7621A00879BD2 /* CoreData.framework in Frameworks */ = {isa = PBXBuildFile; fileRef = 1D08E82C19A7621A00879BD2 /* CoreData.framework */; };
		1D08E83319A7621A00879BD2 /* InfoPlist.strings in Resources */ = {isa = PBXBuildFile; fileRef = 1D08E83119A7621A00879BD2 /* InfoPlist.strings */; };
		1D08E83519A7621A00879BD2 /* main.m in Sources */ = {isa = PBXBuildFile; fileRef = 1D08E83419A7621A00879BD2 /* main.m */; };
		1D08E83919A7621A00879BD2 /* BPAppDelegate.m in Sources */ = {isa = PBXBuildFile; fileRef = 1D08E83819A7621A00879BD2 /* BPAppDelegate.m */; };
		1D08E83C19A7621A00879BD2 /* Pola.xcdatamodeld in Sources */ = {isa = PBXBuildFile; fileRef = 1D08E83A19A7621A00879BD2 /* Pola.xcdatamodeld */; };
		1D08E83E19A7621A00879BD2 /* Images.xcassets in Resources */ = {isa = PBXBuildFile; fileRef = 1D08E83D19A7621A00879BD2 /* Images.xcassets */; };
		1D08E84519A7621A00879BD2 /* XCTest.framework in Frameworks */ = {isa = PBXBuildFile; fileRef = 1D08E84419A7621A00879BD2 /* XCTest.framework */; };
		1D08E84619A7621A00879BD2 /* Foundation.framework in Frameworks */ = {isa = PBXBuildFile; fileRef = 1D08E82619A7621A00879BD2 /* Foundation.framework */; };
		1D08E84719A7621A00879BD2 /* UIKit.framework in Frameworks */ = {isa = PBXBuildFile; fileRef = 1D08E82A19A7621A00879BD2 /* UIKit.framework */; };
		1D08E84819A7621A00879BD2 /* CoreData.framework in Frameworks */ = {isa = PBXBuildFile; fileRef = 1D08E82C19A7621A00879BD2 /* CoreData.framework */; };
		1D08E85019A7621A00879BD2 /* InfoPlist.strings in Resources */ = {isa = PBXBuildFile; fileRef = 1D08E84E19A7621A00879BD2 /* InfoPlist.strings */; };
		1D08E85219A7621A00879BD2 /* PolaTests.m in Sources */ = {isa = PBXBuildFile; fileRef = 1D08E85119A7621A00879BD2 /* PolaTests.m */; };
		1D648C131A71B483002B413D /* Crashlytics.framework in Frameworks */ = {isa = PBXBuildFile; fileRef = 1D648C111A71B483002B413D /* Crashlytics.framework */; };
		1D648C141A71B483002B413D /* Fabric.framework in Frameworks */ = {isa = PBXBuildFile; fileRef = 1D648C121A71B483002B413D /* Fabric.framework */; };
		1DEFA1BB1BD9920600938C81 /* Lato-Light.ttf in Resources */ = {isa = PBXBuildFile; fileRef = 1DEFA1B81BD9920600938C81 /* Lato-Light.ttf */; };
		1DEFA1BC1BD9920600938C81 /* Lato-Light.ttf in Resources */ = {isa = PBXBuildFile; fileRef = 1DEFA1B81BD9920600938C81 /* Lato-Light.ttf */; };
		1DEFA1BD1BD9920600938C81 /* Lato-Regular.ttf in Resources */ = {isa = PBXBuildFile; fileRef = 1DEFA1B91BD9920600938C81 /* Lato-Regular.ttf */; };
		1DEFA1BE1BD9920600938C81 /* Lato-Regular.ttf in Resources */ = {isa = PBXBuildFile; fileRef = 1DEFA1B91BD9920600938C81 /* Lato-Regular.ttf */; };
		1DEFA1BF1BD9920600938C81 /* Lato-Semibold.ttf in Resources */ = {isa = PBXBuildFile; fileRef = 1DEFA1BA1BD9920600938C81 /* Lato-Semibold.ttf */; };
		1DEFA1C01BD9920600938C81 /* Lato-Semibold.ttf in Resources */ = {isa = PBXBuildFile; fileRef = 1DEFA1BA1BD9920600938C81 /* Lato-Semibold.ttf */; };
		374B5B8A1C71C14100E74BBB /* NSDictionary_ParsingTests.m in Sources */ = {isa = PBXBuildFile; fileRef = 374B5B891C71C14100E74BBB /* NSDictionary_ParsingTests.m */; };
		374B5B8D1C71C15D00E74BBB /* NSDictionary+Parsing.m in Sources */ = {isa = PBXBuildFile; fileRef = 374B5B8C1C71C15D00E74BBB /* NSDictionary+Parsing.m */; };
		37B6402EAD901CC4D954596B /* BPReportManager.m in Sources */ = {isa = PBXBuildFile; fileRef = 37B644CFCD087DBE4C190DDC /* BPReportManager.m */; };
		37B6403420F94515369E0F06 /* BPReport.m in Sources */ = {isa = PBXBuildFile; fileRef = 37B646C0316F49D1FC593647 /* BPReport.m */; };
		37B6405B2B77BAAD1DC986CF /* UILabel+BPAdditions.m in Sources */ = {isa = PBXBuildFile; fileRef = 37B64B4F653A9EE90A4C985E /* UILabel+BPAdditions.m */; };
		37B6408A3F64660D26DE0B13 /* BPAboutViewController.m in Sources */ = {isa = PBXBuildFile; fileRef = 37B64BE65625A6DB4C22E8F0 /* BPAboutViewController.m */; };
		37B6416E16FEB2AD27BB3D9E /* BPAPIResponse.m in Sources */ = {isa = PBXBuildFile; fileRef = 37B6468E5905EC7102613DAB /* BPAPIResponse.m */; };
		37B641B5D6F386E7E2A67DF8 /* BPMainProggressView.m in Sources */ = {isa = PBXBuildFile; fileRef = 37B6475C7B46DB08C451363C /* BPMainProggressView.m */; };
		37B641D5FD17D93BC7B1901B /* BPRootViewController.m in Sources */ = {isa = PBXBuildFile; fileRef = 37B64960EF3268FB825DD2FE /* BPRootViewController.m */; };
		37B641E616DF6D3029539275 /* NSLayoutConstraint+BPAdditions.m in Sources */ = {isa = PBXBuildFile; fileRef = 37B64CD13446A6BEBA4B6A9A /* NSLayoutConstraint+BPAdditions.m */; };
		37B642317C6BC629AFB0394F /* BPProductManager.m in Sources */ = {isa = PBXBuildFile; fileRef = 37B642B56DC862C60A6F3CE2 /* BPProductManager.m */; };
		37B6423FEFD4E46BF69E0228 /* BPAPIAccessor+BPReport.m in Sources */ = {isa = PBXBuildFile; fileRef = 37B64A3A16B65AB6F70F0612 /* BPAPIAccessor+BPReport.m */; };
		37B642E8F1F16F59571A854C /* BPImageContainerView.m in Sources */ = {isa = PBXBuildFile; fileRef = 37B643918AB6D1110984DE93 /* BPImageContainerView.m */; };
		37B643DED9D7D3BF35EFF857 /* BPAboutNavigationController.m in Sources */ = {isa = PBXBuildFile; fileRef = 37B64979D8320ED15EE627BC /* BPAboutNavigationController.m */; };
		37B644C091A98460F4483418 /* BPReportResult.m in Sources */ = {isa = PBXBuildFile; fileRef = 37B649BF8BABC5843F94A0A9 /* BPReportResult.m */; };
		37B644D57E5398A17DFA806D /* UIAlertView+BPUtilities.m in Sources */ = {isa = PBXBuildFile; fileRef = 37B64F1EE6D97F7987CF00CF /* UIAlertView+BPUtilities.m */; };
		37B645454FC2ACC155CB1538 /* AVFoundation.framework in Frameworks */ = {isa = PBXBuildFile; fileRef = 37B6472FF4603F63771FADE6 /* AVFoundation.framework */; };
		37B645F07C9913D25328C568 /* BPScanCodeView.m in Sources */ = {isa = PBXBuildFile; fileRef = 37B64A1CFA3A5EA1F51ED5DE /* BPScanCodeView.m */; };
		37B6466CC6A62A7DA8229188 /* BPActivityIndicatorView.m in Sources */ = {isa = PBXBuildFile; fileRef = 37B64109D5EC518C82C8EA7C /* BPActivityIndicatorView.m */; };
		37B646BC2546890EB330F4FD /* BPTask.m in Sources */ = {isa = PBXBuildFile; fileRef = 37B64A4E6D2911A1145CB104 /* BPTask.m */; };
		37B647E20B1B2E3F5F0ECFA3 /* BPAPIAccessor.m in Sources */ = {isa = PBXBuildFile; fileRef = 37B648A1A89B376DE62E2133 /* BPAPIAccessor.m */; };
		37B647F36DC4A91682A0566B /* BPKeyboardManager.m in Sources */ = {isa = PBXBuildFile; fileRef = 37B64EB824D550DB209CEAA8 /* BPKeyboardManager.m */; };
		37B647FB39C0F80116FD674D /* BPAboutRow.m in Sources */ = {isa = PBXBuildFile; fileRef = 37B64A12F1C90B0F08E6DD43 /* BPAboutRow.m */; };
		37B6480CB8E9273EAC35EDA6 /* NSString+BPUtilities.m in Sources */ = {isa = PBXBuildFile; fileRef = 37B644631C60E8DE444885DD /* NSString+BPUtilities.m */; };
		37B64812B722CA03E04616F8 /* UIColor+BPAdditions.m in Sources */ = {isa = PBXBuildFile; fileRef = 37B647BF6FE35C81DE565761 /* UIColor+BPAdditions.m */; };
		37B6482F8EF3F11BE5ECEAAB /* BPReportProblemView.m in Sources */ = {isa = PBXBuildFile; fileRef = 37B6403F99127A3C286EA24E /* BPReportProblemView.m */; };
		37B648580AB2106E285B58C2 /* BPReportProblemViewController.m in Sources */ = {isa = PBXBuildFile; fileRef = 37B644E893F9831BEB40A125 /* BPReportProblemViewController.m */; };
		37B648D280BBB1A95E85962E /* BPSecondaryProgressView.m in Sources */ = {isa = PBXBuildFile; fileRef = 37B64C3D23F4E691A0CDACA0 /* BPSecondaryProgressView.m */; };
		37B6498848E97978409489A6 /* NSDictionary+BPJSON.m in Sources */ = {isa = PBXBuildFile; fileRef = 37B64059D45CBC595213920F /* NSDictionary+BPJSON.m */; };
		37B6498E15B68A84069DD3A5 /* BPAnalyticsHelper.m in Sources */ = {isa = PBXBuildFile; fileRef = 37B641F70BCE669CF5019BB7 /* BPAnalyticsHelper.m */; };
		37B649B3937D6158B554F509 /* BPObjectionModule.m in Sources */ = {isa = PBXBuildFile; fileRef = 37B64DFDBDE3A5CEE19D6FDB /* BPObjectionModule.m */; };
		37B649B71B7F59A1741CD9B7 /* BPScanResult.m in Sources */ = {isa = PBXBuildFile; fileRef = 37B6413AB46D8FAC81D1E72B /* BPScanResult.m */; };
		37B649CC5A32714DBC4E9751 /* BPCompanyContentView.m in Sources */ = {isa = PBXBuildFile; fileRef = 37B64D7A776137D18AFDB329 /* BPCompanyContentView.m */; };
		37B649F994C9AC9767A6AE8B /* BPWebAboutRow.m in Sources */ = {isa = PBXBuildFile; fileRef = 37B643AFD35745CD11E280DC /* BPWebAboutRow.m */; };
		37B64A095B01FB6355E7E21E /* BPAboutWebViewController.m in Sources */ = {isa = PBXBuildFile; fileRef = 37B640107A226F2F1B7CAA9D /* BPAboutWebViewController.m */; };
		37B64A4DC0F7F5F1DAC9D791 /* BPStackView.m in Sources */ = {isa = PBXBuildFile; fileRef = 37B6499FA4AA777D1E05D4C7 /* BPStackView.m */; };
		37B64A5D21387F5E0613B2AA /* BPTaskRunner.m in Sources */ = {isa = PBXBuildFile; fileRef = 37B6447BFF3F65026E98D810 /* BPTaskRunner.m */; };
		37B64B04E790A7948469FA50 /* BPProductImageManager.m in Sources */ = {isa = PBXBuildFile; fileRef = 37B6499F703E06B35CC81F50 /* BPProductImageManager.m */; };
		37B64B07EFEFFFDCC225AF5E /* BPCameraSessionManager.m in Sources */ = {isa = PBXBuildFile; fileRef = 37B64A6EE7790CE9A2DFFF7E /* BPCameraSessionManager.m */; };
		37B64B7D226FBFA23FFCA1C1 /* Localizable.strings in Resources */ = {isa = PBXBuildFile; fileRef = 37B645C93F848A6F598F96E2 /* Localizable.strings */; };
		37B64BC4371E659752F34583 /* BPTheme.m in Sources */ = {isa = PBXBuildFile; fileRef = 37B649313DDC60DC19AFBFD7 /* BPTheme.m */; };
		37B64BC8938BC7942D533D2F /* BPScanCodeViewController.m in Sources */ = {isa = PBXBuildFile; fileRef = 37B64728A5FC383EB464DA9F /* BPScanCodeViewController.m */; };
		37B64D38E60651D383A2F8F7 /* BPDeviceHelper.m in Sources */ = {isa = PBXBuildFile; fileRef = 37B6453D6C76C627D4F7C568 /* BPDeviceHelper.m */; };
		37B64D4617BA6760E8B4101F /* BPAPIAccessor+BPScan.m in Sources */ = {isa = PBXBuildFile; fileRef = 37B64A5E17F2E5888839150C /* BPAPIAccessor+BPScan.m */; };
		37B64E4A4C23A423A7B102CB /* BPScanResult+Utilities.m in Sources */ = {isa = PBXBuildFile; fileRef = 37B6473D93970F5113F3AAB3 /* BPScanResult+Utilities.m */; };
		37B64E4E58C1CE8446137CD1 /* BPCompanyCardView.m in Sources */ = {isa = PBXBuildFile; fileRef = 37B64CC5D0DF5C45420F13CA /* BPCompanyCardView.m */; };
		37B64EBEB659B5811A9540AA /* BPCheckRow.m in Sources */ = {isa = PBXBuildFile; fileRef = 37B645DA6246E6D73727CE55 /* BPCheckRow.m */; };
		37B64F7816B23819A90C0456 /* BPLogger.m in Sources */ = {isa = PBXBuildFile; fileRef = 37B6464528820E718DBABAA5 /* BPLogger.m */; };
		37B64FF08BF5367BF9669B33 /* BPUtilities.m in Sources */ = {isa = PBXBuildFile; fileRef = 37B64B74E1FAED6141BA2B25 /* BPUtilities.m */; };
		69518FC099FB71F3DCFF46DE /* libPods.a in Frameworks */ = {isa = PBXBuildFile; fileRef = DF0AB075C622D66E92D300ED /* libPods.a */; };
		ABCA9D8499A8FF36227B6C94 /* UIApplication+BPStatusBarHeight.m in Sources */ = {isa = PBXBuildFile; fileRef = ABCA997979B62F78CFCB7E19 /* UIApplication+BPStatusBarHeight.m */; };
/* End PBXBuildFile section */

/* Begin PBXContainerItemProxy section */
		1D08E84919A7621A00879BD2 /* PBXContainerItemProxy */ = {
			isa = PBXContainerItemProxy;
			containerPortal = 1D08E81B19A7621A00879BD2 /* Project object */;
			proxyType = 1;
			remoteGlobalIDString = 1D08E82219A7621A00879BD2;
			remoteInfo = BuyPolish;
		};
/* End PBXContainerItemProxy section */

/* Begin PBXFileReference section */
		1D08E82319A7621A00879BD2 /* Pola.app */ = {isa = PBXFileReference; explicitFileType = wrapper.application; includeInIndex = 0; path = Pola.app; sourceTree = BUILT_PRODUCTS_DIR; };
		1D08E82619A7621A00879BD2 /* Foundation.framework */ = {isa = PBXFileReference; lastKnownFileType = wrapper.framework; name = Foundation.framework; path = System/Library/Frameworks/Foundation.framework; sourceTree = SDKROOT; };
		1D08E82819A7621A00879BD2 /* CoreGraphics.framework */ = {isa = PBXFileReference; lastKnownFileType = wrapper.framework; name = CoreGraphics.framework; path = System/Library/Frameworks/CoreGraphics.framework; sourceTree = SDKROOT; };
		1D08E82A19A7621A00879BD2 /* UIKit.framework */ = {isa = PBXFileReference; lastKnownFileType = wrapper.framework; name = UIKit.framework; path = System/Library/Frameworks/UIKit.framework; sourceTree = SDKROOT; };
		1D08E82C19A7621A00879BD2 /* CoreData.framework */ = {isa = PBXFileReference; lastKnownFileType = wrapper.framework; name = CoreData.framework; path = System/Library/Frameworks/CoreData.framework; sourceTree = SDKROOT; };
		1D08E83019A7621A00879BD2 /* Pola-Info.plist */ = {isa = PBXFileReference; lastKnownFileType = text.plist.xml; path = "Pola-Info.plist"; sourceTree = "<group>"; };
		1D08E83419A7621A00879BD2 /* main.m */ = {isa = PBXFileReference; lastKnownFileType = sourcecode.c.objc; path = main.m; sourceTree = "<group>"; };
		1D08E83619A7621A00879BD2 /* Pola-Prefix.pch */ = {isa = PBXFileReference; lastKnownFileType = sourcecode.c.h; path = "Pola-Prefix.pch"; sourceTree = "<group>"; };
		1D08E83719A7621A00879BD2 /* BPAppDelegate.h */ = {isa = PBXFileReference; lastKnownFileType = sourcecode.c.h; path = BPAppDelegate.h; sourceTree = "<group>"; };
		1D08E83819A7621A00879BD2 /* BPAppDelegate.m */ = {isa = PBXFileReference; lastKnownFileType = sourcecode.c.objc; path = BPAppDelegate.m; sourceTree = "<group>"; };
		1D08E83B19A7621A00879BD2 /* Pola.xcdatamodel */ = {isa = PBXFileReference; lastKnownFileType = wrapper.xcdatamodel; path = Pola.xcdatamodel; sourceTree = "<group>"; };
		1D08E83D19A7621A00879BD2 /* Images.xcassets */ = {isa = PBXFileReference; lastKnownFileType = folder.assetcatalog; path = Images.xcassets; sourceTree = "<group>"; };
		1D08E84319A7621A00879BD2 /* PolaTests.xctest */ = {isa = PBXFileReference; explicitFileType = wrapper.cfbundle; includeInIndex = 0; path = PolaTests.xctest; sourceTree = BUILT_PRODUCTS_DIR; };
		1D08E84419A7621A00879BD2 /* XCTest.framework */ = {isa = PBXFileReference; lastKnownFileType = wrapper.framework; name = XCTest.framework; path = Library/Frameworks/XCTest.framework; sourceTree = DEVELOPER_DIR; };
		1D08E84D19A7621A00879BD2 /* PolaTests-Info.plist */ = {isa = PBXFileReference; lastKnownFileType = text.plist.xml; path = "PolaTests-Info.plist"; sourceTree = "<group>"; };
		1D08E85119A7621A00879BD2 /* PolaTests.m */ = {isa = PBXFileReference; lastKnownFileType = sourcecode.c.objc; path = PolaTests.m; sourceTree = "<group>"; };
		1D648C111A71B483002B413D /* Crashlytics.framework */ = {isa = PBXFileReference; lastKnownFileType = wrapper.framework; path = Crashlytics.framework; sourceTree = "<group>"; };
		1D648C121A71B483002B413D /* Fabric.framework */ = {isa = PBXFileReference; lastKnownFileType = wrapper.framework; path = Fabric.framework; sourceTree = "<group>"; };
		1DEFA1B81BD9920600938C81 /* Lato-Light.ttf */ = {isa = PBXFileReference; lastKnownFileType = file; path = "Lato-Light.ttf"; sourceTree = "<group>"; };
		1DEFA1B91BD9920600938C81 /* Lato-Regular.ttf */ = {isa = PBXFileReference; lastKnownFileType = file; path = "Lato-Regular.ttf"; sourceTree = "<group>"; };
		1DEFA1BA1BD9920600938C81 /* Lato-Semibold.ttf */ = {isa = PBXFileReference; lastKnownFileType = file; path = "Lato-Semibold.ttf"; sourceTree = "<group>"; };
		1DEFA1C11BD99B8900938C81 /* pl */ = {isa = PBXFileReference; lastKnownFileType = text.plist.strings; name = pl; path = pl.lproj/InfoPlist.strings; sourceTree = "<group>"; };
		1DEFA1C21BD99B8900938C81 /* pl */ = {isa = PBXFileReference; lastKnownFileType = text.plist.strings; name = pl; path = pl.lproj/Localizable.strings; sourceTree = "<group>"; };
		1DEFA1C31BD99B8900938C81 /* pl */ = {isa = PBXFileReference; lastKnownFileType = text.plist.strings; name = pl; path = pl.lproj/InfoPlist.strings; sourceTree = "<group>"; };
		3113702D8B8D1BEF39F1B926 /* Pods.release.xcconfig */ = {isa = PBXFileReference; includeInIndex = 1; lastKnownFileType = text.xcconfig; name = Pods.release.xcconfig; path = "Pods/Target Support Files/Pods/Pods.release.xcconfig"; sourceTree = "<group>"; };
		374B5B891C71C14100E74BBB /* NSDictionary_ParsingTests.m */ = {isa = PBXFileReference; fileEncoding = 4; lastKnownFileType = sourcecode.c.objc; path = NSDictionary_ParsingTests.m; sourceTree = "<group>"; };
		374B5B8B1C71C15D00E74BBB /* NSDictionary+Parsing.h */ = {isa = PBXFileReference; fileEncoding = 4; lastKnownFileType = sourcecode.c.h; name = "NSDictionary+Parsing.h"; path = "Pola/Utilities/Categories/NSDictionary+Parsing.h"; sourceTree = SOURCE_ROOT; };
		374B5B8C1C71C15D00E74BBB /* NSDictionary+Parsing.m */ = {isa = PBXFileReference; fileEncoding = 4; lastKnownFileType = sourcecode.c.objc; name = "NSDictionary+Parsing.m"; path = "Pola/Utilities/Categories/NSDictionary+Parsing.m"; sourceTree = SOURCE_ROOT; };
		37B640107A226F2F1B7CAA9D /* BPAboutWebViewController.m */ = {isa = PBXFileReference; fileEncoding = 4; lastKnownFileType = sourcecode.c.objc; path = BPAboutWebViewController.m; sourceTree = "<group>"; };
		37B6403303FCD733D9C39863 /* BPKeyboardManager.h */ = {isa = PBXFileReference; fileEncoding = 4; lastKnownFileType = sourcecode.c.h; path = BPKeyboardManager.h; sourceTree = "<group>"; };
		37B6403F99127A3C286EA24E /* BPReportProblemView.m */ = {isa = PBXFileReference; fileEncoding = 4; lastKnownFileType = sourcecode.c.objc; path = BPReportProblemView.m; sourceTree = "<group>"; };
		37B64052976ED2E84E372027 /* BPAPIAccessor+BPReport.h */ = {isa = PBXFileReference; fileEncoding = 4; lastKnownFileType = sourcecode.c.h; path = "BPAPIAccessor+BPReport.h"; sourceTree = "<group>"; };
		37B64059D45CBC595213920F /* NSDictionary+BPJSON.m */ = {isa = PBXFileReference; fileEncoding = 4; lastKnownFileType = sourcecode.c.objc; path = "NSDictionary+BPJSON.m"; sourceTree = "<group>"; };
		37B64096880AC9C86B2DF4B1 /* BPScanResult+Utilities.h */ = {isa = PBXFileReference; fileEncoding = 4; lastKnownFileType = sourcecode.c.h; path = "BPScanResult+Utilities.h"; sourceTree = "<group>"; };
		37B6409BC5602C24443D14E4 /* NSDictionary+BPJSON.h */ = {isa = PBXFileReference; fileEncoding = 4; lastKnownFileType = sourcecode.c.h; path = "NSDictionary+BPJSON.h"; sourceTree = "<group>"; };
		37B640B1117CB6C80C7D6C04 /* BPAPIAccessor+BPScan.h */ = {isa = PBXFileReference; fileEncoding = 4; lastKnownFileType = sourcecode.c.h; path = "BPAPIAccessor+BPScan.h"; sourceTree = "<group>"; };
		37B640F75A0AFD8BE0258183 /* BPTask.h */ = {isa = PBXFileReference; fileEncoding = 4; lastKnownFileType = sourcecode.c.h; path = BPTask.h; sourceTree = "<group>"; };
		37B64100135F7EACD7C8E7E3 /* BPTaskRunner.h */ = {isa = PBXFileReference; fileEncoding = 4; lastKnownFileType = sourcecode.c.h; path = BPTaskRunner.h; sourceTree = "<group>"; };
		37B64109D5EC518C82C8EA7C /* BPActivityIndicatorView.m */ = {isa = PBXFileReference; fileEncoding = 4; lastKnownFileType = sourcecode.c.objc; path = BPActivityIndicatorView.m; sourceTree = "<group>"; };
		37B6413AB46D8FAC81D1E72B /* BPScanResult.m */ = {isa = PBXFileReference; fileEncoding = 4; lastKnownFileType = sourcecode.c.objc; path = BPScanResult.m; sourceTree = "<group>"; };
		37B641909EEB29EA6575A880 /* BPCompanyContentView.h */ = {isa = PBXFileReference; fileEncoding = 4; lastKnownFileType = sourcecode.c.h; path = BPCompanyContentView.h; sourceTree = "<group>"; };
		37B641F70BCE669CF5019BB7 /* BPAnalyticsHelper.m */ = {isa = PBXFileReference; fileEncoding = 4; lastKnownFileType = sourcecode.c.objc; path = BPAnalyticsHelper.m; sourceTree = "<group>"; };
		37B6424C5D970C2E8F298AAB /* BPCameraSessionManager.h */ = {isa = PBXFileReference; fileEncoding = 4; lastKnownFileType = sourcecode.c.h; path = BPCameraSessionManager.h; sourceTree = "<group>"; };
		37B6429D71F43AB163A1A626 /* BPProductImageManager.h */ = {isa = PBXFileReference; fileEncoding = 4; lastKnownFileType = sourcecode.c.h; path = BPProductImageManager.h; sourceTree = "<group>"; };
		37B642B56DC862C60A6F3CE2 /* BPProductManager.m */ = {isa = PBXFileReference; fileEncoding = 4; lastKnownFileType = sourcecode.c.objc; path = BPProductManager.m; sourceTree = "<group>"; };
		37B642C8016B2BC66A308398 /* BPLogger.h */ = {isa = PBXFileReference; fileEncoding = 4; lastKnownFileType = sourcecode.c.h; path = BPLogger.h; sourceTree = "<group>"; };
		37B642D3E0C1BA54F79353A4 /* BPReportProblemView.h */ = {isa = PBXFileReference; fileEncoding = 4; lastKnownFileType = sourcecode.c.h; path = BPReportProblemView.h; sourceTree = "<group>"; };
		37B642D7D5DAFE42076722C5 /* BPAboutRow.h */ = {isa = PBXFileReference; fileEncoding = 4; lastKnownFileType = sourcecode.c.h; path = BPAboutRow.h; sourceTree = "<group>"; };
		37B642E167318B93DB25452C /* NSLayoutConstraint+BPAdditions.h */ = {isa = PBXFileReference; fileEncoding = 4; lastKnownFileType = sourcecode.c.h; path = "NSLayoutConstraint+BPAdditions.h"; sourceTree = "<group>"; };
		37B6435C9D1C6649FDEECDB4 /* BPImageContainerView.h */ = {isa = PBXFileReference; fileEncoding = 4; lastKnownFileType = sourcecode.c.h; path = BPImageContainerView.h; sourceTree = "<group>"; };
		37B6437B106C442B853F8859 /* BPAnalyticsHelper.h */ = {isa = PBXFileReference; fileEncoding = 4; lastKnownFileType = sourcecode.c.h; path = BPAnalyticsHelper.h; sourceTree = "<group>"; };
		37B643918AB6D1110984DE93 /* BPImageContainerView.m */ = {isa = PBXFileReference; fileEncoding = 4; lastKnownFileType = sourcecode.c.objc; path = BPImageContainerView.m; sourceTree = "<group>"; };
		37B643AFD35745CD11E280DC /* BPWebAboutRow.m */ = {isa = PBXFileReference; fileEncoding = 4; lastKnownFileType = sourcecode.c.objc; path = BPWebAboutRow.m; sourceTree = "<group>"; };
		37B643CE26D1B8399F9EBE5B /* BPObjectionModule.h */ = {isa = PBXFileReference; fileEncoding = 4; lastKnownFileType = sourcecode.c.h; path = BPObjectionModule.h; sourceTree = "<group>"; };
		37B643DBDB2C8991C34FBB86 /* BPWebAboutRow.h */ = {isa = PBXFileReference; fileEncoding = 4; lastKnownFileType = sourcecode.c.h; path = BPWebAboutRow.h; sourceTree = "<group>"; };
		37B64436419438CB2D3553FF /* UILabel+BPAdditions.h */ = {isa = PBXFileReference; fileEncoding = 4; lastKnownFileType = sourcecode.c.h; path = "UILabel+BPAdditions.h"; sourceTree = "<group>"; };
		37B644631C60E8DE444885DD /* NSString+BPUtilities.m */ = {isa = PBXFileReference; fileEncoding = 4; lastKnownFileType = sourcecode.c.objc; path = "NSString+BPUtilities.m"; sourceTree = "<group>"; };
		37B6447A00A8F15D1A078AF7 /* BPReportProblemViewController.h */ = {isa = PBXFileReference; fileEncoding = 4; lastKnownFileType = sourcecode.c.h; path = BPReportProblemViewController.h; sourceTree = "<group>"; };
		37B6447BFF3F65026E98D810 /* BPTaskRunner.m */ = {isa = PBXFileReference; fileEncoding = 4; lastKnownFileType = sourcecode.c.objc; path = BPTaskRunner.m; sourceTree = "<group>"; };
		37B644CFCD087DBE4C190DDC /* BPReportManager.m */ = {isa = PBXFileReference; fileEncoding = 4; lastKnownFileType = sourcecode.c.objc; path = BPReportManager.m; sourceTree = "<group>"; };
		37B644E893F9831BEB40A125 /* BPReportProblemViewController.m */ = {isa = PBXFileReference; fileEncoding = 4; lastKnownFileType = sourcecode.c.objc; path = BPReportProblemViewController.m; sourceTree = "<group>"; };
		37B644EB9663F8806E287450 /* BPAPIAccessor.h */ = {isa = PBXFileReference; fileEncoding = 4; lastKnownFileType = sourcecode.c.h; path = BPAPIAccessor.h; sourceTree = "<group>"; };
		37B6453D6C76C627D4F7C568 /* BPDeviceHelper.m */ = {isa = PBXFileReference; fileEncoding = 4; lastKnownFileType = sourcecode.c.objc; path = BPDeviceHelper.m; sourceTree = "<group>"; };
		37B64563551A7A720902A511 /* BPActivityIndicatorView.h */ = {isa = PBXFileReference; fileEncoding = 4; lastKnownFileType = sourcecode.c.h; path = BPActivityIndicatorView.h; sourceTree = "<group>"; };
		37B645654D3B84690AEA4C0D /* BPUtilities.h */ = {isa = PBXFileReference; fileEncoding = 4; lastKnownFileType = sourcecode.c.h; path = BPUtilities.h; sourceTree = "<group>"; };
		37B64583B2E03DD7AAB57ACC /* BPStackView.h */ = {isa = PBXFileReference; fileEncoding = 4; lastKnownFileType = sourcecode.c.h; path = BPStackView.h; sourceTree = "<group>"; };
		37B645DA6246E6D73727CE55 /* BPCheckRow.m */ = {isa = PBXFileReference; fileEncoding = 4; lastKnownFileType = sourcecode.c.objc; path = BPCheckRow.m; sourceTree = "<group>"; };
		37B6464528820E718DBABAA5 /* BPLogger.m */ = {isa = PBXFileReference; fileEncoding = 4; lastKnownFileType = sourcecode.c.objc; path = BPLogger.m; sourceTree = "<group>"; };
		37B646858232F35A15FF2F1C /* BPCompanyCardView.h */ = {isa = PBXFileReference; fileEncoding = 4; lastKnownFileType = sourcecode.c.h; path = BPCompanyCardView.h; sourceTree = "<group>"; };
		37B6468E5905EC7102613DAB /* BPAPIResponse.m */ = {isa = PBXFileReference; fileEncoding = 4; lastKnownFileType = sourcecode.c.objc; path = BPAPIResponse.m; sourceTree = "<group>"; };
		37B646C0316F49D1FC593647 /* BPReport.m */ = {isa = PBXFileReference; fileEncoding = 4; lastKnownFileType = sourcecode.c.objc; path = BPReport.m; sourceTree = "<group>"; };
		37B6470599C368C79D320DC9 /* BPCheckRow.h */ = {isa = PBXFileReference; fileEncoding = 4; lastKnownFileType = sourcecode.c.h; path = BPCheckRow.h; sourceTree = "<group>"; };
		37B64728A5FC383EB464DA9F /* BPScanCodeViewController.m */ = {isa = PBXFileReference; fileEncoding = 4; lastKnownFileType = sourcecode.c.objc; path = BPScanCodeViewController.m; sourceTree = "<group>"; };
		37B6472FF4603F63771FADE6 /* AVFoundation.framework */ = {isa = PBXFileReference; lastKnownFileType = wrapper.framework; name = AVFoundation.framework; path = System/Library/Frameworks/AVFoundation.framework; sourceTree = SDKROOT; };
		37B6473D93970F5113F3AAB3 /* BPScanResult+Utilities.m */ = {isa = PBXFileReference; fileEncoding = 4; lastKnownFileType = sourcecode.c.objc; path = "BPScanResult+Utilities.m"; sourceTree = "<group>"; };
		37B6475C7B46DB08C451363C /* BPMainProggressView.m */ = {isa = PBXFileReference; fileEncoding = 4; lastKnownFileType = sourcecode.c.objc; path = BPMainProggressView.m; sourceTree = "<group>"; };
		37B647A73FC5289BC18A3B86 /* BPAPIResponse.h */ = {isa = PBXFileReference; fileEncoding = 4; lastKnownFileType = sourcecode.c.h; path = BPAPIResponse.h; sourceTree = "<group>"; };
		37B647BF6FE35C81DE565761 /* UIColor+BPAdditions.m */ = {isa = PBXFileReference; fileEncoding = 4; lastKnownFileType = sourcecode.c.objc; path = "UIColor+BPAdditions.m"; sourceTree = "<group>"; };
		37B64858CB60EB44C530A2FD /* UIColor+BPAdditions.h */ = {isa = PBXFileReference; fileEncoding = 4; lastKnownFileType = sourcecode.c.h; path = "UIColor+BPAdditions.h"; sourceTree = "<group>"; };
		37B648A1A89B376DE62E2133 /* BPAPIAccessor.m */ = {isa = PBXFileReference; fileEncoding = 4; lastKnownFileType = sourcecode.c.objc; path = BPAPIAccessor.m; sourceTree = "<group>"; };
		37B648B37FCA824C6F065D43 /* BPMainProggressView.h */ = {isa = PBXFileReference; fileEncoding = 4; lastKnownFileType = sourcecode.c.h; path = BPMainProggressView.h; sourceTree = "<group>"; };
		37B649313DDC60DC19AFBFD7 /* BPTheme.m */ = {isa = PBXFileReference; fileEncoding = 4; lastKnownFileType = sourcecode.c.objc; path = BPTheme.m; sourceTree = "<group>"; };
		37B64960EF3268FB825DD2FE /* BPRootViewController.m */ = {isa = PBXFileReference; fileEncoding = 4; lastKnownFileType = sourcecode.c.objc; path = BPRootViewController.m; sourceTree = "<group>"; };
		37B64979D8320ED15EE627BC /* BPAboutNavigationController.m */ = {isa = PBXFileReference; fileEncoding = 4; lastKnownFileType = sourcecode.c.objc; path = BPAboutNavigationController.m; sourceTree = "<group>"; };
		37B6498B4895F096369486F1 /* BPAboutViewController.h */ = {isa = PBXFileReference; fileEncoding = 4; lastKnownFileType = sourcecode.c.h; path = BPAboutViewController.h; sourceTree = "<group>"; };
		37B6499E713B6B0489703572 /* BPAboutNavigationController.h */ = {isa = PBXFileReference; fileEncoding = 4; lastKnownFileType = sourcecode.c.h; path = BPAboutNavigationController.h; sourceTree = "<group>"; };
		37B6499F703E06B35CC81F50 /* BPProductImageManager.m */ = {isa = PBXFileReference; fileEncoding = 4; lastKnownFileType = sourcecode.c.objc; path = BPProductImageManager.m; sourceTree = "<group>"; };
		37B6499FA4AA777D1E05D4C7 /* BPStackView.m */ = {isa = PBXFileReference; fileEncoding = 4; lastKnownFileType = sourcecode.c.objc; path = BPStackView.m; sourceTree = "<group>"; };
		37B649A2D733B29A3B0D9BAC /* BPReport.h */ = {isa = PBXFileReference; fileEncoding = 4; lastKnownFileType = sourcecode.c.h; path = BPReport.h; sourceTree = "<group>"; };
		37B649BF8BABC5843F94A0A9 /* BPReportResult.m */ = {isa = PBXFileReference; fileEncoding = 4; lastKnownFileType = sourcecode.c.objc; path = BPReportResult.m; sourceTree = "<group>"; };
		37B649C1631E9ADBA6B66CC7 /* BPRootViewController.h */ = {isa = PBXFileReference; fileEncoding = 4; lastKnownFileType = sourcecode.c.h; path = BPRootViewController.h; sourceTree = "<group>"; };
		37B649F01069BA6A92B49C15 /* BPScanResult.h */ = {isa = PBXFileReference; fileEncoding = 4; lastKnownFileType = sourcecode.c.h; path = BPScanResult.h; sourceTree = "<group>"; };
		37B64A12F1C90B0F08E6DD43 /* BPAboutRow.m */ = {isa = PBXFileReference; fileEncoding = 4; lastKnownFileType = sourcecode.c.objc; path = BPAboutRow.m; sourceTree = "<group>"; };
		37B64A1CFA3A5EA1F51ED5DE /* BPScanCodeView.m */ = {isa = PBXFileReference; fileEncoding = 4; lastKnownFileType = sourcecode.c.objc; path = BPScanCodeView.m; sourceTree = "<group>"; };
		37B64A3A16B65AB6F70F0612 /* BPAPIAccessor+BPReport.m */ = {isa = PBXFileReference; fileEncoding = 4; lastKnownFileType = sourcecode.c.objc; path = "BPAPIAccessor+BPReport.m"; sourceTree = "<group>"; };
		37B64A4E6D2911A1145CB104 /* BPTask.m */ = {isa = PBXFileReference; fileEncoding = 4; lastKnownFileType = sourcecode.c.objc; path = BPTask.m; sourceTree = "<group>"; };
		37B64A5E17F2E5888839150C /* BPAPIAccessor+BPScan.m */ = {isa = PBXFileReference; fileEncoding = 4; lastKnownFileType = sourcecode.c.objc; path = "BPAPIAccessor+BPScan.m"; sourceTree = "<group>"; };
		37B64A6EE7790CE9A2DFFF7E /* BPCameraSessionManager.m */ = {isa = PBXFileReference; fileEncoding = 4; lastKnownFileType = sourcecode.c.objc; path = BPCameraSessionManager.m; sourceTree = "<group>"; };
		37B64AB122CABBF4F99EEC94 /* BPReportManager.h */ = {isa = PBXFileReference; fileEncoding = 4; lastKnownFileType = sourcecode.c.h; path = BPReportManager.h; sourceTree = "<group>"; };
		37B64B4F653A9EE90A4C985E /* UILabel+BPAdditions.m */ = {isa = PBXFileReference; fileEncoding = 4; lastKnownFileType = sourcecode.c.objc; path = "UILabel+BPAdditions.m"; sourceTree = "<group>"; };
		37B64B74E1FAED6141BA2B25 /* BPUtilities.m */ = {isa = PBXFileReference; fileEncoding = 4; lastKnownFileType = sourcecode.c.objc; path = BPUtilities.m; sourceTree = "<group>"; };
		37B64BE65625A6DB4C22E8F0 /* BPAboutViewController.m */ = {isa = PBXFileReference; fileEncoding = 4; lastKnownFileType = sourcecode.c.objc; path = BPAboutViewController.m; sourceTree = "<group>"; };
		37B64C3D23F4E691A0CDACA0 /* BPSecondaryProgressView.m */ = {isa = PBXFileReference; fileEncoding = 4; lastKnownFileType = sourcecode.c.objc; path = BPSecondaryProgressView.m; sourceTree = "<group>"; };
		37B64C66C738C8F15828F02D /* BPTheme.h */ = {isa = PBXFileReference; fileEncoding = 4; lastKnownFileType = sourcecode.c.h; path = BPTheme.h; sourceTree = "<group>"; };
		37B64CC5D0DF5C45420F13CA /* BPCompanyCardView.m */ = {isa = PBXFileReference; fileEncoding = 4; lastKnownFileType = sourcecode.c.objc; path = BPCompanyCardView.m; sourceTree = "<group>"; };
		37B64CD13446A6BEBA4B6A9A /* NSLayoutConstraint+BPAdditions.m */ = {isa = PBXFileReference; fileEncoding = 4; lastKnownFileType = sourcecode.c.objc; path = "NSLayoutConstraint+BPAdditions.m"; sourceTree = "<group>"; };
		37B64D1B6193C0AD0D440566 /* BPScanCodeViewController.h */ = {isa = PBXFileReference; fileEncoding = 4; lastKnownFileType = sourcecode.c.h; path = BPScanCodeViewController.h; sourceTree = "<group>"; };
		37B64D62D6D7E068CB4517A9 /* BPDeviceHelper.h */ = {isa = PBXFileReference; fileEncoding = 4; lastKnownFileType = sourcecode.c.h; path = BPDeviceHelper.h; sourceTree = "<group>"; };
		37B64D7A776137D18AFDB329 /* BPCompanyContentView.m */ = {isa = PBXFileReference; fileEncoding = 4; lastKnownFileType = sourcecode.c.objc; path = BPCompanyContentView.m; sourceTree = "<group>"; };
		37B64DFDBDE3A5CEE19D6FDB /* BPObjectionModule.m */ = {isa = PBXFileReference; fileEncoding = 4; lastKnownFileType = sourcecode.c.objc; path = BPObjectionModule.m; sourceTree = "<group>"; };
		37B64E26EDB5C48277AE74AE /* UIAlertView+BPUtilities.h */ = {isa = PBXFileReference; fileEncoding = 4; lastKnownFileType = sourcecode.c.h; path = "UIAlertView+BPUtilities.h"; sourceTree = "<group>"; };
		37B64E55920A10560E17591F /* BPSecondaryProgressView.h */ = {isa = PBXFileReference; fileEncoding = 4; lastKnownFileType = sourcecode.c.h; path = BPSecondaryProgressView.h; sourceTree = "<group>"; };
		37B64EB824D550DB209CEAA8 /* BPKeyboardManager.m */ = {isa = PBXFileReference; fileEncoding = 4; lastKnownFileType = sourcecode.c.objc; path = BPKeyboardManager.m; sourceTree = "<group>"; };
		37B64F1EE6D97F7987CF00CF /* UIAlertView+BPUtilities.m */ = {isa = PBXFileReference; fileEncoding = 4; lastKnownFileType = sourcecode.c.objc; path = "UIAlertView+BPUtilities.m"; sourceTree = "<group>"; };
		37B64F51708E3958AF727B6F /* BPProductManager.h */ = {isa = PBXFileReference; fileEncoding = 4; lastKnownFileType = sourcecode.c.h; path = BPProductManager.h; sourceTree = "<group>"; };
		37B64F8179FD0A037B3E2B49 /* BPReportResult.h */ = {isa = PBXFileReference; fileEncoding = 4; lastKnownFileType = sourcecode.c.h; path = BPReportResult.h; sourceTree = "<group>"; };
		37B64F8C2171D2BB76F878FB /* NSString+BPUtilities.h */ = {isa = PBXFileReference; fileEncoding = 4; lastKnownFileType = sourcecode.c.h; path = "NSString+BPUtilities.h"; sourceTree = "<group>"; };
		37B64FA405744537DB282781 /* BPAboutWebViewController.h */ = {isa = PBXFileReference; fileEncoding = 4; lastKnownFileType = sourcecode.c.h; path = BPAboutWebViewController.h; sourceTree = "<group>"; };
		37B64FFC3FE96EFDE8398CF3 /* BPScanCodeView.h */ = {isa = PBXFileReference; fileEncoding = 4; lastKnownFileType = sourcecode.c.h; path = BPScanCodeView.h; sourceTree = "<group>"; };
		ABCA997979B62F78CFCB7E19 /* UIApplication+BPStatusBarHeight.m */ = {isa = PBXFileReference; fileEncoding = 4; lastKnownFileType = sourcecode.c.objc; path = "UIApplication+BPStatusBarHeight.m"; sourceTree = "<group>"; };
		ABCA9A3E3B8A8B7C925052B6 /* UIApplication+BPStatusBarHeight.h */ = {isa = PBXFileReference; fileEncoding = 4; lastKnownFileType = sourcecode.c.h; path = "UIApplication+BPStatusBarHeight.h"; sourceTree = "<group>"; };
		DDCD565BACC4C57A8E5BD067 /* Pods.debug.xcconfig */ = {isa = PBXFileReference; includeInIndex = 1; lastKnownFileType = text.xcconfig; name = Pods.debug.xcconfig; path = "Pods/Target Support Files/Pods/Pods.debug.xcconfig"; sourceTree = "<group>"; };
		DF0AB075C622D66E92D300ED /* libPods.a */ = {isa = PBXFileReference; explicitFileType = archive.ar; includeInIndex = 0; path = libPods.a; sourceTree = BUILT_PRODUCTS_DIR; };
/* End PBXFileReference section */

/* Begin PBXFrameworksBuildPhase section */
		1D08E82019A7621A00879BD2 /* Frameworks */ = {
			isa = PBXFrameworksBuildPhase;
			buildActionMask = 2147483647;
			files = (
				1D08E82919A7621A00879BD2 /* CoreGraphics.framework in Frameworks */,
				1D08E82D19A7621A00879BD2 /* CoreData.framework in Frameworks */,
				1D08E82B19A7621A00879BD2 /* UIKit.framework in Frameworks */,
				1D648C141A71B483002B413D /* Fabric.framework in Frameworks */,
				1D08E82719A7621A00879BD2 /* Foundation.framework in Frameworks */,
				37B645454FC2ACC155CB1538 /* AVFoundation.framework in Frameworks */,
				1D648C131A71B483002B413D /* Crashlytics.framework in Frameworks */,
				69518FC099FB71F3DCFF46DE /* libPods.a in Frameworks */,
			);
			runOnlyForDeploymentPostprocessing = 0;
		};
		1D08E84019A7621A00879BD2 /* Frameworks */ = {
			isa = PBXFrameworksBuildPhase;
			buildActionMask = 2147483647;
			files = (
				1D08E84519A7621A00879BD2 /* XCTest.framework in Frameworks */,
				1D08E84819A7621A00879BD2 /* CoreData.framework in Frameworks */,
				1D08E84719A7621A00879BD2 /* UIKit.framework in Frameworks */,
				1D08E84619A7621A00879BD2 /* Foundation.framework in Frameworks */,
			);
			runOnlyForDeploymentPostprocessing = 0;
		};
/* End PBXFrameworksBuildPhase section */

/* Begin PBXGroup section */
		1D08E81A19A7621A00879BD2 = {
			isa = PBXGroup;
			children = (
				1D08E82E19A7621A00879BD2 /* Pola */,
				1D08E84B19A7621A00879BD2 /* PolaTests */,
				1D08E82519A7621A00879BD2 /* Frameworks */,
				1D08E82419A7621A00879BD2 /* Products */,
				8905DA657634882F5C28E503 /* Pods */,
			);
			sourceTree = "<group>";
		};
		1D08E82419A7621A00879BD2 /* Products */ = {
			isa = PBXGroup;
			children = (
				1D08E82319A7621A00879BD2 /* Pola.app */,
				1D08E84319A7621A00879BD2 /* PolaTests.xctest */,
			);
			name = Products;
			sourceTree = "<group>";
		};
		1D08E82519A7621A00879BD2 /* Frameworks */ = {
			isa = PBXGroup;
			children = (
				1D648C111A71B483002B413D /* Crashlytics.framework */,
				1D648C121A71B483002B413D /* Fabric.framework */,
				1D08E82619A7621A00879BD2 /* Foundation.framework */,
				1D08E82819A7621A00879BD2 /* CoreGraphics.framework */,
				1D08E82A19A7621A00879BD2 /* UIKit.framework */,
				1D08E82C19A7621A00879BD2 /* CoreData.framework */,
				1D08E84419A7621A00879BD2 /* XCTest.framework */,
				37B6472FF4603F63771FADE6 /* AVFoundation.framework */,
				DF0AB075C622D66E92D300ED /* libPods.a */,
			);
			name = Frameworks;
			sourceTree = "<group>";
		};
		1D08E82E19A7621A00879BD2 /* Pola */ = {
			isa = PBXGroup;
			children = (
				1D08E83719A7621A00879BD2 /* BPAppDelegate.h */,
				1D08E83819A7621A00879BD2 /* BPAppDelegate.m */,
				1D08E83D19A7621A00879BD2 /* Images.xcassets */,
				1D08E83A19A7621A00879BD2 /* Pola.xcdatamodeld */,
				1D08E82F19A7621A00879BD2 /* Supporting Files */,
				37B64DD9591909AF06832339 /* Manager */,
				37B64AE3A38FEC08E6CDE873 /* Model */,
				37B6461671AB44842A0700D7 /* Utilities */,
				37B64C9D505D36B4936A79BA /* UI */,
			);
			path = Pola;
			sourceTree = "<group>";
		};
		1D08E82F19A7621A00879BD2 /* Supporting Files */ = {
			isa = PBXGroup;
			children = (
				1DEFA1B81BD9920600938C81 /* Lato-Light.ttf */,
				1DEFA1B91BD9920600938C81 /* Lato-Regular.ttf */,
				1DEFA1BA1BD9920600938C81 /* Lato-Semibold.ttf */,
				1D08E83019A7621A00879BD2 /* Pola-Info.plist */,
				1D08E83119A7621A00879BD2 /* InfoPlist.strings */,
				1D08E83419A7621A00879BD2 /* main.m */,
				1D08E83619A7621A00879BD2 /* Pola-Prefix.pch */,
				37B645C93F848A6F598F96E2 /* Localizable.strings */,
			);
			name = "Supporting Files";
			sourceTree = "<group>";
		};
		1D08E84B19A7621A00879BD2 /* PolaTests */ = {
			isa = PBXGroup;
			children = (
				374B5B891C71C14100E74BBB /* NSDictionary_ParsingTests.m */,
				1D08E85119A7621A00879BD2 /* PolaTests.m */,
				1D08E84C19A7621A00879BD2 /* Supporting Files */,
			);
			path = PolaTests;
			sourceTree = "<group>";
		};
		1D08E84C19A7621A00879BD2 /* Supporting Files */ = {
			isa = PBXGroup;
			children = (
				1D08E84D19A7621A00879BD2 /* PolaTests-Info.plist */,
				1D08E84E19A7621A00879BD2 /* InfoPlist.strings */,
			);
			name = "Supporting Files";
			sourceTree = "<group>";
		};
		37B641361E13BB0824D5828D /* ReportManager */ = {
			isa = PBXGroup;
			children = (
				37B64AB122CABBF4F99EEC94 /* BPReportManager.h */,
				37B644CFCD087DBE4C190DDC /* BPReportManager.m */,
				37B646C0316F49D1FC593647 /* BPReport.m */,
				37B649A2D733B29A3B0D9BAC /* BPReport.h */,
				37B649BF8BABC5843F94A0A9 /* BPReportResult.m */,
				37B64F8179FD0A037B3E2B49 /* BPReportResult.h */,
			);
			path = ReportManager;
			sourceTree = "<group>";
		};
		37B642B1EB936576BE21C81B /* Task */ = {
			isa = PBXGroup;
			children = (
				37B6447BFF3F65026E98D810 /* BPTaskRunner.m */,
				37B64100135F7EACD7C8E7E3 /* BPTaskRunner.h */,
				37B64A4E6D2911A1145CB104 /* BPTask.m */,
				37B640F75A0AFD8BE0258183 /* BPTask.h */,
			);
			path = Task;
			sourceTree = "<group>";
		};
		37B642BE060B4E64D7FB7575 /* About */ = {
			isa = PBXGroup;
			children = (
				37B64979D8320ED15EE627BC /* BPAboutNavigationController.m */,
				37B6499E713B6B0489703572 /* BPAboutNavigationController.h */,
				37B64BE65625A6DB4C22E8F0 /* BPAboutViewController.m */,
				37B6498B4895F096369486F1 /* BPAboutViewController.h */,
				37B645A4695532F779EB6937 /* Model */,
				37B640107A226F2F1B7CAA9D /* BPAboutWebViewController.m */,
				37B64FA405744537DB282781 /* BPAboutWebViewController.h */,
			);
			path = About;
			sourceTree = "<group>";
		};
		37B644A42C57261C707CF0B4 /* ReportProblem */ = {
			isa = PBXGroup;
			children = (
				37B644E893F9831BEB40A125 /* BPReportProblemViewController.m */,
				37B6447A00A8F15D1A078AF7 /* BPReportProblemViewController.h */,
				37B6403F99127A3C286EA24E /* BPReportProblemView.m */,
				37B642D3E0C1BA54F79353A4 /* BPReportProblemView.h */,
				37B643918AB6D1110984DE93 /* BPImageContainerView.m */,
				37B6435C9D1C6649FDEECDB4 /* BPImageContainerView.h */,
			);
			path = ReportProblem;
			sourceTree = "<group>";
		};
		37B644C120825EFA9AF52B8A /* Categories */ = {
			isa = PBXGroup;
			children = (
				374B5B8B1C71C15D00E74BBB /* NSDictionary+Parsing.h */,
				374B5B8C1C71C15D00E74BBB /* NSDictionary+Parsing.m */,
				37B6473D93970F5113F3AAB3 /* BPScanResult+Utilities.m */,
				37B64096880AC9C86B2DF4B1 /* BPScanResult+Utilities.h */,
			);
			path = Categories;
			sourceTree = "<group>";
		};
		37B64540723CF4EABBB3AC70 /* ProductSearch */ = {
			isa = PBXGroup;
			children = (
				37B64F458C8BF4C8D672DAE5 /* ScanCode */,
				37B644A42C57261C707CF0B4 /* ReportProblem */,
				37B642BE060B4E64D7FB7575 /* About */,
			);
			path = ProductSearch;
			sourceTree = "<group>";
		};
		37B645A4695532F779EB6937 /* Model */ = {
			isa = PBXGroup;
			children = (
				37B643AFD35745CD11E280DC /* BPWebAboutRow.m */,
				37B643DBDB2C8991C34FBB86 /* BPWebAboutRow.h */,
				37B64A12F1C90B0F08E6DD43 /* BPAboutRow.m */,
				37B642D7D5DAFE42076722C5 /* BPAboutRow.h */,
			);
			path = Model;
			sourceTree = "<group>";
		};
		37B6461671AB44842A0700D7 /* Utilities */ = {
			isa = PBXGroup;
			children = (
				37B64B74E1FAED6141BA2B25 /* BPUtilities.m */,
				37B645654D3B84690AEA4C0D /* BPUtilities.h */,
				37B6464528820E718DBABAA5 /* BPLogger.m */,
				37B642C8016B2BC66A308398 /* BPLogger.h */,
				37B646DCA0870AD66E5EB92B /* Categories */,
				37B64FBED4310D336C9CC275 /* ActivityIndicator */,
				37B641F70BCE669CF5019BB7 /* BPAnalyticsHelper.m */,
				37B6437B106C442B853F8859 /* BPAnalyticsHelper.h */,
				37B6453D6C76C627D4F7C568 /* BPDeviceHelper.m */,
				37B64D62D6D7E068CB4517A9 /* BPDeviceHelper.h */,
			);
			path = Utilities;
			sourceTree = "<group>";
		};
		37B64697C3925583CD36B426 /* ProductCard */ = {
			isa = PBXGroup;
			children = (
				37B64CC5D0DF5C45420F13CA /* BPCompanyCardView.m */,
				37B64E55920A10560E17591F /* BPSecondaryProgressView.h */,
				37B6475C7B46DB08C451363C /* BPMainProggressView.m */,
				37B646858232F35A15FF2F1C /* BPCompanyCardView.h */,
				37B64C3D23F4E691A0CDACA0 /* BPSecondaryProgressView.m */,
				37B648B37FCA824C6F065D43 /* BPMainProggressView.h */,
				37B645DA6246E6D73727CE55 /* BPCheckRow.m */,
				37B6470599C368C79D320DC9 /* BPCheckRow.h */,
				37B64D7A776137D18AFDB329 /* BPCompanyContentView.m */,
				37B641909EEB29EA6575A880 /* BPCompanyContentView.h */,
			);
			path = ProductCard;
			sourceTree = "<group>";
		};
		37B646DCA0870AD66E5EB92B /* Categories */ = {
			isa = PBXGroup;
			children = (
				37B64059D45CBC595213920F /* NSDictionary+BPJSON.m */,
				37B6409BC5602C24443D14E4 /* NSDictionary+BPJSON.h */,
				37B64CD13446A6BEBA4B6A9A /* NSLayoutConstraint+BPAdditions.m */,
				37B642E167318B93DB25452C /* NSLayoutConstraint+BPAdditions.h */,
				37B64F1EE6D97F7987CF00CF /* UIAlertView+BPUtilities.m */,
				37B64E26EDB5C48277AE74AE /* UIAlertView+BPUtilities.h */,
				37B644631C60E8DE444885DD /* NSString+BPUtilities.m */,
				37B64F8C2171D2BB76F878FB /* NSString+BPUtilities.h */,
				37B647BF6FE35C81DE565761 /* UIColor+BPAdditions.m */,
				37B64858CB60EB44C530A2FD /* UIColor+BPAdditions.h */,
				37B64B4F653A9EE90A4C985E /* UILabel+BPAdditions.m */,
				37B64436419438CB2D3553FF /* UILabel+BPAdditions.h */,
			);
			path = Categories;
			sourceTree = "<group>";
		};
		37B647422EF95F37E48D11B2 /* Objection */ = {
			isa = PBXGroup;
			children = (
				37B64DFDBDE3A5CEE19D6FDB /* BPObjectionModule.m */,
				37B643CE26D1B8399F9EBE5B /* BPObjectionModule.h */,
			);
			path = Objection;
			sourceTree = "<group>";
		};
		37B64827EDC4BBBCA2FB9BAE /* Common */ = {
			isa = PBXGroup;
			children = (
				37B6499FA4AA777D1E05D4C7 /* BPStackView.m */,
				37B64583B2E03DD7AAB57ACC /* BPStackView.h */,
				ABCA997979B62F78CFCB7E19 /* UIApplication+BPStatusBarHeight.m */,
				ABCA9A3E3B8A8B7C925052B6 /* UIApplication+BPStatusBarHeight.h */,
			);
			path = Common;
			sourceTree = "<group>";
		};
		37B64977613F0A577613F7E4 /* ProductManager */ = {
			isa = PBXGroup;
			children = (
				37B642B56DC862C60A6F3CE2 /* BPProductManager.m */,
				37B64F51708E3958AF727B6F /* BPProductManager.h */,
			);
			path = ProductManager;
			sourceTree = "<group>";
		};
		37B64A29716085485AEAB5C1 /* APIAccessor */ = {
			isa = PBXGroup;
			children = (
				37B648A1A89B376DE62E2133 /* BPAPIAccessor.m */,
				37B644EB9663F8806E287450 /* BPAPIAccessor.h */,
				37B64A5E17F2E5888839150C /* BPAPIAccessor+BPScan.m */,
				37B640B1117CB6C80C7D6C04 /* BPAPIAccessor+BPScan.h */,
				37B6468E5905EC7102613DAB /* BPAPIResponse.m */,
				37B647A73FC5289BC18A3B86 /* BPAPIResponse.h */,
				37B64A3A16B65AB6F70F0612 /* BPAPIAccessor+BPReport.m */,
				37B64052976ED2E84E372027 /* BPAPIAccessor+BPReport.h */,
			);
			path = APIAccessor;
			sourceTree = "<group>";
		};
		37B64AE3A38FEC08E6CDE873 /* Model */ = {
			isa = PBXGroup;
			children = (
				37B6413AB46D8FAC81D1E72B /* BPScanResult.m */,
				37B649F01069BA6A92B49C15 /* BPScanResult.h */,
				37B642B1EB936576BE21C81B /* Task */,
				37B644C120825EFA9AF52B8A /* Categories */,
			);
			path = Model;
			sourceTree = "<group>";
		};
		37B64C9D505D36B4936A79BA /* UI */ = {
			isa = PBXGroup;
			children = (
				37B64960EF3268FB825DD2FE /* BPRootViewController.m */,
				37B649C1631E9ADBA6B66CC7 /* BPRootViewController.h */,
				37B64540723CF4EABBB3AC70 /* ProductSearch */,
				37B64827EDC4BBBCA2FB9BAE /* Common */,
				37B649313DDC60DC19AFBFD7 /* BPTheme.m */,
				37B64C66C738C8F15828F02D /* BPTheme.h */,
			);
			path = UI;
			sourceTree = "<group>";
		};
		37B64CFFB4D4FEF0B14B3566 /* KeyboardManager */ = {
			isa = PBXGroup;
			children = (
				37B64EB824D550DB209CEAA8 /* BPKeyboardManager.m */,
				37B6403303FCD733D9C39863 /* BPKeyboardManager.h */,
			);
			path = KeyboardManager;
			sourceTree = "<group>";
		};
		37B64DD9591909AF06832339 /* Manager */ = {
			isa = PBXGroup;
			children = (
				37B64977613F0A577613F7E4 /* ProductManager */,
				37B64A29716085485AEAB5C1 /* APIAccessor */,
				37B647422EF95F37E48D11B2 /* Objection */,
				37B64A6EE7790CE9A2DFFF7E /* BPCameraSessionManager.m */,
				37B6424C5D970C2E8F298AAB /* BPCameraSessionManager.h */,
				37B6499F703E06B35CC81F50 /* BPProductImageManager.m */,
				37B6429D71F43AB163A1A626 /* BPProductImageManager.h */,
				37B641361E13BB0824D5828D /* ReportManager */,
				37B64CFFB4D4FEF0B14B3566 /* KeyboardManager */,
			);
			path = Manager;
			sourceTree = "<group>";
		};
		37B64F458C8BF4C8D672DAE5 /* ScanCode */ = {
			isa = PBXGroup;
			children = (
				37B64728A5FC383EB464DA9F /* BPScanCodeViewController.m */,
				37B64D1B6193C0AD0D440566 /* BPScanCodeViewController.h */,
				37B64A1CFA3A5EA1F51ED5DE /* BPScanCodeView.m */,
				37B64FFC3FE96EFDE8398CF3 /* BPScanCodeView.h */,
				37B64697C3925583CD36B426 /* ProductCard */,
			);
			path = ScanCode;
			sourceTree = "<group>";
		};
		37B64FBED4310D336C9CC275 /* ActivityIndicator */ = {
			isa = PBXGroup;
			children = (
				37B64109D5EC518C82C8EA7C /* BPActivityIndicatorView.m */,
				37B64563551A7A720902A511 /* BPActivityIndicatorView.h */,
			);
			path = ActivityIndicator;
			sourceTree = "<group>";
		};
		8905DA657634882F5C28E503 /* Pods */ = {
			isa = PBXGroup;
			children = (
				DDCD565BACC4C57A8E5BD067 /* Pods.debug.xcconfig */,
				3113702D8B8D1BEF39F1B926 /* Pods.release.xcconfig */,
			);
			name = Pods;
			sourceTree = "<group>";
		};
/* End PBXGroup section */

/* Begin PBXNativeTarget section */
		1D08E82219A7621A00879BD2 /* Pola */ = {
			isa = PBXNativeTarget;
			buildConfigurationList = 1D08E85519A7621A00879BD2 /* Build configuration list for PBXNativeTarget "Pola" */;
			buildPhases = (
				CD50FA783399C83EDCFA30E4 /* Check Pods Manifest.lock */,
				1D08E81F19A7621A00879BD2 /* Sources */,
				1D08E82019A7621A00879BD2 /* Frameworks */,
				1D08E82119A7621A00879BD2 /* Resources */,
				1D648C101A71B46D002B413D /* Run Script */,
				BFDE83780012DF6B3AB24BE5 /* Embed Pods Frameworks */,
				F74E5DE2EEC3A3938AC0C5F5 /* Copy Pods Resources */,
			);
			buildRules = (
			);
			dependencies = (
			);
			name = Pola;
			productName = BuyPolish;
			productReference = 1D08E82319A7621A00879BD2 /* Pola.app */;
			productType = "com.apple.product-type.application";
		};
		1D08E84219A7621A00879BD2 /* PolaTests */ = {
			isa = PBXNativeTarget;
			buildConfigurationList = 1D08E85819A7621A00879BD2 /* Build configuration list for PBXNativeTarget "PolaTests" */;
			buildPhases = (
				1D08E83F19A7621A00879BD2 /* Sources */,
				1D08E84019A7621A00879BD2 /* Frameworks */,
				1D08E84119A7621A00879BD2 /* Resources */,
			);
			buildRules = (
			);
			dependencies = (
				1D08E84A19A7621A00879BD2 /* PBXTargetDependency */,
			);
			name = PolaTests;
			productName = BuyPolishTests;
			productReference = 1D08E84319A7621A00879BD2 /* PolaTests.xctest */;
			productType = "com.apple.product-type.bundle.unit-test";
		};
/* End PBXNativeTarget section */

/* Begin PBXProject section */
		1D08E81B19A7621A00879BD2 /* Project object */ = {
			isa = PBXProject;
			attributes = {
				CLASSPREFIX = BP;
				LastUpgradeCheck = 0720;
				ORGANIZATIONNAME = PJMS;
				TargetAttributes = {
					1D08E82219A7621A00879BD2 = {
						DevelopmentTeam = 9NBWKG2G3X;
					};
					1D08E84219A7621A00879BD2 = {
						TestTargetID = 1D08E82219A7621A00879BD2;
					};
				};
			};
			buildConfigurationList = 1D08E81E19A7621A00879BD2 /* Build configuration list for PBXProject "Pola" */;
			compatibilityVersion = "Xcode 3.2";
			developmentRegion = English;
			hasScannedForEncodings = 0;
			knownRegions = (
				pl,
			);
			mainGroup = 1D08E81A19A7621A00879BD2;
			productRefGroup = 1D08E82419A7621A00879BD2 /* Products */;
			projectDirPath = "";
			projectRoot = "";
			targets = (
				1D08E82219A7621A00879BD2 /* Pola */,
				1D08E84219A7621A00879BD2 /* PolaTests */,
			);
		};
/* End PBXProject section */

/* Begin PBXResourcesBuildPhase section */
		1D08E82119A7621A00879BD2 /* Resources */ = {
			isa = PBXResourcesBuildPhase;
			buildActionMask = 2147483647;
			files = (
				1D08E83319A7621A00879BD2 /* InfoPlist.strings in Resources */,
				1D08E83E19A7621A00879BD2 /* Images.xcassets in Resources */,
				1DEFA1BD1BD9920600938C81 /* Lato-Regular.ttf in Resources */,
				37B64B7D226FBFA23FFCA1C1 /* Localizable.strings in Resources */,
				1DEFA1BB1BD9920600938C81 /* Lato-Light.ttf in Resources */,
				1DEFA1BF1BD9920600938C81 /* Lato-Semibold.ttf in Resources */,
			);
			runOnlyForDeploymentPostprocessing = 0;
		};
		1D08E84119A7621A00879BD2 /* Resources */ = {
			isa = PBXResourcesBuildPhase;
			buildActionMask = 2147483647;
			files = (
				1D08E85019A7621A00879BD2 /* InfoPlist.strings in Resources */,
				1DEFA1C01BD9920600938C81 /* Lato-Semibold.ttf in Resources */,
				1DEFA1BE1BD9920600938C81 /* Lato-Regular.ttf in Resources */,
				1DEFA1BC1BD9920600938C81 /* Lato-Light.ttf in Resources */,
			);
			runOnlyForDeploymentPostprocessing = 0;
		};
/* End PBXResourcesBuildPhase section */

/* Begin PBXShellScriptBuildPhase section */
		1D648C101A71B46D002B413D /* Run Script */ = {
			isa = PBXShellScriptBuildPhase;
			buildActionMask = 2147483647;
			files = (
			);
			inputPaths = (
			);
			name = "Run Script";
			outputPaths = (
			);
			runOnlyForDeploymentPostprocessing = 0;
			shellPath = /bin/sh;
			shellScript = "\"${PODS_ROOT}/Fabric/Fabric.framework/run\" 6a4f6710db1c4c62907f73a43eb5e68675cd2c7a $POLA_FABRIC_PRIVATE_KEY";
		};
		BFDE83780012DF6B3AB24BE5 /* Embed Pods Frameworks */ = {
			isa = PBXShellScriptBuildPhase;
			buildActionMask = 2147483647;
			files = (
			);
			inputPaths = (
			);
			name = "Embed Pods Frameworks";
			outputPaths = (
			);
			runOnlyForDeploymentPostprocessing = 0;
			shellPath = /bin/sh;
			shellScript = "\"${SRCROOT}/Pods/Target Support Files/Pods/Pods-frameworks.sh\"\n";
			showEnvVarsInLog = 0;
		};
		CD50FA783399C83EDCFA30E4 /* Check Pods Manifest.lock */ = {
			isa = PBXShellScriptBuildPhase;
			buildActionMask = 2147483647;
			files = (
			);
			inputPaths = (
			);
			name = "Check Pods Manifest.lock";
			outputPaths = (
			);
			runOnlyForDeploymentPostprocessing = 0;
			shellPath = /bin/sh;
			shellScript = "diff \"${PODS_ROOT}/../Podfile.lock\" \"${PODS_ROOT}/Manifest.lock\" > /dev/null\nif [[ $? != 0 ]] ; then\n    cat << EOM\nerror: The sandbox is not in sync with the Podfile.lock. Run 'pod install' or update your CocoaPods installation.\nEOM\n    exit 1\nfi\n";
			showEnvVarsInLog = 0;
		};
		F74E5DE2EEC3A3938AC0C5F5 /* Copy Pods Resources */ = {
			isa = PBXShellScriptBuildPhase;
			buildActionMask = 2147483647;
			files = (
			);
			inputPaths = (
			);
			name = "Copy Pods Resources";
			outputPaths = (
			);
			runOnlyForDeploymentPostprocessing = 0;
			shellPath = /bin/sh;
			shellScript = "\"${SRCROOT}/Pods/Target Support Files/Pods/Pods-resources.sh\"\n";
			showEnvVarsInLog = 0;
		};
/* End PBXShellScriptBuildPhase section */

/* Begin PBXSourcesBuildPhase section */
		1D08E81F19A7621A00879BD2 /* Sources */ = {
			isa = PBXSourcesBuildPhase;
			buildActionMask = 2147483647;
			files = (
				1D08E83919A7621A00879BD2 /* BPAppDelegate.m in Sources */,
				1D08E83519A7621A00879BD2 /* main.m in Sources */,
				1D08E83C19A7621A00879BD2 /* Pola.xcdatamodeld in Sources */,
				37B642317C6BC629AFB0394F /* BPProductManager.m in Sources */,
				37B649B71B7F59A1741CD9B7 /* BPScanResult.m in Sources */,
				37B64A5D21387F5E0613B2AA /* BPTaskRunner.m in Sources */,
				37B646BC2546890EB330F4FD /* BPTask.m in Sources */,
				37B647E20B1B2E3F5F0ECFA3 /* BPAPIAccessor.m in Sources */,
				37B64D4617BA6760E8B4101F /* BPAPIAccessor+BPScan.m in Sources */,
				374B5B8D1C71C15D00E74BBB /* NSDictionary+Parsing.m in Sources */,
				37B64FF08BF5367BF9669B33 /* BPUtilities.m in Sources */,
				37B64E4A4C23A423A7B102CB /* BPScanResult+Utilities.m in Sources */,
				37B64F7816B23819A90C0456 /* BPLogger.m in Sources */,
				37B6498848E97978409489A6 /* NSDictionary+BPJSON.m in Sources */,
				37B6416E16FEB2AD27BB3D9E /* BPAPIResponse.m in Sources */,
				37B649B3937D6158B554F509 /* BPObjectionModule.m in Sources */,
				37B641D5FD17D93BC7B1901B /* BPRootViewController.m in Sources */,
				37B64BC8938BC7942D533D2F /* BPScanCodeViewController.m in Sources */,
				37B645F07C9913D25328C568 /* BPScanCodeView.m in Sources */,
				37B6466CC6A62A7DA8229188 /* BPActivityIndicatorView.m in Sources */,
				37B641E616DF6D3029539275 /* NSLayoutConstraint+BPAdditions.m in Sources */,
				37B644D57E5398A17DFA806D /* UIAlertView+BPUtilities.m in Sources */,
				37B6480CB8E9273EAC35EDA6 /* NSString+BPUtilities.m in Sources */,
				37B64A4DC0F7F5F1DAC9D791 /* BPStackView.m in Sources */,
				37B64B07EFEFFFDCC225AF5E /* BPCameraSessionManager.m in Sources */,
				37B648580AB2106E285B58C2 /* BPReportProblemViewController.m in Sources */,
				37B6482F8EF3F11BE5ECEAAB /* BPReportProblemView.m in Sources */,
				37B64B04E790A7948469FA50 /* BPProductImageManager.m in Sources */,
				37B642E8F1F16F59571A854C /* BPImageContainerView.m in Sources */,
				37B64812B722CA03E04616F8 /* UIColor+BPAdditions.m in Sources */,
				37B6423FEFD4E46BF69E0228 /* BPAPIAccessor+BPReport.m in Sources */,
				37B6402EAD901CC4D954596B /* BPReportManager.m in Sources */,
				37B6403420F94515369E0F06 /* BPReport.m in Sources */,
				37B644C091A98460F4483418 /* BPReportResult.m in Sources */,
				37B647F36DC4A91682A0566B /* BPKeyboardManager.m in Sources */,
				37B64E4E58C1CE8446137CD1 /* BPCompanyCardView.m in Sources */,
				37B641B5D6F386E7E2A67DF8 /* BPMainProggressView.m in Sources */,
				37B648D280BBB1A95E85962E /* BPSecondaryProgressView.m in Sources */,
				37B64EBEB659B5811A9540AA /* BPCheckRow.m in Sources */,
				37B6405B2B77BAAD1DC986CF /* UILabel+BPAdditions.m in Sources */,
				37B64BC4371E659752F34583 /* BPTheme.m in Sources */,
				37B643DED9D7D3BF35EFF857 /* BPAboutNavigationController.m in Sources */,
				37B6408A3F64660D26DE0B13 /* BPAboutViewController.m in Sources */,
				37B649F994C9AC9767A6AE8B /* BPWebAboutRow.m in Sources */,
				37B647FB39C0F80116FD674D /* BPAboutRow.m in Sources */,
				37B6498E15B68A84069DD3A5 /* BPAnalyticsHelper.m in Sources */,
				37B64D38E60651D383A2F8F7 /* BPDeviceHelper.m in Sources */,
				37B64A095B01FB6355E7E21E /* BPAboutWebViewController.m in Sources */,
				37B649CC5A32714DBC4E9751 /* BPCompanyContentView.m in Sources */,
				ABCA9D8499A8FF36227B6C94 /* UIApplication+BPStatusBarHeight.m in Sources */,
			);
			runOnlyForDeploymentPostprocessing = 0;
		};
		1D08E83F19A7621A00879BD2 /* Sources */ = {
			isa = PBXSourcesBuildPhase;
			buildActionMask = 2147483647;
			files = (
				1D08E85219A7621A00879BD2 /* PolaTests.m in Sources */,
				374B5B8A1C71C14100E74BBB /* NSDictionary_ParsingTests.m in Sources */,
			);
			runOnlyForDeploymentPostprocessing = 0;
		};
/* End PBXSourcesBuildPhase section */

/* Begin PBXTargetDependency section */
		1D08E84A19A7621A00879BD2 /* PBXTargetDependency */ = {
			isa = PBXTargetDependency;
			target = 1D08E82219A7621A00879BD2 /* Pola */;
			targetProxy = 1D08E84919A7621A00879BD2 /* PBXContainerItemProxy */;
		};
/* End PBXTargetDependency section */

/* Begin PBXVariantGroup section */
		1D08E83119A7621A00879BD2 /* InfoPlist.strings */ = {
			isa = PBXVariantGroup;
			children = (
				1DEFA1C11BD99B8900938C81 /* pl */,
			);
			name = InfoPlist.strings;
			sourceTree = "<group>";
		};
		1D08E84E19A7621A00879BD2 /* InfoPlist.strings */ = {
			isa = PBXVariantGroup;
			children = (
				1DEFA1C31BD99B8900938C81 /* pl */,
			);
			name = InfoPlist.strings;
			sourceTree = "<group>";
		};
		37B645C93F848A6F598F96E2 /* Localizable.strings */ = {
			isa = PBXVariantGroup;
			children = (
				1DEFA1C21BD99B8900938C81 /* pl */,
			);
			name = Localizable.strings;
			sourceTree = "<group>";
		};
/* End PBXVariantGroup section */

/* Begin XCBuildConfiguration section */
		1D08E85319A7621A00879BD2 /* Debug */ = {
			isa = XCBuildConfiguration;
			buildSettings = {
				ALWAYS_SEARCH_USER_PATHS = NO;
				CLANG_CXX_LANGUAGE_STANDARD = "gnu++0x";
				CLANG_CXX_LIBRARY = "libc++";
				CLANG_ENABLE_MODULES = YES;
				CLANG_ENABLE_OBJC_ARC = YES;
				CLANG_WARN_BOOL_CONVERSION = YES;
				CLANG_WARN_CONSTANT_CONVERSION = YES;
				CLANG_WARN_DIRECT_OBJC_ISA_USAGE = YES_ERROR;
				CLANG_WARN_EMPTY_BODY = YES;
				CLANG_WARN_ENUM_CONVERSION = YES;
				CLANG_WARN_INT_CONVERSION = YES;
				CLANG_WARN_OBJC_ROOT_CLASS = YES_ERROR;
				CLANG_WARN__DUPLICATE_METHOD_MATCH = YES;
				"CODE_SIGN_IDENTITY[sdk=iphoneos*]" = "iPhone Developer";
				COPY_PHASE_STRIP = NO;
				ENABLE_TESTABILITY = YES;
				GCC_C_LANGUAGE_STANDARD = gnu99;
				GCC_DYNAMIC_NO_PIC = NO;
				GCC_OPTIMIZATION_LEVEL = 0;
				GCC_PREPROCESSOR_DEFINITIONS = (
					"DEBUG=1",
					"$(inherited)",
				);
				GCC_SYMBOLS_PRIVATE_EXTERN = NO;
				GCC_WARN_64_TO_32_BIT_CONVERSION = YES;
				GCC_WARN_ABOUT_RETURN_TYPE = YES_ERROR;
				GCC_WARN_UNDECLARED_SELECTOR = YES;
				GCC_WARN_UNINITIALIZED_AUTOS = YES_AGGRESSIVE;
				GCC_WARN_UNUSED_FUNCTION = YES;
				GCC_WARN_UNUSED_VARIABLE = YES;
				IPHONEOS_DEPLOYMENT_TARGET = 7.1;
				ONLY_ACTIVE_ARCH = YES;
				SDKROOT = iphoneos;
				TARGETED_DEVICE_FAMILY = "1,2";
			};
			name = Debug;
		};
		1D08E85419A7621A00879BD2 /* Release */ = {
			isa = XCBuildConfiguration;
			buildSettings = {
				ALWAYS_SEARCH_USER_PATHS = NO;
				CLANG_CXX_LANGUAGE_STANDARD = "gnu++0x";
				CLANG_CXX_LIBRARY = "libc++";
				CLANG_ENABLE_MODULES = YES;
				CLANG_ENABLE_OBJC_ARC = YES;
				CLANG_WARN_BOOL_CONVERSION = YES;
				CLANG_WARN_CONSTANT_CONVERSION = YES;
				CLANG_WARN_DIRECT_OBJC_ISA_USAGE = YES_ERROR;
				CLANG_WARN_EMPTY_BODY = YES;
				CLANG_WARN_ENUM_CONVERSION = YES;
				CLANG_WARN_INT_CONVERSION = YES;
				CLANG_WARN_OBJC_ROOT_CLASS = YES_ERROR;
				CLANG_WARN__DUPLICATE_METHOD_MATCH = YES;
				"CODE_SIGN_IDENTITY[sdk=iphoneos*]" = "iPhone Developer";
				COPY_PHASE_STRIP = YES;
				ENABLE_NS_ASSERTIONS = NO;
				GCC_C_LANGUAGE_STANDARD = gnu99;
				GCC_WARN_64_TO_32_BIT_CONVERSION = YES;
				GCC_WARN_ABOUT_RETURN_TYPE = YES_ERROR;
				GCC_WARN_UNDECLARED_SELECTOR = YES;
				GCC_WARN_UNINITIALIZED_AUTOS = YES_AGGRESSIVE;
				GCC_WARN_UNUSED_FUNCTION = YES;
				GCC_WARN_UNUSED_VARIABLE = YES;
				IPHONEOS_DEPLOYMENT_TARGET = 7.1;
				SDKROOT = iphoneos;
				TARGETED_DEVICE_FAMILY = "1,2";
				VALIDATE_PRODUCT = YES;
			};
			name = Release;
		};
		1D08E85619A7621A00879BD2 /* Debug */ = {
			isa = XCBuildConfiguration;
			baseConfigurationReference = DDCD565BACC4C57A8E5BD067 /* Pods.debug.xcconfig */;
			buildSettings = {
				ASSETCATALOG_COMPILER_APPICON_NAME = AppIcon;
				ASSETCATALOG_COMPILER_LAUNCHIMAGE_NAME = LaunchImage;
				CODE_SIGN_IDENTITY = "iPhone Developer";
				"CODE_SIGN_IDENTITY[sdk=iphoneos*]" = "iPhone Developer";
				ENABLE_BITCODE = NO;
				FRAMEWORK_SEARCH_PATHS = (
					"$(inherited)",
					"$(PROJECT_DIR)",
				);
				GCC_PRECOMPILE_PREFIX_HEADER = YES;
				GCC_PREFIX_HEADER = "Pola/Pola-Prefix.pch";
				GCC_TREAT_IMPLICIT_FUNCTION_DECLARATIONS_AS_ERRORS = YES;
				GCC_TREAT_INCOMPATIBLE_POINTER_TYPE_WARNINGS_AS_ERRORS = YES;
				GCC_TREAT_WARNINGS_AS_ERRORS = YES;
				INFOPLIST_FILE = "Pola/Pola-Info.plist";
				IPHONEOS_DEPLOYMENT_TARGET = 8.0;
				PRODUCT_BUNDLE_IDENTIFIER = "com.kj.$(PRODUCT_NAME:rfc1034identifier)";
				PRODUCT_NAME = "$(TARGET_NAME)";
				PROVISIONING_PROFILE = "";
				TARGETED_DEVICE_FAMILY = 1;
				USER_HEADER_SEARCH_PATHS = "\"${PROJECT_DIR}/Pods\"/**";
				WRAPPER_EXTENSION = app;
			};
			name = Debug;
		};
		1D08E85719A7621A00879BD2 /* Release */ = {
			isa = XCBuildConfiguration;
			baseConfigurationReference = 3113702D8B8D1BEF39F1B926 /* Pods.release.xcconfig */;
			buildSettings = {
				ASSETCATALOG_COMPILER_APPICON_NAME = AppIcon;
				ASSETCATALOG_COMPILER_LAUNCHIMAGE_NAME = LaunchImage;
				CODE_SIGN_IDENTITY = "iPhone Developer";
				"CODE_SIGN_IDENTITY[sdk=iphoneos*]" = "iPhone Developer";
				ENABLE_BITCODE = NO;
				FRAMEWORK_SEARCH_PATHS = (
					"$(inherited)",
					"$(PROJECT_DIR)",
				);
				GCC_PRECOMPILE_PREFIX_HEADER = YES;
				GCC_PREFIX_HEADER = "Pola/Pola-Prefix.pch";
				GCC_TREAT_IMPLICIT_FUNCTION_DECLARATIONS_AS_ERRORS = YES;
				GCC_TREAT_INCOMPATIBLE_POINTER_TYPE_WARNINGS_AS_ERRORS = YES;
				GCC_TREAT_WARNINGS_AS_ERRORS = YES;
				INFOPLIST_FILE = "Pola/Pola-Info.plist";
				IPHONEOS_DEPLOYMENT_TARGET = 8.0;
				PRODUCT_BUNDLE_IDENTIFIER = "com.kj.$(PRODUCT_NAME:rfc1034identifier)";
				PRODUCT_NAME = "$(TARGET_NAME)";
				PROVISIONING_PROFILE = "";
				TARGETED_DEVICE_FAMILY = 1;
				USER_HEADER_SEARCH_PATHS = "\"${PROJECT_DIR}/Pods\"/**";
				WRAPPER_EXTENSION = app;
			};
			name = Release;
		};
		1D08E85919A7621A00879BD2 /* Debug */ = {
			isa = XCBuildConfiguration;
			buildSettings = {
				BUNDLE_LOADER = "$(BUILT_PRODUCTS_DIR)/Pola.app/Pola";
				FRAMEWORK_SEARCH_PATHS = (
					"$(SDKROOT)/Developer/Library/Frameworks",
					"$(inherited)",
					"$(DEVELOPER_FRAMEWORKS_DIR)",
				);
				GCC_PRECOMPILE_PREFIX_HEADER = YES;
				GCC_PREFIX_HEADER = "Pola/Pola-Prefix.pch";
				GCC_PREPROCESSOR_DEFINITIONS = (
					"DEBUG=1",
					"$(inherited)",
				);
				INFOPLIST_FILE = "PolaTests/PolaTests-Info.plist";
				PRODUCT_BUNDLE_IDENTIFIER = "com.kj.${PRODUCT_NAME:rfc1034identifier}";
				PRODUCT_NAME = "$(TARGET_NAME)";
				TEST_HOST = "$(BUNDLE_LOADER)";
				WRAPPER_EXTENSION = xctest;
			};
			name = Debug;
		};
		1D08E85A19A7621A00879BD2 /* Release */ = {
			isa = XCBuildConfiguration;
			buildSettings = {
				BUNDLE_LOADER = "$(BUILT_PRODUCTS_DIR)/Pola.app/Pola";
				FRAMEWORK_SEARCH_PATHS = (
					"$(SDKROOT)/Developer/Library/Frameworks",
					"$(inherited)",
					"$(DEVELOPER_FRAMEWORKS_DIR)",
				);
				GCC_PRECOMPILE_PREFIX_HEADER = YES;
				GCC_PREFIX_HEADER = "Pola/Pola-Prefix.pch";
				INFOPLIST_FILE = "PolaTests/PolaTests-Info.plist";
				PRODUCT_BUNDLE_IDENTIFIER = "com.kj.${PRODUCT_NAME:rfc1034identifier}";
				PRODUCT_NAME = "$(TARGET_NAME)";
				TEST_HOST = "$(BUNDLE_LOADER)";
				WRAPPER_EXTENSION = xctest;
			};
			name = Release;
		};
/* End XCBuildConfiguration section */

/* Begin XCConfigurationList section */
		1D08E81E19A7621A00879BD2 /* Build configuration list for PBXProject "Pola" */ = {
			isa = XCConfigurationList;
			buildConfigurations = (
				1D08E85319A7621A00879BD2 /* Debug */,
				1D08E85419A7621A00879BD2 /* Release */,
			);
			defaultConfigurationIsVisible = 0;
			defaultConfigurationName = Release;
		};
		1D08E85519A7621A00879BD2 /* Build configuration list for PBXNativeTarget "Pola" */ = {
			isa = XCConfigurationList;
			buildConfigurations = (
				1D08E85619A7621A00879BD2 /* Debug */,
				1D08E85719A7621A00879BD2 /* Release */,
			);
			defaultConfigurationIsVisible = 0;
			defaultConfigurationName = Release;
		};
		1D08E85819A7621A00879BD2 /* Build configuration list for PBXNativeTarget "PolaTests" */ = {
			isa = XCConfigurationList;
			buildConfigurations = (
				1D08E85919A7621A00879BD2 /* Debug */,
				1D08E85A19A7621A00879BD2 /* Release */,
			);
			defaultConfigurationIsVisible = 0;
			defaultConfigurationName = Release;
		};
/* End XCConfigurationList section */

/* Begin XCVersionGroup section */
		1D08E83A19A7621A00879BD2 /* Pola.xcdatamodeld */ = {
			isa = XCVersionGroup;
			children = (
				1D08E83B19A7621A00879BD2 /* Pola.xcdatamodel */,
			);
			currentVersion = 1D08E83B19A7621A00879BD2 /* Pola.xcdatamodel */;
			path = Pola.xcdatamodeld;
			sourceTree = "<group>";
			versionGroupType = wrapper.xcdatamodel;
		};
/* End XCVersionGroup section */
	};
	rootObject = 1D08E81B19A7621A00879BD2 /* Project object */;
}
