PODS:
  - AFNetworking (2.3.1):
    - AFNetworking/NSURLConnection (= 2.3.1)
    - AFNetworking/NSURLSession (= 2.3.1)
    - AFNetworking/Reachability (= 2.3.1)
    - AFNetworking/Security (= 2.3.1)
    - AFNetworking/Serialization (= 2.3.1)
    - AFNetworking/UIKit (= 2.3.1)
  - AFNetworking/NSURLConnection (2.3.1):
    - AFNetworking/Reachability
    - AFNetworking/Security
    - AFNetworking/Serialization
  - AFNetworking/NSURLSession (2.3.1):
    - AFNetworking/Reachability
    - AFNetworking/Security
    - AFNetworking/Serialization
  - AFNetworking/Reachability (2.3.1)
  - AFNetworking/Security (2.3.1)
  - AFNetworking/Serialization (2.3.1)
  - AFNetworking/UIKit (2.3.1):
    - AFNetworking/NSURLConnection
    - AFNetworking/NSURLSession
  - BNRDynamicTypeManager (0.1.0):
    - BNRDynamicTypeManager/Controls (= 0.1.0)
    - BNRDynamicTypeManager/Core (= 0.1.0)
  - BNRDynamicTypeManager/Controls (0.1.0):
    - BNRDynamicTypeManager/Core
  - BNRDynamicTypeManager/Core (0.1.0)
  - Crashlytics (3.12.0):
    - Fabric (~> 1.9.0)
  - Fabric (1.9.0)
  - Firebase/Core (4.13.0):
    - FirebaseAnalytics (= 4.2.0)
    - FirebaseCore (= 4.0.20)
  - FirebaseAnalytics (4.2.0):
    - FirebaseCore (~> 4.0)
    - FirebaseInstanceID (~> 2.0)
    - "GoogleToolboxForMac/NSData+zlib (~> 2.1)"
    - nanopb (~> 0.3)
  - FirebaseCore (4.0.20):
    - "GoogleToolboxForMac/NSData+zlib (~> 2.1)"
  - FirebaseInstanceID (2.0.10):
    - FirebaseCore (~> 4.0)
  - GoogleToolboxForMac/Defines (2.1.4)
  - "GoogleToolboxForMac/NSData+zlib (2.1.4)":
    - GoogleToolboxForMac/Defines (= 2.1.4)
  - iOS-Hierarchy-Viewer (1.4.7)
  - iOSSnapshotTestCase (2.2.0):
    - iOSSnapshotTestCase/SwiftSupport (= 2.2.0)
  - iOSSnapshotTestCase/Core (2.2.0)
  - iOSSnapshotTestCase/SwiftSupport (2.2.0):
    - iOSSnapshotTestCase/Core
  - KVNProgress (2.2.2)
  - nanopb (0.3.901):
    - nanopb/decode (= 0.3.901)
    - nanopb/encode (= 0.3.901)
  - nanopb/decode (0.3.901)
  - nanopb/encode (0.3.901)
  - Objection (1.4)
  - PLVisualAttributeConstraints (1.0.1)
  - "UITextView+Placeholder (1.1.1)"

DEPENDENCIES:
  - AFNetworking (= 2.3.1)
  - BNRDynamicTypeManager (= 0.1.0)
  - Crashlytics (~> 3.12.0)
  - Fabric (~> 1.9.0)
  - Firebase/Core
  - iOS-Hierarchy-Viewer (= 1.4.7)
  - iOSSnapshotTestCase
  - KVNProgress
  - Objection (= 1.4)
  - PLVisualAttributeConstraints (= 1.0.1)
  - "UITextView+Placeholder"

SPEC REPOS:
  https://github.com/cocoapods/specs.git:
    - AFNetworking
    - BNRDynamicTypeManager
    - Crashlytics
    - Fabric
    - Firebase
    - FirebaseAnalytics
    - FirebaseCore
    - FirebaseInstanceID
    - GoogleToolboxForMac
    - iOS-Hierarchy-Viewer
    - iOSSnapshotTestCase
    - KVNProgress
    - nanopb
    - Objection
    - PLVisualAttributeConstraints
    - "UITextView+Placeholder"

SPEC CHECKSUMS:
  AFNetworking: 05b9f6e3aa5ac45bc383b4bb108ef338080a26c7
  BNRDynamicTypeManager: 44ee2970cd0120cbedd3dec84da41d0381525219
  Crashlytics: 07fb167b1694128c1c9a5a5cc319b0e9c3ca0933
  Fabric: f988e33c97f08930a413e08123064d2e5f68d655
  Firebase: 5ec5e863d269d82d66b4bf56856726f8fb8f0fb3
  FirebaseAnalytics: 7ef69e76a5142f643aeb47c780e1cdce4e23632e
  FirebaseCore: 90cb1c53d69b556f112a1bf72b5fcfaad7650790
  FirebaseInstanceID: 8d20d890d65c917f9f7d9950b6e10a760ad34321
  GoogleToolboxForMac: 91c824d21e85b31c2aae9bb011c5027c9b4e738f
  iOS-Hierarchy-Viewer: fb8ef72b55a8915ab0575543970754ea696e9061
  iOSSnapshotTestCase: 415bd84f9dbba4ff45fede49d800bc7332fbedac
  KVNProgress: 4697347e21e37fdaa5264ebc24e377c205a50328
  nanopb: 2901f78ea1b7b4015c860c2fdd1ea2fee1a18d48
  Objection: aa9875dbf1b121a077f7e13d504a6ed01816a7f1
  PLVisualAttributeConstraints: 9ab247e576b464335f32587ad6c20adfaf7e6d5d
  "UITextView+Placeholder": a6fc3e0378f3870036ec562a7537cbf6dbae4bf6

PODFILE CHECKSUM: 845e761532205f5dcbf5424842d55cbac9cfeba7

COCOAPODS: 1.5.3
